
Microsoft Visual Studio Solution File, Format Version 12.00
# Visual Studio 15
VisualStudioVersion = 15.0.26730.10
MinimumVisualStudioVersion = 10.0.40219.1


Project("{9A19103F-16F7-4668-BE54-9A1E7A4F7556}") = "App02_TipoPaginaXF", "App02_TipoPaginaXF\App02_TipoPaginaXF\App02_TipoPaginaXF.csproj", "{BBC76EF4-5378-45F1-99D5-5D8E0B839539}"
EndProject

Project("{FAE04EC0-301F-11D3-BF4B-00C04F79EFBC}") = "App02_TipoPaginaXF.iOS", "App02_TipoPaginaXF\App02_TipoPaginaXF.iOS\App02_TipoPaginaXF.iOS.csproj", "{1395AB0A-6C14-4F12-A8E1-B3891FF94609}"
EndProject


Project("{FAE04EC0-301F-11D3-BF4B-00C04F79EFBC}") = "App02_TipoPaginaXF.Android", "App02_TipoPaginaXF\App02_TipoPaginaXF.Android\App02_TipoPaginaXF.Android.csproj", "{21715937-0814-48F9-B6C3-030917BB3C24}"
EndProject

Project("{FAE04EC0-301F-11D3-BF4B-00C04F79EFBC}") = "App02_TipoPaginaXF.UWP", "App02_TipoPaginaXF\App02_TipoPaginaXF.UWP\App02_TipoPaginaXF.UWP.csproj", "{59AE456B-FD3D-405C-A17F-26760289501D}"
EndProject

Global
	GlobalSection(SolutionConfigurationPlatforms) = preSolution
		Ad-Hoc|Any CPU = Ad-Hoc|Any CPU
		Ad-Hoc|ARM = Ad-Hoc|ARM
		Ad-Hoc|iPhone = Ad-Hoc|iPhone
		Ad-Hoc|iPhoneSimulator = Ad-Hoc|iPhoneSimulator
		Ad-Hoc|x64 = Ad-Hoc|x64
		Ad-Hoc|x86 = Ad-Hoc|x86
		AppStore|Any CPU = AppStore|Any CPU
		AppStore|ARM = AppStore|ARM
		AppStore|iPhone = AppStore|iPhone
		AppStore|iPhoneSimulator = AppStore|iPhoneSimulator
		AppStore|x64 = AppStore|x64
		AppStore|x86 = AppStore|x86
		Debug|Any CPU = Debug|Any CPU
		Debug|ARM = Debug|ARM
		Debug|iPhone = Debug|iPhone
		Debug|iPhoneSimulator = Debug|iPhoneSimulator
		Debug|x64 = Debug|x64
		Debug|x86 = Debug|x86
		Release|Any CPU = Release|Any CPU
		Release|ARM = Release|ARM
		Release|iPhone = Release|iPhone
		Release|iPhoneSimulator = Release|iPhoneSimulator
		Release|x64 = Release|x64
		Release|x86 = Release|x86
	EndGlobalSection
	GlobalSection(ProjectConfigurationPlatforms) = postSolution
		{BBC76EF4-5378-45F1-99D5-5D8E0B839539}.Ad-Hoc|Any CPU.ActiveCfg = Debug|Any CPU
		{BBC76EF4-5378-45F1-99D5-5D8E0B839539}.Ad-Hoc|Any CPU.Build.0 = Debug|Any CPU
		{BBC76EF4-5378-45F1-99D5-5D8E0B839539}.Ad-Hoc|ARM.ActiveCfg = Debug|Any CPU
		{BBC76EF4-5378-45F1-99D5-5D8E0B839539}.Ad-Hoc|ARM.Build.0 = Debug|Any CPU
		{BBC76EF4-5378-45F1-99D5-5D8E0B839539}.Ad-Hoc|iPhone.ActiveCfg = Debug|Any CPU
		{BBC76EF4-5378-45F1-99D5-5D8E0B839539}.Ad-Hoc|iPhone.Build.0 = Debug|Any CPU
		{BBC76EF4-5378-45F1-99D5-5D8E0B839539}.Ad-Hoc|iPhoneSimulator.ActiveCfg = Debug|Any CPU
		{BBC76EF4-5378-45F1-99D5-5D8E0B839539}.Ad-Hoc|iPhoneSimulator.Build.0 = Debug|Any CPU
		{BBC76EF4-5378-45F1-99D5-5D8E0B839539}.Ad-Hoc|x64.ActiveCfg = Debug|Any CPU
		{BBC76EF4-5378-45F1-99D5-5D8E0B839539}.Ad-Hoc|x64.Build.0 = Debug|Any CPU
		{BBC76EF4-5378-45F1-99D5-5D8E0B839539}.Ad-Hoc|x86.ActiveCfg = Debug|Any CPU
		{BBC76EF4-5378-45F1-99D5-5D8E0B839539}.Ad-Hoc|x86.Build.0 = Debug|Any CPU
		{BBC76EF4-5378-45F1-99D5-5D8E0B839539}.AppStore|Any CPU.ActiveCfg = Debug|Any CPU
		{BBC76EF4-5378-45F1-99D5-5D8E0B839539}.AppStore|Any CPU.Build.0 = Debug|Any CPU
		{BBC76EF4-5378-45F1-99D5-5D8E0B839539}.AppStore|ARM.ActiveCfg = Debug|Any CPU
		{BBC76EF4-5378-45F1-99D5-5D8E0B839539}.AppStore|ARM.Build.0 = Debug|Any CPU
		{BBC76EF4-5378-45F1-99D5-5D8E0B839539}.AppStore|iPhone.ActiveCfg = Debug|Any CPU
		{BBC76EF4-5378-45F1-99D5-5D8E0B839539}.AppStore|iPhone.Build.0 = Debug|Any CPU
		{BBC76EF4-5378-45F1-99D5-5D8E0B839539}.AppStore|iPhoneSimulator.ActiveCfg = Debug|Any CPU
		{BBC76EF4-5378-45F1-99D5-5D8E0B839539}.AppStore|iPhoneSimulator.Build.0 = Debug|Any CPU
		{BBC76EF4-5378-45F1-99D5-5D8E0B839539}.AppStore|x64.ActiveCfg = Debug|Any CPU
		{BBC76EF4-5378-45F1-99D5-5D8E0B839539}.AppStore|x64.Build.0 = Debug|Any CPU
		{BBC76EF4-5378-45F1-99D5-5D8E0B839539}.AppStore|x86.ActiveCfg = Debug|Any CPU
		{BBC76EF4-5378-45F1-99D5-5D8E0B839539}.AppStore|x86.Build.0 = Debug|Any CPU
		{BBC76EF4-5378-45F1-99D5-5D8E0B839539}.Debug|Any CPU.ActiveCfg = Debug|Any CPU
		{BBC76EF4-5378-45F1-99D5-5D8E0B839539}.Debug|Any CPU.Build.0 = Debug|Any CPU
		{BBC76EF4-5378-45F1-99D5-5D8E0B839539}.Debug|ARM.ActiveCfg = Debug|Any CPU
		{BBC76EF4-5378-45F1-99D5-5D8E0B839539}.Debug|ARM.Build.0 = Debug|Any CPU
		{BBC76EF4-5378-45F1-99D5-5D8E0B839539}.Debug|iPhone.ActiveCfg = Debug|Any CPU
		{BBC76EF4-5378-45F1-99D5-5D8E0B839539}.Debug|iPhone.Build.0 = Debug|Any CPU
		{BBC76EF4-5378-45F1-99D5-5D8E0B839539}.Debug|iPhoneSimulator.ActiveCfg = Debug|Any CPU
		{BBC76EF4-5378-45F1-99D5-5D8E0B839539}.Debug|iPhoneSimulator.Build.0 = Debug|Any CPU
		{BBC76EF4-5378-45F1-99D5-5D8E0B839539}.Debug|x64.ActiveCfg = Debug|Any CPU
		{BBC76EF4-5378-45F1-99D5-5D8E0B839539}.Debug|x64.Build.0 = Debug|Any CPU
		{BBC76EF4-5378-45F1-99D5-5D8E0B839539}.Debug|x86.ActiveCfg = Debug|Any CPU
		{BBC76EF4-5378-45F1-99D5-5D8E0B839539}.Debug|x86.Build.0 = Debug|Any CPU
		{BBC76EF4-5378-45F1-99D5-5D8E0B839539}.Release|Any CPU.ActiveCfg = Release|Any CPU
		{BBC76EF4-5378-45F1-99D5-5D8E0B839539}.Release|Any CPU.Build.0 = Release|Any CPU
		{BBC76EF4-5378-45F1-99D5-5D8E0B839539}.Release|ARM.ActiveCfg = Release|Any CPU
		{BBC76EF4-5378-45F1-99D5-5D8E0B839539}.Release|ARM.Build.0 = Release|Any CPU
		{BBC76EF4-5378-45F1-99D5-5D8E0B839539}.Release|iPhone.ActiveCfg = Release|Any CPU
		{BBC76EF4-5378-45F1-99D5-5D8E0B839539}.Release|iPhone.Build.0 = Release|Any CPU
		{BBC76EF4-5378-45F1-99D5-5D8E0B839539}.Release|iPhoneSimulator.ActiveCfg = Release|Any CPU
		{BBC76EF4-5378-45F1-99D5-5D8E0B839539}.Release|iPhoneSimulator.Build.0 = Release|Any CPU
		{BBC76EF4-5378-45F1-99D5-5D8E0B839539}.Release|x64.ActiveCfg = Release|Any CPU
		{BBC76EF4-5378-45F1-99D5-5D8E0B839539}.Release|x64.Build.0 = Release|Any CPU
		{BBC76EF4-5378-45F1-99D5-5D8E0B839539}.Release|x86.ActiveCfg = Release|Any CPU
		{BBC76EF4-5378-45F1-99D5-5D8E0B839539}.Release|x86.Build.0 = Release|Any CPU
		{1395AB0A-6C14-4F12-A8E1-B3891FF94609}.Ad-Hoc|Any CPU.ActiveCfg = Ad-Hoc|iPhone
		{1395AB0A-6C14-4F12-A8E1-B3891FF94609}.Ad-Hoc|ARM.ActiveCfg = Ad-Hoc|iPhone
		{1395AB0A-6C14-4F12-A8E1-B3891FF94609}.Ad-Hoc|iPhone.ActiveCfg = Ad-Hoc|iPhone
		{1395AB0A-6C14-4F12-A8E1-B3891FF94609}.Ad-Hoc|iPhone.Build.0 = Ad-Hoc|iPhone
		{1395AB0A-6C14-4F12-A8E1-B3891FF94609}.Ad-Hoc|iPhoneSimulator.ActiveCfg = Ad-Hoc|iPhoneSimulator
		{1395AB0A-6C14-4F12-A8E1-B3891FF94609}.Ad-Hoc|iPhoneSimulator.Build.0 = Ad-Hoc|iPhoneSimulator
		{1395AB0A-6C14-4F12-A8E1-B3891FF94609}.Ad-Hoc|x64.ActiveCfg = Ad-Hoc|iPhone
		{1395AB0A-6C14-4F12-A8E1-B3891FF94609}.Ad-Hoc|x86.ActiveCfg = Ad-Hoc|iPhone
		{1395AB0A-6C14-4F12-A8E1-B3891FF94609}.AppStore|Any CPU.ActiveCfg = AppStore|iPhone
		{1395AB0A-6C14-4F12-A8E1-B3891FF94609}.AppStore|ARM.ActiveCfg = AppStore|iPhone
		{1395AB0A-6C14-4F12-A8E1-B3891FF94609}.AppStore|iPhone.ActiveCfg = AppStore|iPhone
		{1395AB0A-6C14-4F12-A8E1-B3891FF94609}.AppStore|iPhone.Build.0 = AppStore|iPhone
		{1395AB0A-6C14-4F12-A8E1-B3891FF94609}.AppStore|iPhoneSimulator.ActiveCfg = AppStore|iPhoneSimulator
		{1395AB0A-6C14-4F12-A8E1-B3891FF94609}.AppStore|iPhoneSimulator.Build.0 = AppStore|iPhoneSimulator
		{1395AB0A-6C14-4F12-A8E1-B3891FF94609}.AppStore|x64.ActiveCfg = AppStore|iPhone
		{1395AB0A-6C14-4F12-A8E1-B3891FF94609}.AppStore|x86.ActiveCfg = AppStore|iPhone
		{1395AB0A-6C14-4F12-A8E1-B3891FF94609}.Debug|Any CPU.ActiveCfg = Debug|iPhone
		{1395AB0A-6C14-4F12-A8E1-B3891FF94609}.Debug|ARM.ActiveCfg = Debug|iPhone
		{1395AB0A-6C14-4F12-A8E1-B3891FF94609}.Debug|iPhone.ActiveCfg = Debug|iPhone
		{1395AB0A-6C14-4F12-A8E1-B3891FF94609}.Debug|iPhone.Build.0 = Debug|iPhone
		{1395AB0A-6C14-4F12-A8E1-B3891FF94609}.Debug|iPhoneSimulator.ActiveCfg = Debug|iPhoneSimulator
		{1395AB0A-6C14-4F12-A8E1-B3891FF94609}.Debug|iPhoneSimulator.Build.0 = Debug|iPhoneSimulator
		{1395AB0A-6C14-4F12-A8E1-B3891FF94609}.Debug|x64.ActiveCfg = Debug|iPhone
		{1395AB0A-6C14-4F12-A8E1-B3891FF94609}.Debug|x86.ActiveCfg = Debug|iPhone
		{1395AB0A-6C14-4F12-A8E1-B3891FF94609}.Release|Any CPU.ActiveCfg = Release|iPhone
		{1395AB0A-6C14-4F12-A8E1-B3891FF94609}.Release|ARM.ActiveCfg = Release|iPhone
		{1395AB0A-6C14-4F12-A8E1-B3891FF94609}.Release|iPhone.ActiveCfg = Release|iPhone
		{1395AB0A-6C14-4F12-A8E1-B3891FF94609}.Release|iPhone.Build.0 = Release|iPhone
		{1395AB0A-6C14-4F12-A8E1-B3891FF94609}.Release|iPhoneSimulator.ActiveCfg = Release|iPhoneSimulator
		{1395AB0A-6C14-4F12-A8E1-B3891FF94609}.Release|iPhoneSimulator.Build.0 = Release|iPhoneSimulator
		{1395AB0A-6C14-4F12-A8E1-B3891FF94609}.Release|x64.ActiveCfg = Release|iPhone
		{1395AB0A-6C14-4F12-A8E1-B3891FF94609}.Release|x86.ActiveCfg = Release|iPhone
		{59AE456B-FD3D-405C-A17F-26760289501D}.Ad-Hoc|Any CPU.ActiveCfg = Release|x86
		{59AE456B-FD3D-405C-A17F-26760289501D}.Ad-Hoc|Any CPU.Build.0 = Release|x86
		{59AE456B-FD3D-405C-A17F-26760289501D}.Ad-Hoc|Any CPU.Deploy.0 = Release|x86
		{59AE456B-FD3D-405C-A17F-26760289501D}.Ad-Hoc|ARM.ActiveCfg = Release|ARM
		{59AE456B-FD3D-405C-A17F-26760289501D}.Ad-Hoc|ARM.Build.0 = Release|ARM
		{59AE456B-FD3D-405C-A17F-26760289501D}.Ad-Hoc|ARM.Deploy.0 = Release|ARM
		{59AE456B-FD3D-405C-A17F-26760289501D}.Ad-Hoc|iPhone.ActiveCfg = Release|x86
		{59AE456B-FD3D-405C-A17F-26760289501D}.Ad-Hoc|iPhone.Build.0 = Release|x86
		{59AE456B-FD3D-405C-A17F-26760289501D}.Ad-Hoc|iPhone.Deploy.0 = Release|x86
		{59AE456B-FD3D-405C-A17F-26760289501D}.Ad-Hoc|iPhoneSimulator.ActiveCfg = Release|x86
		{59AE456B-FD3D-405C-A17F-26760289501D}.Ad-Hoc|iPhoneSimulator.Build.0 = Release|x86
		{59AE456B-FD3D-405C-A17F-26760289501D}.Ad-Hoc|iPhoneSimulator.Deploy.0 = Release|x86
		{59AE456B-FD3D-405C-A17F-26760289501D}.Ad-Hoc|x64.ActiveCfg = Release|x64
		{59AE456B-FD3D-405C-A17F-26760289501D}.Ad-Hoc|x64.Build.0 = Release|x64
		{59AE456B-FD3D-405C-A17F-26760289501D}.Ad-Hoc|x64.Deploy.0 = Release|x64
		{59AE456B-FD3D-405C-A17F-26760289501D}.Ad-Hoc|x86.ActiveCfg = Release|x86
		{59AE456B-FD3D-405C-A17F-26760289501D}.Ad-Hoc|x86.Build.0 = Release|x86
		{59AE456B-FD3D-405C-A17F-26760289501D}.Ad-Hoc|x86.Deploy.0 = Release|x86
		{59AE456B-FD3D-405C-A17F-26760289501D}.AppStore|Any CPU.ActiveCfg = Release|x86
		{59AE456B-FD3D-405C-A17F-26760289501D}.AppStore|Any CPU.Build.0 = Release|x86
		{59AE456B-FD3D-405C-A17F-26760289501D}.AppStore|Any CPU.Deploy.0 = Release|x86
		{59AE456B-FD3D-405C-A17F-26760289501D}.AppStore|ARM.ActiveCfg = Release|ARM
		{59AE456B-FD3D-405C-A17F-26760289501D}.AppStore|ARM.Build.0 = Release|ARM
		{59AE456B-FD3D-405C-A17F-26760289501D}.AppStore|ARM.Deploy.0 = Release|ARM
		{59AE456B-FD3D-405C-A17F-26760289501D}.AppStore|iPhone.ActiveCfg = Release|x86
		{59AE456B-FD3D-405C-A17F-26760289501D}.AppStore|iPhone.Build.0 = Release|x86
		{59AE456B-FD3D-405C-A17F-26760289501D}.AppStore|iPhone.Deploy.0 = Release|x86
		{59AE456B-FD3D-405C-A17F-26760289501D}.AppStore|iPhoneSimulator.ActiveCfg = Release|x86
		{59AE456B-FD3D-405C-A17F-26760289501D}.AppStore|iPhoneSimulator.Build.0 = Release|x86
		{59AE456B-FD3D-405C-A17F-26760289501D}.AppStore|iPhoneSimulator.Deploy.0 = Release|x86
		{59AE456B-FD3D-405C-A17F-26760289501D}.AppStore|x64.ActiveCfg = Release|x64
		{59AE456B-FD3D-405C-A17F-26760289501D}.AppStore|x64.Build.0 = Release|x64
		{59AE456B-FD3D-405C-A17F-26760289501D}.AppStore|x64.Deploy.0 = Release|x64
		{59AE456B-FD3D-405C-A17F-26760289501D}.AppStore|x86.ActiveCfg = Release|x86
		{59AE456B-FD3D-405C-A17F-26760289501D}.AppStore|x86.Build.0 = Release|x86
		{59AE456B-FD3D-405C-A17F-26760289501D}.AppStore|x86.Deploy.0 = Release|x86
		{59AE456B-FD3D-405C-A17F-26760289501D}.Debug|Any CPU.ActiveCfg = Debug|x86
		{59AE456B-FD3D-405C-A17F-26760289501D}.Debug|ARM.ActiveCfg = Debug|ARM
		{59AE456B-FD3D-405C-A17F-26760289501D}.Debug|ARM.Build.0 = Debug|ARM
		{59AE456B-FD3D-405C-A17F-26760289501D}.Debug|ARM.Deploy.0 = Debug|ARM
		{59AE456B-FD3D-405C-A17F-26760289501D}.Debug|iPhone.ActiveCfg = Debug|x86
		{59AE456B-FD3D-405C-A17F-26760289501D}.Debug|iPhoneSimulator.ActiveCfg = Debug|x86
		{59AE456B-FD3D-405C-A17F-26760289501D}.Debug|x64.ActiveCfg = Debug|x64
		{59AE456B-FD3D-405C-A17F-26760289501D}.Debug|x64.Build.0 = Debug|x64
		{59AE456B-FD3D-405C-A17F-26760289501D}.Debug|x64.Deploy.0 = Debug|x64
		{59AE456B-FD3D-405C-A17F-26760289501D}.Debug|x86.ActiveCfg = Debug|x86
		{59AE456B-FD3D-405C-A17F-26760289501D}.Debug|x86.Build.0 = Debug|x86
		{59AE456B-FD3D-405C-A17F-26760289501D}.Debug|x86.Deploy.0 = Debug|x86
		{59AE456B-FD3D-405C-A17F-26760289501D}.Release|Any CPU.ActiveCfg = Release|x86
		{59AE456B-FD3D-405C-A17F-26760289501D}.Release|ARM.ActiveCfg = Release|ARM
		{59AE456B-FD3D-405C-A17F-26760289501D}.Release|ARM.Build.0 = Release|ARM
		{59AE456B-FD3D-405C-A17F-26760289501D}.Release|ARM.Deploy.0 = Release|ARM
		{59AE456B-FD3D-405C-A17F-26760289501D}.Release|iPhone.ActiveCfg = Release|x86
		{59AE456B-FD3D-405C-A17F-26760289501D}.Release|iPhoneSimulator.ActiveCfg = Release|x86
		{59AE456B-FD3D-405C-A17F-26760289501D}.Release|x64.ActiveCfg = Release|x64
		{59AE456B-FD3D-405C-A17F-26760289501D}.Release|x64.Build.0 = Release|x64
		{59AE456B-FD3D-405C-A17F-26760289501D}.Release|x64.Deploy.0 = Release|x64
		{59AE456B-FD3D-405C-A17F-26760289501D}.Release|x86.ActiveCfg = Release|x86
		{59AE456B-FD3D-405C-A17F-26760289501D}.Release|x86.Build.0 = Release|x86
		{59AE456B-FD3D-405C-A17F-26760289501D}.Release|x86.Deploy.0 = Release|x86
		{20FDA6ED-B68E-4610-807B-F358668F181E}.Ad-Hoc|Any CPU.ActiveCfg = Release|Any CPU
		{20FDA6ED-B68E-4610-807B-F358668F181E}.Ad-Hoc|Any CPU.Build.0 = Release|Any CPU
		{20FDA6ED-B68E-4610-807B-F358668F181E}.Ad-Hoc|Any CPU.Deploy.0 = Release|Any CPU
		{20FDA6ED-B68E-4610-807B-F358668F181E}.Ad-Hoc|ARM.ActiveCfg = Release|Any CPU
		{20FDA6ED-B68E-4610-807B-F358668F181E}.Ad-Hoc|ARM.Build.0 = Release|Any CPU
		{20FDA6ED-B68E-4610-807B-F358668F181E}.Ad-Hoc|ARM.Deploy.0 = Release|Any CPU
		{20FDA6ED-B68E-4610-807B-F358668F181E}.Ad-Hoc|iPhone.ActiveCfg = Release|Any CPU
		{20FDA6ED-B68E-4610-807B-F358668F181E}.Ad-Hoc|iPhone.Build.0 = Release|Any CPU
		{20FDA6ED-B68E-4610-807B-F358668F181E}.Ad-Hoc|iPhone.Deploy.0 = Release|Any CPU
		{20FDA6ED-B68E-4610-807B-F358668F181E}.Ad-Hoc|iPhoneSimulator.ActiveCfg = Release|Any CPU
		{20FDA6ED-B68E-4610-807B-F358668F181E}.Ad-Hoc|iPhoneSimulator.Build.0 = Release|Any CPU
		{20FDA6ED-B68E-4610-807B-F358668F181E}.Ad-Hoc|iPhoneSimulator.Deploy.0 = Release|Any CPU
		{20FDA6ED-B68E-4610-807B-F358668F181E}.Ad-Hoc|x64.ActiveCfg = Release|Any CPU
		{20FDA6ED-B68E-4610-807B-F358668F181E}.Ad-Hoc|x64.Build.0 = Release|Any CPU
		{20FDA6ED-B68E-4610-807B-F358668F181E}.Ad-Hoc|x64.Deploy.0 = Release|Any CPU
		{20FDA6ED-B68E-4610-807B-F358668F181E}.Ad-Hoc|x86.ActiveCfg = Release|Any CPU
		{20FDA6ED-B68E-4610-807B-F358668F181E}.Ad-Hoc|x86.Build.0 = Release|Any CPU
		{20FDA6ED-B68E-4610-807B-F358668F181E}.Ad-Hoc|x86.Deploy.0 = Release|Any CPU
		{20FDA6ED-B68E-4610-807B-F358668F181E}.AppStore|Any CPU.ActiveCfg = Release|Any CPU
		{20FDA6ED-B68E-4610-807B-F358668F181E}.AppStore|Any CPU.Build.0 = Release|Any CPU
		{20FDA6ED-B68E-4610-807B-F358668F181E}.AppStore|Any CPU.Deploy.0 = Release|Any CPU
		{20FDA6ED-B68E-4610-807B-F358668F181E}.AppStore|ARM.ActiveCfg = Release|Any CPU
		{20FDA6ED-B68E-4610-807B-F358668F181E}.AppStore|ARM.Build.0 = Release|Any CPU
		{20FDA6ED-B68E-4610-807B-F358668F181E}.AppStore|ARM.Deploy.0 = Release|Any CPU
		{20FDA6ED-B68E-4610-807B-F358668F181E}.AppStore|iPhone.ActiveCfg = Release|Any CPU
		{20FDA6ED-B68E-4610-807B-F358668F181E}.AppStore|iPhone.Build.0 = Release|Any CPU
		{20FDA6ED-B68E-4610-807B-F358668F181E}.AppStore|iPhone.Deploy.0 = Release|Any CPU
		{20FDA6ED-B68E-4610-807B-F358668F181E}.AppStore|iPhoneSimulator.ActiveCfg = Release|Any CPU
		{20FDA6ED-B68E-4610-807B-F358668F181E}.AppStore|iPhoneSimulator.Build.0 = Release|Any CPU
		{20FDA6ED-B68E-4610-807B-F358668F181E}.AppStore|iPhoneSimulator.Deploy.0 = Release|Any CPU
		{20FDA6ED-B68E-4610-807B-F358668F181E}.AppStore|x64.ActiveCfg = Release|Any CPU
		{20FDA6ED-B68E-4610-807B-F358668F181E}.AppStore|x64.Build.0 = Release|Any CPU
		{20FDA6ED-B68E-4610-807B-F358668F181E}.AppStore|x64.Deploy.0 = Release|Any CPU
		{20FDA6ED-B68E-4610-807B-F358668F181E}.AppStore|x86.ActiveCfg = Release|Any CPU
		{20FDA6ED-B68E-4610-807B-F358668F181E}.AppStore|x86.Build.0 = Release|Any CPU
		{20FDA6ED-B68E-4610-807B-F358668F181E}.AppStore|x86.Deploy.0 = Release|Any CPU
		{20FDA6ED-B68E-4610-807B-F358668F181E}.Debug|Any CPU.ActiveCfg = Debug|Any CPU
		{20FDA6ED-B68E-4610-807B-F358668F181E}.Debug|Any CPU.Build.0 = Debug|Any CPU
		{20FDA6ED-B68E-4610-807B-F358668F181E}.Debug|Any CPU.Deploy.0 = Debug|Any CPU
		{20FDA6ED-B68E-4610-807B-F358668F181E}.Debug|ARM.ActiveCfg = Debug|Any CPU
		{20FDA6ED-B68E-4610-807B-F358668F181E}.Debug|ARM.Build.0 = Debug|Any CPU
		{20FDA6ED-B68E-4610-807B-F358668F181E}.Debug|ARM.Deploy.0 = Debug|Any CPU
		{20FDA6ED-B68E-4610-807B-F358668F181E}.Debug|iPhone.ActiveCfg = Debug|Any CPU
		{20FDA6ED-B68E-4610-807B-F358668F181E}.Debug|iPhone.Build.0 = Debug|Any CPU
		{20FDA6ED-B68E-4610-807B-F358668F181E}.Debug|iPhone.Deploy.0 = Debug|Any CPU
		{20FDA6ED-B68E-4610-807B-F358668F181E}.Debug|iPhoneSimulator.ActiveCfg = Debug|Any CPU
		{20FDA6ED-B68E-4610-807B-F358668F181E}.Debug|iPhoneSimulator.Build.0 = Debug|Any CPU
		{20FDA6ED-B68E-4610-807B-F358668F181E}.Debug|iPhoneSimulator.Deploy.0 = Debug|Any CPU
		{20FDA6ED-B68E-4610-807B-F358668F181E}.Debug|x64.ActiveCfg = Debug|Any CPU
		{20FDA6ED-B68E-4610-807B-F358668F181E}.Debug|x64.Build.0 = Debug|Any CPU
		{20FDA6ED-B68E-4610-807B-F358668F181E}.Debug|x64.Deploy.0 = Debug|Any CPU
		{20FDA6ED-B68E-4610-807B-F358668F181E}.Debug|x86.ActiveCfg = Debug|Any CPU
		{20FDA6ED-B68E-4610-807B-F358668F181E}.Debug|x86.Build.0 = Debug|Any CPU
		{20FDA6ED-B68E-4610-807B-F358668F181E}.Debug|x86.Deploy.0 = Debug|Any CPU
		{20FDA6ED-B68E-4610-807B-F358668F181E}.Release|Any CPU.ActiveCfg = Release|Any CPU
		{20FDA6ED-B68E-4610-807B-F358668F181E}.Release|Any CPU.Build.0 = Release|Any CPU
		{20FDA6ED-B68E-4610-807B-F358668F181E}.Release|Any CPU.Deploy.0 = Release|Any CPU
		{20FDA6ED-B68E-4610-807B-F358668F181E}.Release|ARM.ActiveCfg = Release|Any CPU
		{20FDA6ED-B68E-4610-807B-F358668F181E}.Release|ARM.Build.0 = Release|Any CPU
		{20FDA6ED-B68E-4610-807B-F358668F181E}.Release|ARM.Deploy.0 = Release|Any CPU
		{20FDA6ED-B68E-4610-807B-F358668F181E}.Release|iPhone.ActiveCfg = Release|Any CPU
		{20FDA6ED-B68E-4610-807B-F358668F181E}.Release|iPhone.Build.0 = Release|Any CPU
		{20FDA6ED-B68E-4610-807B-F358668F181E}.Release|iPhone.Deploy.0 = Release|Any CPU
		{20FDA6ED-B68E-4610-807B-F358668F181E}.Release|iPhoneSimulator.ActiveCfg = Release|Any CPU
		{20FDA6ED-B68E-4610-807B-F358668F181E}.Release|iPhoneSimulator.Build.0 = Release|Any CPU
		{20FDA6ED-B68E-4610-807B-F358668F181E}.Release|iPhoneSimulator.Deploy.0 = Release|Any CPU
		{20FDA6ED-B68E-4610-807B-F358668F181E}.Release|x64.ActiveCfg = Release|Any CPU
		{20FDA6ED-B68E-4610-807B-F358668F181E}.Release|x64.Build.0 = Release|Any CPU
		{20FDA6ED-B68E-4610-807B-F358668F181E}.Release|x64.Deploy.0 = Release|Any CPU
		{20FDA6ED-B68E-4610-807B-F358668F181E}.Release|x86.ActiveCfg = Release|Any CPU
		{20FDA6ED-B68E-4610-807B-F358668F181E}.Release|x86.Build.0 = Release|Any CPU
		{20FDA6ED-B68E-4610-807B-F358668F181E}.Release|x86.Deploy.0 = Release|Any CPU
		{B445DF73-AC9E-4276-9FBA-7CB5AD5D2518}.Ad-Hoc|Any CPU.ActiveCfg = Release|Any CPU
		{B445DF73-AC9E-4276-9FBA-7CB5AD5D2518}.Ad-Hoc|Any CPU.Build.0 = Release|Any CPU
		{B445DF73-AC9E-4276-9FBA-7CB5AD5D2518}.Ad-Hoc|ARM.ActiveCfg = Release|Any CPU
		{B445DF73-AC9E-4276-9FBA-7CB5AD5D2518}.Ad-Hoc|ARM.Build.0 = Release|Any CPU
		{B445DF73-AC9E-4276-9FBA-7CB5AD5D2518}.Ad-Hoc|iPhone.ActiveCfg = Release|Any CPU
		{B445DF73-AC9E-4276-9FBA-7CB5AD5D2518}.Ad-Hoc|iPhone.Build.0 = Release|Any CPU
		{B445DF73-AC9E-4276-9FBA-7CB5AD5D2518}.Ad-Hoc|iPhoneSimulator.ActiveCfg = Release|Any CPU
		{B445DF73-AC9E-4276-9FBA-7CB5AD5D2518}.Ad-Hoc|iPhoneSimulator.Build.0 = Release|Any CPU
		{B445DF73-AC9E-4276-9FBA-7CB5AD5D2518}.Ad-Hoc|x64.ActiveCfg = Release|Any CPU
		{B445DF73-AC9E-4276-9FBA-7CB5AD5D2518}.Ad-Hoc|x64.Build.0 = Release|Any CPU
		{B445DF73-AC9E-4276-9FBA-7CB5AD5D2518}.Ad-Hoc|x86.ActiveCfg = Release|Any CPU
		{B445DF73-AC9E-4276-9FBA-7CB5AD5D2518}.Ad-Hoc|x86.Build.0 = Release|Any CPU
		{B445DF73-AC9E-4276-9FBA-7CB5AD5D2518}.AppStore|Any CPU.ActiveCfg = Release|Any CPU
		{B445DF73-AC9E-4276-9FBA-7CB5AD5D2518}.AppStore|Any CPU.Build.0 = Release|Any CPU
		{B445DF73-AC9E-4276-9FBA-7CB5AD5D2518}.AppStore|ARM.ActiveCfg = Release|Any CPU
		{B445DF73-AC9E-4276-9FBA-7CB5AD5D2518}.AppStore|ARM.Build.0 = Release|Any CPU
		{B445DF73-AC9E-4276-9FBA-7CB5AD5D2518}.AppStore|iPhone.ActiveCfg = Release|Any CPU
		{B445DF73-AC9E-4276-9FBA-7CB5AD5D2518}.AppStore|iPhone.Build.0 = Release|Any CPU
		{B445DF73-AC9E-4276-9FBA-7CB5AD5D2518}.AppStore|iPhoneSimulator.ActiveCfg = Release|Any CPU
		{B445DF73-AC9E-4276-9FBA-7CB5AD5D2518}.AppStore|iPhoneSimulator.Build.0 = Release|Any CPU
		{B445DF73-AC9E-4276-9FBA-7CB5AD5D2518}.AppStore|x64.ActiveCfg = Release|Any CPU
		{B445DF73-AC9E-4276-9FBA-7CB5AD5D2518}.AppStore|x64.Build.0 = Release|Any CPU
		{B445DF73-AC9E-4276-9FBA-7CB5AD5D2518}.AppStore|x86.ActiveCfg = Release|Any CPU
		{B445DF73-AC9E-4276-9FBA-7CB5AD5D2518}.AppStore|x86.Build.0 = Release|Any CPU
		{B445DF73-AC9E-4276-9FBA-7CB5AD5D2518}.Debug|Any CPU.ActiveCfg = Debug|Any CPU
		{B445DF73-AC9E-4276-9FBA-7CB5AD5D2518}.Debug|Any CPU.Build.0 = Debug|Any CPU
		{B445DF73-AC9E-4276-9FBA-7CB5AD5D2518}.Debug|ARM.ActiveCfg = Debug|Any CPU
		{B445DF73-AC9E-4276-9FBA-7CB5AD5D2518}.Debug|ARM.Build.0 = Debug|Any CPU
		{B445DF73-AC9E-4276-9FBA-7CB5AD5D2518}.Debug|iPhone.ActiveCfg = Debug|Any CPU
		{B445DF73-AC9E-4276-9FBA-7CB5AD5D2518}.Debug|iPhone.Build.0 = Debug|Any CPU
		{B445DF73-AC9E-4276-9FBA-7CB5AD5D2518}.Debug|iPhoneSimulator.ActiveCfg = Debug|Any CPU
		{B445DF73-AC9E-4276-9FBA-7CB5AD5D2518}.Debug|iPhoneSimulator.Build.0 = Debug|Any CPU
		{B445DF73-AC9E-4276-9FBA-7CB5AD5D2518}.Debug|x64.ActiveCfg = Debug|Any CPU
		{B445DF73-AC9E-4276-9FBA-7CB5AD5D2518}.Debug|x64.Build.0 = Debug|Any CPU
		{B445DF73-AC9E-4276-9FBA-7CB5AD5D2518}.Debug|x86.ActiveCfg = Debug|Any CPU
		{B445DF73-AC9E-4276-9FBA-7CB5AD5D2518}.Debug|x86.Build.0 = Debug|Any CPU
		{B445DF73-AC9E-4276-9FBA-7CB5AD5D2518}.Release|Any CPU.ActiveCfg = Release|Any CPU
		{B445DF73-AC9E-4276-9FBA-7CB5AD5D2518}.Release|Any CPU.Build.0 = Release|Any CPU
		{B445DF73-AC9E-4276-9FBA-7CB5AD5D2518}.Release|ARM.ActiveCfg = Release|Any CPU
		{B445DF73-AC9E-4276-9FBA-7CB5AD5D2518}.Release|ARM.Build.0 = Release|Any CPU
		{B445DF73-AC9E-4276-9FBA-7CB5AD5D2518}.Release|iPhone.ActiveCfg = Release|Any CPU
		{B445DF73-AC9E-4276-9FBA-7CB5AD5D2518}.Release|iPhone.Build.0 = Release|Any CPU
		{B445DF73-AC9E-4276-9FBA-7CB5AD5D2518}.Release|iPhoneSimulator.ActiveCfg = Release|Any CPU
		{B445DF73-AC9E-4276-9FBA-7CB5AD5D2518}.Release|iPhoneSimulator.Build.0 = Release|Any CPU
		{B445DF73-AC9E-4276-9FBA-7CB5AD5D2518}.Release|x64.ActiveCfg = Release|Any CPU
		{B445DF73-AC9E-4276-9FBA-7CB5AD5D2518}.Release|x64.Build.0 = Release|Any CPU
		{B445DF73-AC9E-4276-9FBA-7CB5AD5D2518}.Release|x86.ActiveCfg = Release|Any CPU
		{B445DF73-AC9E-4276-9FBA-7CB5AD5D2518}.Release|x86.Build.0 = Release|Any CPU
	EndGlobalSection
	GlobalSection(SolutionProperties) = preSolution
		HideSolutionNode = FALSE
	EndGlobalSection
	GlobalSection(ExtensibilityGlobals) = postSolution
		SolutionGuid = {F6D05029-56B8-4E45-AF2D-0E76295DDBA2}
	EndGlobalSection
EndGlobal
