
Microsoft Visual Studio Solution File, Format Version 12.00
# Visual Studio 15
VisualStudioVersion = 15.0.27428.2037
MinimumVisualStudioVersion = 10.0.40219.1
Project("{FAE04EC0-301F-11D3-BF4B-00C04F79EFBC}") = "App02_TipoPaginaXF.Android", "App02_TipoPaginaXF\App02_TipoPaginaXF.Android\App02_TipoPaginaXF.Android.csproj", "{21715937-0814-48F9-B6C3-030917BB3C24}"
EndProject
Project("{FAE04EC0-301F-11D3-BF4B-00C04F79EFBC}") = "App02_TipoPaginaXF.iOS", "App02_TipoPaginaXF\App02_TipoPaginaXF.iOS\App02_TipoPaginaXF.iOS.csproj", "{1395AB0A-6C14-4F12-A8E1-B3891FF94609}"
EndProject
Project("{FAE04EC0-301F-11D3-BF4B-00C04F79EFBC}") = "App02_TipoPaginaXF.UWP", "App02_TipoPaginaXF\App02_TipoPaginaXF.UWP\App02_TipoPaginaXF.UWP.csproj", "{59AE456B-FD3D-405C-A17F-26760289501D}"
EndProject
Project("{FAE04EC0-301F-11D3-BF4B-00C04F79EFBC}") = "App02_TipoPaginaXF", "App02_TipoPaginaXF\App02_TipoPaginaXF\App02_TipoPaginaXF.csproj", "{31012BCA-A426-48AD-9BB3-2883BC8A0467}"
EndProject
Global
	GlobalSection(SolutionConfigurationPlatforms) = preSolution
		Ad-Hoc|Any CPU = Ad-Hoc|Any CPU
		Ad-Hoc|ARM = Ad-Hoc|ARM
		Ad-Hoc|iPhone = Ad-Hoc|iPhone
		Ad-Hoc|iPhoneSimulator = Ad-Hoc|iPhoneSimulator
		Ad-Hoc|x64 = Ad-Hoc|x64
		Ad-Hoc|x86 = Ad-Hoc|x86
		AppStore|Any CPU = AppStore|Any CPU
		AppStore|ARM = AppStore|ARM
		AppStore|iPhone = AppStore|iPhone
		AppStore|iPhoneSimulator = AppStore|iPhoneSimulator
		AppStore|x64 = AppStore|x64
		AppStore|x86 = AppStore|x86
		Debug|Any CPU = Debug|Any CPU
		Debug|ARM = Debug|ARM
		Debug|iPhone = Debug|iPhone
		Debug|iPhoneSimulator = Debug|iPhoneSimulator
		Debug|x64 = Debug|x64
		Debug|x86 = Debug|x86
		Release|Any CPU = Release|Any CPU
		Release|ARM = Release|ARM
		Release|iPhone = Release|iPhone
		Release|iPhoneSimulator = Release|iPhoneSimulator
		Release|x64 = Release|x64
		Release|x86 = Release|x86
	EndGlobalSection
	GlobalSection(ProjectConfigurationPlatforms) = postSolution
		{21715937-0814-48F9-B6C3-030917BB3C24}.Ad-Hoc|Any CPU.ActiveCfg = Release|Any CPU
		{21715937-0814-48F9-B6C3-030917BB3C24}.Ad-Hoc|Any CPU.Build.0 = Release|Any CPU
		{21715937-0814-48F9-B6C3-030917BB3C24}.Ad-Hoc|Any CPU.Deploy.0 = Release|Any CPU
		{21715937-0814-48F9-B6C3-030917BB3C24}.Ad-Hoc|ARM.ActiveCfg = Release|Any CPU
		{21715937-0814-48F9-B6C3-030917BB3C24}.Ad-Hoc|ARM.Build.0 = Release|Any CPU
		{21715937-0814-48F9-B6C3-030917BB3C24}.Ad-Hoc|ARM.Deploy.0 = Release|Any CPU
		{21715937-0814-48F9-B6C3-030917BB3C24}.Ad-Hoc|iPhone.ActiveCfg = Release|Any CPU
		{21715937-0814-48F9-B6C3-030917BB3C24}.Ad-Hoc|iPhone.Build.0 = Release|Any CPU
		{21715937-0814-48F9-B6C3-030917BB3C24}.Ad-Hoc|iPhone.Deploy.0 = Release|Any CPU
		{21715937-0814-48F9-B6C3-030917BB3C24}.Ad-Hoc|iPhoneSimulator.ActiveCfg = Release|Any CPU
		{21715937-0814-48F9-B6C3-030917BB3C24}.Ad-Hoc|iPhoneSimulator.Build.0 = Release|Any CPU
		{21715937-0814-48F9-B6C3-030917BB3C24}.Ad-Hoc|iPhoneSimulator.Deploy.0 = Release|Any CPU
		{21715937-0814-48F9-B6C3-030917BB3C24}.Ad-Hoc|x64.ActiveCfg = Release|Any CPU
		{21715937-0814-48F9-B6C3-030917BB3C24}.Ad-Hoc|x64.Build.0 = Release|Any CPU
		{21715937-0814-48F9-B6C3-030917BB3C24}.Ad-Hoc|x64.Deploy.0 = Release|Any CPU
		{21715937-0814-48F9-B6C3-030917BB3C24}.Ad-Hoc|x86.ActiveCfg = Release|Any CPU
		{21715937-0814-48F9-B6C3-030917BB3C24}.Ad-Hoc|x86.Build.0 = Release|Any CPU
		{21715937-0814-48F9-B6C3-030917BB3C24}.Ad-Hoc|x86.Deploy.0 = Release|Any CPU
		{21715937-0814-48F9-B6C3-030917BB3C24}.AppStore|Any CPU.ActiveCfg = Release|Any CPU
		{21715937-0814-48F9-B6C3-030917BB3C24}.AppStore|Any CPU.Build.0 = Release|Any CPU
		{21715937-0814-48F9-B6C3-030917BB3C24}.AppStore|Any CPU.Deploy.0 = Release|Any CPU
		{21715937-0814-48F9-B6C3-030917BB3C24}.AppStore|ARM.ActiveCfg = Release|Any CPU
		{21715937-0814-48F9-B6C3-030917BB3C24}.AppStore|ARM.Build.0 = Release|Any CPU
		{21715937-0814-48F9-B6C3-030917BB3C24}.AppStore|ARM.Deploy.0 = Release|Any CPU
		{21715937-0814-48F9-B6C3-030917BB3C24}.AppStore|iPhone.ActiveCfg = Release|Any CPU
		{21715937-0814-48F9-B6C3-030917BB3C24}.AppStore|iPhone.Build.0 = Release|Any CPU
		{21715937-0814-48F9-B6C3-030917BB3C24}.AppStore|iPhone.Deploy.0 = Release|Any CPU
		{21715937-0814-48F9-B6C3-030917BB3C24}.AppStore|iPhoneSimulator.ActiveCfg = Release|Any CPU
		{21715937-0814-48F9-B6C3-030917BB3C24}.AppStore|iPhoneSimulator.Build.0 = Release|Any CPU
		{21715937-0814-48F9-B6C3-030917BB3C24}.AppStore|iPhoneSimulator.Deploy.0 = Release|Any CPU
		{21715937-0814-48F9-B6C3-030917BB3C24}.AppStore|x64.ActiveCfg = Release|Any CPU
		{21715937-0814-48F9-B6C3-030917BB3C24}.AppStore|x64.Build.0 = Release|Any CPU
		{21715937-0814-48F9-B6C3-030917BB3C24}.AppStore|x64.Deploy.0 = Release|Any CPU
		{21715937-0814-48F9-B6C3-030917BB3C24}.AppStore|x86.ActiveCfg = Release|Any CPU
		{21715937-0814-48F9-B6C3-030917BB3C24}.AppStore|x86.Build.0 = Release|Any CPU
		{21715937-0814-48F9-B6C3-030917BB3C24}.AppStore|x86.Deploy.0 = Release|Any CPU
		{21715937-0814-48F9-B6C3-030917BB3C24}.Debug|Any CPU.ActiveCfg = Debug|Any CPU
		{21715937-0814-48F9-B6C3-030917BB3C24}.Debug|Any CPU.Build.0 = Debug|Any CPU
		{21715937-0814-48F9-B6C3-030917BB3C24}.Debug|Any CPU.Deploy.0 = Debug|Any CPU
		{21715937-0814-48F9-B6C3-030917BB3C24}.Debug|ARM.ActiveCfg = Debug|Any CPU
		{21715937-0814-48F9-B6C3-030917BB3C24}.Debug|ARM.Build.0 = Debug|Any CPU
		{21715937-0814-48F9-B6C3-030917BB3C24}.Debug|ARM.Deploy.0 = Debug|Any CPU
		{21715937-0814-48F9-B6C3-030917BB3C24}.Debug|iPhone.ActiveCfg = Debug|Any CPU
		{21715937-0814-48F9-B6C3-030917BB3C24}.Debug|iPhone.Build.0 = Debug|Any CPU
		{21715937-0814-48F9-B6C3-030917BB3C24}.Debug|iPhone.Deploy.0 = Debug|Any CPU
		{21715937-0814-48F9-B6C3-030917BB3C24}.Debug|iPhoneSimulator.ActiveCfg = Debug|Any CPU
		{21715937-0814-48F9-B6C3-030917BB3C24}.Debug|iPhoneSimulator.Build.0 = Debug|Any CPU
		{21715937-0814-48F9-B6C3-030917BB3C24}.Debug|iPhoneSimulator.Deploy.0 = Debug|Any CPU
		{21715937-0814-48F9-B6C3-030917BB3C24}.Debug|x64.ActiveCfg = Debug|Any CPU
		{21715937-0814-48F9-B6C3-030917BB3C24}.Debug|x64.Build.0 = Debug|Any CPU
		{21715937-0814-48F9-B6C3-030917BB3C24}.Debug|x64.Deploy.0 = Debug|Any CPU
		{21715937-0814-48F9-B6C3-030917BB3C24}.Debug|x86.ActiveCfg = Debug|Any CPU
		{21715937-0814-48F9-B6C3-030917BB3C24}.Debug|x86.Build.0 = Debug|Any CPU
		{21715937-0814-48F9-B6C3-030917BB3C24}.Debug|x86.Deploy.0 = Debug|Any CPU
		{21715937-0814-48F9-B6C3-030917BB3C24}.Release|Any CPU.ActiveCfg = Release|Any CPU
		{21715937-0814-48F9-B6C3-030917BB3C24}.Release|Any CPU.Build.0 = Release|Any CPU
		{21715937-0814-48F9-B6C3-030917BB3C24}.Release|Any CPU.Deploy.0 = Release|Any CPU
		{21715937-0814-48F9-B6C3-030917BB3C24}.Release|ARM.ActiveCfg = Release|Any CPU
		{21715937-0814-48F9-B6C3-030917BB3C24}.Release|ARM.Build.0 = Release|Any CPU
		{21715937-0814-48F9-B6C3-030917BB3C24}.Release|ARM.Deploy.0 = Release|Any CPU
		{21715937-0814-48F9-B6C3-030917BB3C24}.Release|iPhone.ActiveCfg = Release|Any CPU
		{21715937-0814-48F9-B6C3-030917BB3C24}.Release|iPhone.Build.0 = Release|Any CPU
		{21715937-0814-48F9-B6C3-030917BB3C24}.Release|iPhone.Deploy.0 = Release|Any CPU
		{21715937-0814-48F9-B6C3-030917BB3C24}.Release|iPhoneSimulator.ActiveCfg = Release|Any CPU
		{21715937-0814-48F9-B6C3-030917BB3C24}.Release|iPhoneSimulator.Build.0 = Release|Any CPU
		{21715937-0814-48F9-B6C3-030917BB3C24}.Release|iPhoneSimulator.Deploy.0 = Release|Any CPU
		{21715937-0814-48F9-B6C3-030917BB3C24}.Release|x64.ActiveCfg = Release|Any CPU
		{21715937-0814-48F9-B6C3-030917BB3C24}.Release|x64.Build.0 = Release|Any CPU
		{21715937-0814-48F9-B6C3-030917BB3C24}.Release|x64.Deploy.0 = Release|Any CPU
		{21715937-0814-48F9-B6C3-030917BB3C24}.Release|x86.ActiveCfg = Release|Any CPU
		{21715937-0814-48F9-B6C3-030917BB3C24}.Release|x86.Build.0 = Release|Any CPU
		{21715937-0814-48F9-B6C3-030917BB3C24}.Release|x86.Deploy.0 = Release|Any CPU
		{1395AB0A-6C14-4F12-A8E1-B3891FF94609}.Ad-Hoc|Any CPU.ActiveCfg = Ad-Hoc|iPhone
		{1395AB0A-6C14-4F12-A8E1-B3891FF94609}.Ad-Hoc|ARM.ActiveCfg = Ad-Hoc|iPhone
		{1395AB0A-6C14-4F12-A8E1-B3891FF94609}.Ad-Hoc|iPhone.ActiveCfg = Ad-Hoc|iPhone
		{1395AB0A-6C14-4F12-A8E1-B3891FF94609}.Ad-Hoc|iPhone.Build.0 = Ad-Hoc|iPhone
		{1395AB0A-6C14-4F12-A8E1-B3891FF94609}.Ad-Hoc|iPhoneSimulator.ActiveCfg = Ad-Hoc|iPhoneSimulator
		{1395AB0A-6C14-4F12-A8E1-B3891FF94609}.Ad-Hoc|iPhoneSimulator.Build.0 = Ad-Hoc|iPhoneSimulator
		{1395AB0A-6C14-4F12-A8E1-B3891FF94609}.Ad-Hoc|x64.ActiveCfg = Ad-Hoc|iPhone
		{1395AB0A-6C14-4F12-A8E1-B3891FF94609}.Ad-Hoc|x86.ActiveCfg = Ad-Hoc|iPhone
		{1395AB0A-6C14-4F12-A8E1-B3891FF94609}.AppStore|Any CPU.ActiveCfg = AppStore|iPhone
		{1395AB0A-6C14-4F12-A8E1-B3891FF94609}.AppStore|ARM.ActiveCfg = AppStore|iPhone
		{1395AB0A-6C14-4F12-A8E1-B3891FF94609}.AppStore|iPhone.ActiveCfg = AppStore|iPhone
		{1395AB0A-6C14-4F12-A8E1-B3891FF94609}.AppStore|iPhone.Build.0 = AppStore|iPhone
		{1395AB0A-6C14-4F12-A8E1-B3891FF94609}.AppStore|iPhoneSimulator.ActiveCfg = AppStore|iPhoneSimulator
		{1395AB0A-6C14-4F12-A8E1-B3891FF94609}.AppStore|iPhoneSimulator.Build.0 = AppStore|iPhoneSimulator
		{1395AB0A-6C14-4F12-A8E1-B3891FF94609}.AppStore|x64.ActiveCfg = AppStore|iPhone
		{1395AB0A-6C14-4F12-A8E1-B3891FF94609}.AppStore|x86.ActiveCfg = AppStore|iPhone
		{1395AB0A-6C14-4F12-A8E1-B3891FF94609}.Debug|Any CPU.ActiveCfg = Debug|iPhone
		{1395AB0A-6C14-4F12-A8E1-B3891FF94609}.Debug|ARM.ActiveCfg = Debug|iPhone
		{1395AB0A-6C14-4F12-A8E1-B3891FF94609}.Debug|iPhone.ActiveCfg = Debug|iPhone
		{1395AB0A-6C14-4F12-A8E1-B3891FF94609}.Debug|iPhone.Build.0 = Debug|iPhone
		{1395AB0A-6C14-4F12-A8E1-B3891FF94609}.Debug|iPhoneSimulator.ActiveCfg = Debug|iPhoneSimulator
		{1395AB0A-6C14-4F12-A8E1-B3891FF94609}.Debug|iPhoneSimulator.Build.0 = Debug|iPhoneSimulator
		{1395AB0A-6C14-4F12-A8E1-B3891FF94609}.Debug|x64.ActiveCfg = Debug|iPhone
		{1395AB0A-6C14-4F12-A8E1-B3891FF94609}.Debug|x86.ActiveCfg = Debug|iPhone
		{1395AB0A-6C14-4F12-A8E1-B3891FF94609}.Release|Any CPU.ActiveCfg = Release|iPhone
		{1395AB0A-6C14-4F12-A8E1-B3891FF94609}.Release|ARM.ActiveCfg = Release|iPhone
		{1395AB0A-6C14-4F12-A8E1-B3891FF94609}.Release|iPhone.ActiveCfg = Release|iPhone
		{1395AB0A-6C14-4F12-A8E1-B3891FF94609}.Release|iPhone.Build.0 = Release|iPhone
		{1395AB0A-6C14-4F12-A8E1-B3891FF94609}.Release|iPhoneSimulator.ActiveCfg = Release|iPhoneSimulator
		{1395AB0A-6C14-4F12-A8E1-B3891FF94609}.Release|iPhoneSimulator.Build.0 = Release|iPhoneSimulator
		{1395AB0A-6C14-4F12-A8E1-B3891FF94609}.Release|x64.ActiveCfg = Release|iPhone
		{1395AB0A-6C14-4F12-A8E1-B3891FF94609}.Release|x86.ActiveCfg = Release|iPhone
		{59AE456B-FD3D-405C-A17F-26760289501D}.Ad-Hoc|Any CPU.ActiveCfg = Release|x86
		{59AE456B-FD3D-405C-A17F-26760289501D}.Ad-Hoc|Any CPU.Build.0 = Release|x86
		{59AE456B-FD3D-405C-A17F-26760289501D}.Ad-Hoc|Any CPU.Deploy.0 = Release|x86
		{59AE456B-FD3D-405C-A17F-26760289501D}.Ad-Hoc|ARM.ActiveCfg = Release|ARM
		{59AE456B-FD3D-405C-A17F-26760289501D}.Ad-Hoc|ARM.Build.0 = Release|ARM
		{59AE456B-FD3D-405C-A17F-26760289501D}.Ad-Hoc|ARM.Deploy.0 = Release|ARM
		{59AE456B-FD3D-405C-A17F-26760289501D}.Ad-Hoc|iPhone.ActiveCfg = Release|x86
		{59AE456B-FD3D-405C-A17F-26760289501D}.Ad-Hoc|iPhone.Build.0 = Release|x86
		{59AE456B-FD3D-405C-A17F-26760289501D}.Ad-Hoc|iPhone.Deploy.0 = Release|x86
		{59AE456B-FD3D-405C-A17F-26760289501D}.Ad-Hoc|iPhoneSimulator.ActiveCfg = Release|x86
		{59AE456B-FD3D-405C-A17F-26760289501D}.Ad-Hoc|iPhoneSimulator.Build.0 = Release|x86
		{59AE456B-FD3D-405C-A17F-26760289501D}.Ad-Hoc|iPhoneSimulator.Deploy.0 = Release|x86
		{59AE456B-FD3D-405C-A17F-26760289501D}.Ad-Hoc|x64.ActiveCfg = Release|x64
		{59AE456B-FD3D-405C-A17F-26760289501D}.Ad-Hoc|x64.Build.0 = Release|x64
		{59AE456B-FD3D-405C-A17F-26760289501D}.Ad-Hoc|x64.Deploy.0 = Release|x64
		{59AE456B-FD3D-405C-A17F-26760289501D}.Ad-Hoc|x86.ActiveCfg = Release|x86
		{59AE456B-FD3D-405C-A17F-26760289501D}.Ad-Hoc|x86.Build.0 = Release|x86
		{59AE456B-FD3D-405C-A17F-26760289501D}.Ad-Hoc|x86.Deploy.0 = Release|x86
		{59AE456B-FD3D-405C-A17F-26760289501D}.AppStore|Any CPU.ActiveCfg = Release|x86
		{59AE456B-FD3D-405C-A17F-26760289501D}.AppStore|Any CPU.Build.0 = Release|x86
		{59AE456B-FD3D-405C-A17F-26760289501D}.AppStore|Any CPU.Deploy.0 = Release|x86
		{59AE456B-FD3D-405C-A17F-26760289501D}.AppStore|ARM.ActiveCfg = Release|ARM
		{59AE456B-FD3D-405C-A17F-26760289501D}.AppStore|ARM.Build.0 = Release|ARM
		{59AE456B-FD3D-405C-A17F-26760289501D}.AppStore|ARM.Deploy.0 = Release|ARM
		{59AE456B-FD3D-405C-A17F-26760289501D}.AppStore|iPhone.ActiveCfg = Release|x86
		{59AE456B-FD3D-405C-A17F-26760289501D}.AppStore|iPhone.Build.0 = Release|x86
		{59AE456B-FD3D-405C-A17F-26760289501D}.AppStore|iPhone.Deploy.0 = Release|x86
		{59AE456B-FD3D-405C-A17F-26760289501D}.AppStore|iPhoneSimulator.ActiveCfg = Release|x86
		{59AE456B-FD3D-405C-A17F-26760289501D}.AppStore|iPhoneSimulator.Build.0 = Release|x86
		{59AE456B-FD3D-405C-A17F-26760289501D}.AppStore|iPhoneSimulator.Deploy.0 = Release|x86
		{59AE456B-FD3D-405C-A17F-26760289501D}.AppStore|x64.ActiveCfg = Release|x64
		{59AE456B-FD3D-405C-A17F-26760289501D}.AppStore|x64.Build.0 = Release|x64
		{59AE456B-FD3D-405C-A17F-26760289501D}.AppStore|x64.Deploy.0 = Release|x64
		{59AE456B-FD3D-405C-A17F-26760289501D}.AppStore|x86.ActiveCfg = Release|x86
		{59AE456B-FD3D-405C-A17F-26760289501D}.AppStore|x86.Build.0 = Release|x86
		{59AE456B-FD3D-405C-A17F-26760289501D}.AppStore|x86.Deploy.0 = Release|x86
		{59AE456B-FD3D-405C-A17F-26760289501D}.Debug|Any CPU.ActiveCfg = Debug|x86
		{59AE456B-FD3D-405C-A17F-26760289501D}.Debug|ARM.ActiveCfg = Debug|ARM
		{59AE456B-FD3D-405C-A17F-26760289501D}.Debug|ARM.Build.0 = Debug|ARM
		{59AE456B-FD3D-405C-A17F-26760289501D}.Debug|ARM.Deploy.0 = Debug|ARM
		{59AE456B-FD3D-405C-A17F-26760289501D}.Debug|iPhone.ActiveCfg = Debug|x86
		{59AE456B-FD3D-405C-A17F-26760289501D}.Debug|iPhoneSimulator.ActiveCfg = Debug|x86
		{59AE456B-FD3D-405C-A17F-26760289501D}.Debug|x64.ActiveCfg = Debug|x64
		{59AE456B-FD3D-405C-A17F-26760289501D}.Debug|x64.Build.0 = Debug|x64
		{59AE456B-FD3D-405C-A17F-26760289501D}.Debug|x64.Deploy.0 = Debug|x64
		{59AE456B-FD3D-405C-A17F-26760289501D}.Debug|x86.ActiveCfg = Debug|x86
		{59AE456B-FD3D-405C-A17F-26760289501D}.Debug|x86.Build.0 = Debug|x86
		{59AE456B-FD3D-405C-A17F-26760289501D}.Debug|x86.Deploy.0 = Debug|x86
		{59AE456B-FD3D-405C-A17F-26760289501D}.Release|Any CPU.ActiveCfg = Release|x86
		{59AE456B-FD3D-405C-A17F-26760289501D}.Release|ARM.ActiveCfg = Release|ARM
		{59AE456B-FD3D-405C-A17F-26760289501D}.Release|ARM.Build.0 = Release|ARM
		{59AE456B-FD3D-405C-A17F-26760289501D}.Release|ARM.Deploy.0 = Release|ARM
		{59AE456B-FD3D-405C-A17F-26760289501D}.Release|iPhone.ActiveCfg = Release|x86
		{59AE456B-FD3D-405C-A17F-26760289501D}.Release|iPhoneSimulator.ActiveCfg = Release|x86
		{59AE456B-FD3D-405C-A17F-26760289501D}.Release|x64.ActiveCfg = Release|x64
		{59AE456B-FD3D-405C-A17F-26760289501D}.Release|x64.Build.0 = Release|x64
		{59AE456B-FD3D-405C-A17F-26760289501D}.Release|x64.Deploy.0 = Release|x64
		{59AE456B-FD3D-405C-A17F-26760289501D}.Release|x86.ActiveCfg = Release|x86
		{59AE456B-FD3D-405C-A17F-26760289501D}.Release|x86.Build.0 = Release|x86
		{59AE456B-FD3D-405C-A17F-26760289501D}.Release|x86.Deploy.0 = Release|x86
		{31012BCA-A426-48AD-9BB3-2883BC8A0467}.Ad-Hoc|Any CPU.ActiveCfg = Debug|Any CPU
		{31012BCA-A426-48AD-9BB3-2883BC8A0467}.Ad-Hoc|Any CPU.Build.0 = Debug|Any CPU
		{31012BCA-A426-48AD-9BB3-2883BC8A0467}.Ad-Hoc|ARM.ActiveCfg = Debug|Any CPU
		{31012BCA-A426-48AD-9BB3-2883BC8A0467}.Ad-Hoc|ARM.Build.0 = Debug|Any CPU
		{31012BCA-A426-48AD-9BB3-2883BC8A0467}.Ad-Hoc|iPhone.ActiveCfg = Debug|Any CPU
		{31012BCA-A426-48AD-9BB3-2883BC8A0467}.Ad-Hoc|iPhone.Build.0 = Debug|Any CPU
		{31012BCA-A426-48AD-9BB3-2883BC8A0467}.Ad-Hoc|iPhoneSimulator.ActiveCfg = Debug|Any CPU
		{31012BCA-A426-48AD-9BB3-2883BC8A0467}.Ad-Hoc|iPhoneSimulator.Build.0 = Debug|Any CPU
		{31012BCA-A426-48AD-9BB3-2883BC8A0467}.Ad-Hoc|x64.ActiveCfg = Debug|Any CPU
		{31012BCA-A426-48AD-9BB3-2883BC8A0467}.Ad-Hoc|x64.Build.0 = Debug|Any CPU
		{31012BCA-A426-48AD-9BB3-2883BC8A0467}.Ad-Hoc|x86.ActiveCfg = Debug|Any CPU
		{31012BCA-A426-48AD-9BB3-2883BC8A0467}.Ad-Hoc|x86.Build.0 = Debug|Any CPU
		{31012BCA-A426-48AD-9BB3-2883BC8A0467}.AppStore|Any CPU.ActiveCfg = Debug|Any CPU
		{31012BCA-A426-48AD-9BB3-2883BC8A0467}.AppStore|Any CPU.Build.0 = Debug|Any CPU
		{31012BCA-A426-48AD-9BB3-2883BC8A0467}.AppStore|ARM.ActiveCfg = Debug|Any CPU
		{31012BCA-A426-48AD-9BB3-2883BC8A0467}.AppStore|ARM.Build.0 = Debug|Any CPU
		{31012BCA-A426-48AD-9BB3-2883BC8A0467}.AppStore|iPhone.ActiveCfg = Debug|Any CPU
		{31012BCA-A426-48AD-9BB3-2883BC8A0467}.AppStore|iPhone.Build.0 = Debug|Any CPU
		{31012BCA-A426-48AD-9BB3-2883BC8A0467}.AppStore|iPhoneSimulator.ActiveCfg = Debug|Any CPU
		{31012BCA-A426-48AD-9BB3-2883BC8A0467}.AppStore|iPhoneSimulator.Build.0 = Debug|Any CPU
		{31012BCA-A426-48AD-9BB3-2883BC8A0467}.AppStore|x64.ActiveCfg = Debug|Any CPU
		{31012BCA-A426-48AD-9BB3-2883BC8A0467}.AppStore|x64.Build.0 = Debug|Any CPU
		{31012BCA-A426-48AD-9BB3-2883BC8A0467}.AppStore|x86.ActiveCfg = Debug|Any CPU
		{31012BCA-A426-48AD-9BB3-2883BC8A0467}.AppStore|x86.Build.0 = Debug|Any CPU
		{31012BCA-A426-48AD-9BB3-2883BC8A0467}.Debug|Any CPU.ActiveCfg = Debug|Any CPU
		{31012BCA-A426-48AD-9BB3-2883BC8A0467}.Debug|Any CPU.Build.0 = Debug|Any CPU
		{31012BCA-A426-48AD-9BB3-2883BC8A0467}.Debug|ARM.ActiveCfg = Debug|Any CPU
		{31012BCA-A426-48AD-9BB3-2883BC8A0467}.Debug|ARM.Build.0 = Debug|Any CPU
		{31012BCA-A426-48AD-9BB3-2883BC8A0467}.Debug|iPhone.ActiveCfg = Debug|Any CPU
		{31012BCA-A426-48AD-9BB3-2883BC8A0467}.Debug|iPhone.Build.0 = Debug|Any CPU
		{31012BCA-A426-48AD-9BB3-2883BC8A0467}.Debug|iPhoneSimulator.ActiveCfg = Debug|Any CPU
		{31012BCA-A426-48AD-9BB3-2883BC8A0467}.Debug|iPhoneSimulator.Build.0 = Debug|Any CPU
		{31012BCA-A426-48AD-9BB3-2883BC8A0467}.Debug|x64.ActiveCfg = Debug|Any CPU
		{31012BCA-A426-48AD-9BB3-2883BC8A0467}.Debug|x64.Build.0 = Debug|Any CPU
		{31012BCA-A426-48AD-9BB3-2883BC8A0467}.Debug|x86.ActiveCfg = Debug|Any CPU
		{31012BCA-A426-48AD-9BB3-2883BC8A0467}.Debug|x86.Build.0 = Debug|Any CPU
		{31012BCA-A426-48AD-9BB3-2883BC8A0467}.Release|Any CPU.ActiveCfg = Release|Any CPU
		{31012BCA-A426-48AD-9BB3-2883BC8A0467}.Release|Any CPU.Build.0 = Release|Any CPU
		{31012BCA-A426-48AD-9BB3-2883BC8A0467}.Release|ARM.ActiveCfg = Release|Any CPU
		{31012BCA-A426-48AD-9BB3-2883BC8A0467}.Release|ARM.Build.0 = Release|Any CPU
		{31012BCA-A426-48AD-9BB3-2883BC8A0467}.Release|iPhone.ActiveCfg = Release|Any CPU
		{31012BCA-A426-48AD-9BB3-2883BC8A0467}.Release|iPhone.Build.0 = Release|Any CPU
		{31012BCA-A426-48AD-9BB3-2883BC8A0467}.Release|iPhoneSimulator.ActiveCfg = Release|Any CPU
		{31012BCA-A426-48AD-9BB3-2883BC8A0467}.Release|iPhoneSimulator.Build.0 = Release|Any CPU
		{31012BCA-A426-48AD-9BB3-2883BC8A0467}.Release|x64.ActiveCfg = Release|Any CPU
		{31012BCA-A426-48AD-9BB3-2883BC8A0467}.Release|x64.Build.0 = Release|Any CPU
		{31012BCA-A426-48AD-9BB3-2883BC8A0467}.Release|x86.ActiveCfg = Release|Any CPU
		{31012BCA-A426-48AD-9BB3-2883BC8A0467}.Release|x86.Build.0 = Release|Any CPU
	EndGlobalSection
	GlobalSection(SolutionProperties) = preSolution
		HideSolutionNode = FALSE
	EndGlobalSection
	GlobalSection(ExtensibilityGlobals) = postSolution
		SolutionGuid = {147BA030-C695-4AF5-83FB-42B0F9FAFE9F}
	EndGlobalSection
EndGlobal
