
Microsoft Visual Studio Solution File, Format Version 12.00
# Visual Studio 15
VisualStudioVersion = 15.0.27703.2000
MinimumVisualStudioVersion = 10.0.40219.1
Project("{FAE04EC0-301F-11D3-BF4B-00C04F79EFBC}") = "App1_Mimica.Android", "App1_Mimica\App1_Mimica.Android\App1_Mimica.Android.csproj", "{40394054-D6A0-4183-899A-A630BA67B11B}"
EndProject
Project("{FAE04EC0-301F-11D3-BF4B-00C04F79EFBC}") = "App1_Mimica.iOS", "App1_Mimica\App1_Mimica.iOS\App1_Mimica.iOS.csproj", "{ABA21B38-F274-4410-9F36-95C2DC829EDD}"
EndProject
Project("{FAE04EC0-301F-11D3-BF4B-00C04F79EFBC}") = "App1_Mimica.UWP", "App1_Mimica\App1_Mimica.UWP\App1_Mimica.UWP.csproj", "{94C97681-019E-484E-A7E3-72606FEB1C20}"
EndProject
Project("{FAE04EC0-301F-11D3-BF4B-00C04F79EFBC}") = "App1_Mimica", "App1_Mimica\App1_Mimica\App1_Mimica.csproj", "{19253723-BABB-4425-BB25-BD076CAC0921}"
EndProject
Global
	GlobalSection(SolutionConfigurationPlatforms) = preSolution
		Ad-Hoc|Any CPU = Ad-Hoc|Any CPU
		Ad-Hoc|ARM = Ad-Hoc|ARM
		Ad-Hoc|iPhone = Ad-Hoc|iPhone
		Ad-Hoc|iPhoneSimulator = Ad-Hoc|iPhoneSimulator
		Ad-Hoc|x64 = Ad-Hoc|x64
		Ad-Hoc|x86 = Ad-Hoc|x86
		AppStore|Any CPU = AppStore|Any CPU
		AppStore|ARM = AppStore|ARM
		AppStore|iPhone = AppStore|iPhone
		AppStore|iPhoneSimulator = AppStore|iPhoneSimulator
		AppStore|x64 = AppStore|x64
		AppStore|x86 = AppStore|x86
		Debug|Any CPU = Debug|Any CPU
		Debug|ARM = Debug|ARM
		Debug|iPhone = Debug|iPhone
		Debug|iPhoneSimulator = Debug|iPhoneSimulator
		Debug|x64 = Debug|x64
		Debug|x86 = Debug|x86
		Release|Any CPU = Release|Any CPU
		Release|ARM = Release|ARM
		Release|iPhone = Release|iPhone
		Release|iPhoneSimulator = Release|iPhoneSimulator
		Release|x64 = Release|x64
		Release|x86 = Release|x86
	EndGlobalSection
	GlobalSection(ProjectConfigurationPlatforms) = postSolution
		{40394054-D6A0-4183-899A-A630BA67B11B}.Ad-Hoc|Any CPU.ActiveCfg = Release|Any CPU
		{40394054-D6A0-4183-899A-A630BA67B11B}.Ad-Hoc|Any CPU.Build.0 = Release|Any CPU
		{40394054-D6A0-4183-899A-A630BA67B11B}.Ad-Hoc|Any CPU.Deploy.0 = Release|Any CPU
		{40394054-D6A0-4183-899A-A630BA67B11B}.Ad-Hoc|ARM.ActiveCfg = Release|Any CPU
		{40394054-D6A0-4183-899A-A630BA67B11B}.Ad-Hoc|ARM.Build.0 = Release|Any CPU
		{40394054-D6A0-4183-899A-A630BA67B11B}.Ad-Hoc|ARM.Deploy.0 = Release|Any CPU
		{40394054-D6A0-4183-899A-A630BA67B11B}.Ad-Hoc|iPhone.ActiveCfg = Release|Any CPU
		{40394054-D6A0-4183-899A-A630BA67B11B}.Ad-Hoc|iPhone.Build.0 = Release|Any CPU
		{40394054-D6A0-4183-899A-A630BA67B11B}.Ad-Hoc|iPhone.Deploy.0 = Release|Any CPU
		{40394054-D6A0-4183-899A-A630BA67B11B}.Ad-Hoc|iPhoneSimulator.ActiveCfg = Release|Any CPU
		{40394054-D6A0-4183-899A-A630BA67B11B}.Ad-Hoc|iPhoneSimulator.Build.0 = Release|Any CPU
		{40394054-D6A0-4183-899A-A630BA67B11B}.Ad-Hoc|iPhoneSimulator.Deploy.0 = Release|Any CPU
		{40394054-D6A0-4183-899A-A630BA67B11B}.Ad-Hoc|x64.ActiveCfg = Release|Any CPU
		{40394054-D6A0-4183-899A-A630BA67B11B}.Ad-Hoc|x64.Build.0 = Release|Any CPU
		{40394054-D6A0-4183-899A-A630BA67B11B}.Ad-Hoc|x64.Deploy.0 = Release|Any CPU
		{40394054-D6A0-4183-899A-A630BA67B11B}.Ad-Hoc|x86.ActiveCfg = Release|Any CPU
		{40394054-D6A0-4183-899A-A630BA67B11B}.Ad-Hoc|x86.Build.0 = Release|Any CPU
		{40394054-D6A0-4183-899A-A630BA67B11B}.Ad-Hoc|x86.Deploy.0 = Release|Any CPU
		{40394054-D6A0-4183-899A-A630BA67B11B}.AppStore|Any CPU.ActiveCfg = Release|Any CPU
		{40394054-D6A0-4183-899A-A630BA67B11B}.AppStore|Any CPU.Build.0 = Release|Any CPU
		{40394054-D6A0-4183-899A-A630BA67B11B}.AppStore|Any CPU.Deploy.0 = Release|Any CPU
		{40394054-D6A0-4183-899A-A630BA67B11B}.AppStore|ARM.ActiveCfg = Release|Any CPU
		{40394054-D6A0-4183-899A-A630BA67B11B}.AppStore|ARM.Build.0 = Release|Any CPU
		{40394054-D6A0-4183-899A-A630BA67B11B}.AppStore|ARM.Deploy.0 = Release|Any CPU
		{40394054-D6A0-4183-899A-A630BA67B11B}.AppStore|iPhone.ActiveCfg = Release|Any CPU
		{40394054-D6A0-4183-899A-A630BA67B11B}.AppStore|iPhone.Build.0 = Release|Any CPU
		{40394054-D6A0-4183-899A-A630BA67B11B}.AppStore|iPhone.Deploy.0 = Release|Any CPU
		{40394054-D6A0-4183-899A-A630BA67B11B}.AppStore|iPhoneSimulator.ActiveCfg = Release|Any CPU
		{40394054-D6A0-4183-899A-A630BA67B11B}.AppStore|iPhoneSimulator.Build.0 = Release|Any CPU
		{40394054-D6A0-4183-899A-A630BA67B11B}.AppStore|iPhoneSimulator.Deploy.0 = Release|Any CPU
		{40394054-D6A0-4183-899A-A630BA67B11B}.AppStore|x64.ActiveCfg = Release|Any CPU
		{40394054-D6A0-4183-899A-A630BA67B11B}.AppStore|x64.Build.0 = Release|Any CPU
		{40394054-D6A0-4183-899A-A630BA67B11B}.AppStore|x64.Deploy.0 = Release|Any CPU
		{40394054-D6A0-4183-899A-A630BA67B11B}.AppStore|x86.ActiveCfg = Release|Any CPU
		{40394054-D6A0-4183-899A-A630BA67B11B}.AppStore|x86.Build.0 = Release|Any CPU
		{40394054-D6A0-4183-899A-A630BA67B11B}.AppStore|x86.Deploy.0 = Release|Any CPU
		{40394054-D6A0-4183-899A-A630BA67B11B}.Debug|Any CPU.ActiveCfg = Debug|Any CPU
		{40394054-D6A0-4183-899A-A630BA67B11B}.Debug|Any CPU.Build.0 = Debug|Any CPU
		{40394054-D6A0-4183-899A-A630BA67B11B}.Debug|Any CPU.Deploy.0 = Debug|Any CPU
		{40394054-D6A0-4183-899A-A630BA67B11B}.Debug|ARM.ActiveCfg = Debug|Any CPU
		{40394054-D6A0-4183-899A-A630BA67B11B}.Debug|ARM.Build.0 = Debug|Any CPU
		{40394054-D6A0-4183-899A-A630BA67B11B}.Debug|ARM.Deploy.0 = Debug|Any CPU
		{40394054-D6A0-4183-899A-A630BA67B11B}.Debug|iPhone.ActiveCfg = Debug|Any CPU
		{40394054-D6A0-4183-899A-A630BA67B11B}.Debug|iPhone.Build.0 = Debug|Any CPU
		{40394054-D6A0-4183-899A-A630BA67B11B}.Debug|iPhone.Deploy.0 = Debug|Any CPU
		{40394054-D6A0-4183-899A-A630BA67B11B}.Debug|iPhoneSimulator.ActiveCfg = Debug|Any CPU
		{40394054-D6A0-4183-899A-A630BA67B11B}.Debug|iPhoneSimulator.Build.0 = Debug|Any CPU
		{40394054-D6A0-4183-899A-A630BA67B11B}.Debug|iPhoneSimulator.Deploy.0 = Debug|Any CPU
		{40394054-D6A0-4183-899A-A630BA67B11B}.Debug|x64.ActiveCfg = Debug|Any CPU
		{40394054-D6A0-4183-899A-A630BA67B11B}.Debug|x64.Build.0 = Debug|Any CPU
		{40394054-D6A0-4183-899A-A630BA67B11B}.Debug|x64.Deploy.0 = Debug|Any CPU
		{40394054-D6A0-4183-899A-A630BA67B11B}.Debug|x86.ActiveCfg = Debug|Any CPU
		{40394054-D6A0-4183-899A-A630BA67B11B}.Debug|x86.Build.0 = Debug|Any CPU
		{40394054-D6A0-4183-899A-A630BA67B11B}.Debug|x86.Deploy.0 = Debug|Any CPU
		{40394054-D6A0-4183-899A-A630BA67B11B}.Release|Any CPU.ActiveCfg = Release|Any CPU
		{40394054-D6A0-4183-899A-A630BA67B11B}.Release|Any CPU.Build.0 = Release|Any CPU
		{40394054-D6A0-4183-899A-A630BA67B11B}.Release|Any CPU.Deploy.0 = Release|Any CPU
		{40394054-D6A0-4183-899A-A630BA67B11B}.Release|ARM.ActiveCfg = Release|Any CPU
		{40394054-D6A0-4183-899A-A630BA67B11B}.Release|ARM.Build.0 = Release|Any CPU
		{40394054-D6A0-4183-899A-A630BA67B11B}.Release|ARM.Deploy.0 = Release|Any CPU
		{40394054-D6A0-4183-899A-A630BA67B11B}.Release|iPhone.ActiveCfg = Release|Any CPU
		{40394054-D6A0-4183-899A-A630BA67B11B}.Release|iPhone.Build.0 = Release|Any CPU
		{40394054-D6A0-4183-899A-A630BA67B11B}.Release|iPhone.Deploy.0 = Release|Any CPU
		{40394054-D6A0-4183-899A-A630BA67B11B}.Release|iPhoneSimulator.ActiveCfg = Release|Any CPU
		{40394054-D6A0-4183-899A-A630BA67B11B}.Release|iPhoneSimulator.Build.0 = Release|Any CPU
		{40394054-D6A0-4183-899A-A630BA67B11B}.Release|iPhoneSimulator.Deploy.0 = Release|Any CPU
		{40394054-D6A0-4183-899A-A630BA67B11B}.Release|x64.ActiveCfg = Release|Any CPU
		{40394054-D6A0-4183-899A-A630BA67B11B}.Release|x64.Build.0 = Release|Any CPU
		{40394054-D6A0-4183-899A-A630BA67B11B}.Release|x64.Deploy.0 = Release|Any CPU
		{40394054-D6A0-4183-899A-A630BA67B11B}.Release|x86.ActiveCfg = Release|Any CPU
		{40394054-D6A0-4183-899A-A630BA67B11B}.Release|x86.Build.0 = Release|Any CPU
		{40394054-D6A0-4183-899A-A630BA67B11B}.Release|x86.Deploy.0 = Release|Any CPU
		{ABA21B38-F274-4410-9F36-95C2DC829EDD}.Ad-Hoc|Any CPU.ActiveCfg = Ad-Hoc|iPhone
		{ABA21B38-F274-4410-9F36-95C2DC829EDD}.Ad-Hoc|Any CPU.Build.0 = Ad-Hoc|iPhone
		{ABA21B38-F274-4410-9F36-95C2DC829EDD}.Ad-Hoc|Any CPU.Deploy.0 = Ad-Hoc|iPhone
		{ABA21B38-F274-4410-9F36-95C2DC829EDD}.Ad-Hoc|ARM.ActiveCfg = Ad-Hoc|iPhone
		{ABA21B38-F274-4410-9F36-95C2DC829EDD}.Ad-Hoc|ARM.Build.0 = Ad-Hoc|iPhone
		{ABA21B38-F274-4410-9F36-95C2DC829EDD}.Ad-Hoc|ARM.Deploy.0 = Ad-Hoc|iPhone
		{ABA21B38-F274-4410-9F36-95C2DC829EDD}.Ad-Hoc|iPhone.ActiveCfg = Ad-Hoc|iPhone
		{ABA21B38-F274-4410-9F36-95C2DC829EDD}.Ad-Hoc|iPhone.Build.0 = Ad-Hoc|iPhone
		{ABA21B38-F274-4410-9F36-95C2DC829EDD}.Ad-Hoc|iPhone.Deploy.0 = Ad-Hoc|iPhone
		{ABA21B38-F274-4410-9F36-95C2DC829EDD}.Ad-Hoc|iPhoneSimulator.ActiveCfg = Ad-Hoc|iPhoneSimulator
		{ABA21B38-F274-4410-9F36-95C2DC829EDD}.Ad-Hoc|iPhoneSimulator.Build.0 = Ad-Hoc|iPhoneSimulator
		{ABA21B38-F274-4410-9F36-95C2DC829EDD}.Ad-Hoc|iPhoneSimulator.Deploy.0 = Ad-Hoc|iPhoneSimulator
		{ABA21B38-F274-4410-9F36-95C2DC829EDD}.Ad-Hoc|x64.ActiveCfg = Ad-Hoc|iPhone
		{ABA21B38-F274-4410-9F36-95C2DC829EDD}.Ad-Hoc|x64.Build.0 = Ad-Hoc|iPhone
		{ABA21B38-F274-4410-9F36-95C2DC829EDD}.Ad-Hoc|x64.Deploy.0 = Ad-Hoc|iPhone
		{ABA21B38-F274-4410-9F36-95C2DC829EDD}.Ad-Hoc|x86.ActiveCfg = Ad-Hoc|iPhone
		{ABA21B38-F274-4410-9F36-95C2DC829EDD}.Ad-Hoc|x86.Build.0 = Ad-Hoc|iPhone
		{ABA21B38-F274-4410-9F36-95C2DC829EDD}.Ad-Hoc|x86.Deploy.0 = Ad-Hoc|iPhone
		{ABA21B38-F274-4410-9F36-95C2DC829EDD}.AppStore|Any CPU.ActiveCfg = AppStore|iPhone
		{ABA21B38-F274-4410-9F36-95C2DC829EDD}.AppStore|Any CPU.Build.0 = AppStore|iPhone
		{ABA21B38-F274-4410-9F36-95C2DC829EDD}.AppStore|Any CPU.Deploy.0 = AppStore|iPhone
		{ABA21B38-F274-4410-9F36-95C2DC829EDD}.AppStore|ARM.ActiveCfg = AppStore|iPhone
		{ABA21B38-F274-4410-9F36-95C2DC829EDD}.AppStore|ARM.Build.0 = AppStore|iPhone
		{ABA21B38-F274-4410-9F36-95C2DC829EDD}.AppStore|ARM.Deploy.0 = AppStore|iPhone
		{ABA21B38-F274-4410-9F36-95C2DC829EDD}.AppStore|iPhone.ActiveCfg = AppStore|iPhone
		{ABA21B38-F274-4410-9F36-95C2DC829EDD}.AppStore|iPhone.Build.0 = AppStore|iPhone
		{ABA21B38-F274-4410-9F36-95C2DC829EDD}.AppStore|iPhone.Deploy.0 = AppStore|iPhone
		{ABA21B38-F274-4410-9F36-95C2DC829EDD}.AppStore|iPhoneSimulator.ActiveCfg = AppStore|iPhoneSimulator
		{ABA21B38-F274-4410-9F36-95C2DC829EDD}.AppStore|iPhoneSimulator.Build.0 = AppStore|iPhoneSimulator
		{ABA21B38-F274-4410-9F36-95C2DC829EDD}.AppStore|iPhoneSimulator.Deploy.0 = AppStore|iPhoneSimulator
		{ABA21B38-F274-4410-9F36-95C2DC829EDD}.AppStore|x64.ActiveCfg = AppStore|iPhone
		{ABA21B38-F274-4410-9F36-95C2DC829EDD}.AppStore|x64.Build.0 = AppStore|iPhone
		{ABA21B38-F274-4410-9F36-95C2DC829EDD}.AppStore|x64.Deploy.0 = AppStore|iPhone
		{ABA21B38-F274-4410-9F36-95C2DC829EDD}.AppStore|x86.ActiveCfg = AppStore|iPhone
		{ABA21B38-F274-4410-9F36-95C2DC829EDD}.AppStore|x86.Build.0 = AppStore|iPhone
		{ABA21B38-F274-4410-9F36-95C2DC829EDD}.AppStore|x86.Deploy.0 = AppStore|iPhone
		{ABA21B38-F274-4410-9F36-95C2DC829EDD}.Debug|Any CPU.ActiveCfg = Debug|iPhoneSimulator
		{ABA21B38-F274-4410-9F36-95C2DC829EDD}.Debug|Any CPU.Build.0 = Debug|iPhoneSimulator
		{ABA21B38-F274-4410-9F36-95C2DC829EDD}.Debug|Any CPU.Deploy.0 = Debug|iPhoneSimulator
		{ABA21B38-F274-4410-9F36-95C2DC829EDD}.Debug|ARM.ActiveCfg = Debug|iPhone
		{ABA21B38-F274-4410-9F36-95C2DC829EDD}.Debug|ARM.Build.0 = Debug|iPhone
		{ABA21B38-F274-4410-9F36-95C2DC829EDD}.Debug|ARM.Deploy.0 = Debug|iPhone
		{ABA21B38-F274-4410-9F36-95C2DC829EDD}.Debug|iPhone.ActiveCfg = Debug|iPhone
		{ABA21B38-F274-4410-9F36-95C2DC829EDD}.Debug|iPhone.Build.0 = Debug|iPhone
		{ABA21B38-F274-4410-9F36-95C2DC829EDD}.Debug|iPhone.Deploy.0 = Debug|iPhone
		{ABA21B38-F274-4410-9F36-95C2DC829EDD}.Debug|iPhoneSimulator.ActiveCfg = Debug|iPhoneSimulator
		{ABA21B38-F274-4410-9F36-95C2DC829EDD}.Debug|iPhoneSimulator.Build.0 = Debug|iPhoneSimulator
		{ABA21B38-F274-4410-9F36-95C2DC829EDD}.Debug|iPhoneSimulator.Deploy.0 = Debug|iPhoneSimulator
		{ABA21B38-F274-4410-9F36-95C2DC829EDD}.Debug|x64.ActiveCfg = Debug|iPhone
		{ABA21B38-F274-4410-9F36-95C2DC829EDD}.Debug|x64.Build.0 = Debug|iPhone
		{ABA21B38-F274-4410-9F36-95C2DC829EDD}.Debug|x64.Deploy.0 = Debug|iPhone
		{ABA21B38-F274-4410-9F36-95C2DC829EDD}.Debug|x86.ActiveCfg = Debug|iPhone
		{ABA21B38-F274-4410-9F36-95C2DC829EDD}.Debug|x86.Build.0 = Debug|iPhone
		{ABA21B38-F274-4410-9F36-95C2DC829EDD}.Debug|x86.Deploy.0 = Debug|iPhone
		{ABA21B38-F274-4410-9F36-95C2DC829EDD}.Release|Any CPU.ActiveCfg = Release|iPhone
		{ABA21B38-F274-4410-9F36-95C2DC829EDD}.Release|Any CPU.Build.0 = Release|iPhone
		{ABA21B38-F274-4410-9F36-95C2DC829EDD}.Release|Any CPU.Deploy.0 = Release|iPhone
		{ABA21B38-F274-4410-9F36-95C2DC829EDD}.Release|ARM.ActiveCfg = Release|iPhone
		{ABA21B38-F274-4410-9F36-95C2DC829EDD}.Release|ARM.Build.0 = Release|iPhone
		{ABA21B38-F274-4410-9F36-95C2DC829EDD}.Release|ARM.Deploy.0 = Release|iPhone
		{ABA21B38-F274-4410-9F36-95C2DC829EDD}.Release|iPhone.ActiveCfg = Release|iPhone
		{ABA21B38-F274-4410-9F36-95C2DC829EDD}.Release|iPhone.Build.0 = Release|iPhone
		{ABA21B38-F274-4410-9F36-95C2DC829EDD}.Release|iPhone.Deploy.0 = Release|iPhone
		{ABA21B38-F274-4410-9F36-95C2DC829EDD}.Release|iPhoneSimulator.ActiveCfg = Release|iPhoneSimulator
		{ABA21B38-F274-4410-9F36-95C2DC829EDD}.Release|iPhoneSimulator.Build.0 = Release|iPhoneSimulator
		{ABA21B38-F274-4410-9F36-95C2DC829EDD}.Release|iPhoneSimulator.Deploy.0 = Release|iPhoneSimulator
		{ABA21B38-F274-4410-9F36-95C2DC829EDD}.Release|x64.ActiveCfg = Release|iPhone
		{ABA21B38-F274-4410-9F36-95C2DC829EDD}.Release|x64.Build.0 = Release|iPhone
		{ABA21B38-F274-4410-9F36-95C2DC829EDD}.Release|x64.Deploy.0 = Release|iPhone
		{ABA21B38-F274-4410-9F36-95C2DC829EDD}.Release|x86.ActiveCfg = Release|iPhone
		{ABA21B38-F274-4410-9F36-95C2DC829EDD}.Release|x86.Build.0 = Release|iPhone
		{ABA21B38-F274-4410-9F36-95C2DC829EDD}.Release|x86.Deploy.0 = Release|iPhone
		{94C97681-019E-484E-A7E3-72606FEB1C20}.Ad-Hoc|Any CPU.ActiveCfg = Release|x86
		{94C97681-019E-484E-A7E3-72606FEB1C20}.Ad-Hoc|Any CPU.Build.0 = Release|x86
		{94C97681-019E-484E-A7E3-72606FEB1C20}.Ad-Hoc|Any CPU.Deploy.0 = Release|x86
		{94C97681-019E-484E-A7E3-72606FEB1C20}.Ad-Hoc|ARM.ActiveCfg = Release|ARM
		{94C97681-019E-484E-A7E3-72606FEB1C20}.Ad-Hoc|ARM.Build.0 = Release|ARM
		{94C97681-019E-484E-A7E3-72606FEB1C20}.Ad-Hoc|ARM.Deploy.0 = Release|ARM
		{94C97681-019E-484E-A7E3-72606FEB1C20}.Ad-Hoc|iPhone.ActiveCfg = Release|x86
		{94C97681-019E-484E-A7E3-72606FEB1C20}.Ad-Hoc|iPhone.Build.0 = Release|x86
		{94C97681-019E-484E-A7E3-72606FEB1C20}.Ad-Hoc|iPhone.Deploy.0 = Release|x86
		{94C97681-019E-484E-A7E3-72606FEB1C20}.Ad-Hoc|iPhoneSimulator.ActiveCfg = Release|x86
		{94C97681-019E-484E-A7E3-72606FEB1C20}.Ad-Hoc|iPhoneSimulator.Build.0 = Release|x86
		{94C97681-019E-484E-A7E3-72606FEB1C20}.Ad-Hoc|iPhoneSimulator.Deploy.0 = Release|x86
		{94C97681-019E-484E-A7E3-72606FEB1C20}.Ad-Hoc|x64.ActiveCfg = Release|x64
		{94C97681-019E-484E-A7E3-72606FEB1C20}.Ad-Hoc|x64.Build.0 = Release|x64
		{94C97681-019E-484E-A7E3-72606FEB1C20}.Ad-Hoc|x64.Deploy.0 = Release|x64
		{94C97681-019E-484E-A7E3-72606FEB1C20}.Ad-Hoc|x86.ActiveCfg = Release|x86
		{94C97681-019E-484E-A7E3-72606FEB1C20}.Ad-Hoc|x86.Build.0 = Release|x86
		{94C97681-019E-484E-A7E3-72606FEB1C20}.Ad-Hoc|x86.Deploy.0 = Release|x86
		{94C97681-019E-484E-A7E3-72606FEB1C20}.AppStore|Any CPU.ActiveCfg = Release|x86
		{94C97681-019E-484E-A7E3-72606FEB1C20}.AppStore|Any CPU.Build.0 = Release|x86
		{94C97681-019E-484E-A7E3-72606FEB1C20}.AppStore|Any CPU.Deploy.0 = Release|x86
		{94C97681-019E-484E-A7E3-72606FEB1C20}.AppStore|ARM.ActiveCfg = Release|ARM
		{94C97681-019E-484E-A7E3-72606FEB1C20}.AppStore|ARM.Build.0 = Release|ARM
		{94C97681-019E-484E-A7E3-72606FEB1C20}.AppStore|ARM.Deploy.0 = Release|ARM
		{94C97681-019E-484E-A7E3-72606FEB1C20}.AppStore|iPhone.ActiveCfg = Release|x86
		{94C97681-019E-484E-A7E3-72606FEB1C20}.AppStore|iPhone.Build.0 = Release|x86
		{94C97681-019E-484E-A7E3-72606FEB1C20}.AppStore|iPhone.Deploy.0 = Release|x86
		{94C97681-019E-484E-A7E3-72606FEB1C20}.AppStore|iPhoneSimulator.ActiveCfg = Release|x86
		{94C97681-019E-484E-A7E3-72606FEB1C20}.AppStore|iPhoneSimulator.Build.0 = Release|x86
		{94C97681-019E-484E-A7E3-72606FEB1C20}.AppStore|iPhoneSimulator.Deploy.0 = Release|x86
		{94C97681-019E-484E-A7E3-72606FEB1C20}.AppStore|x64.ActiveCfg = Release|x64
		{94C97681-019E-484E-A7E3-72606FEB1C20}.AppStore|x64.Build.0 = Release|x64
		{94C97681-019E-484E-A7E3-72606FEB1C20}.AppStore|x64.Deploy.0 = Release|x64
		{94C97681-019E-484E-A7E3-72606FEB1C20}.AppStore|x86.ActiveCfg = Release|x86
		{94C97681-019E-484E-A7E3-72606FEB1C20}.AppStore|x86.Build.0 = Release|x86
		{94C97681-019E-484E-A7E3-72606FEB1C20}.AppStore|x86.Deploy.0 = Release|x86
		{94C97681-019E-484E-A7E3-72606FEB1C20}.Debug|Any CPU.ActiveCfg = Debug|x86
		{94C97681-019E-484E-A7E3-72606FEB1C20}.Debug|Any CPU.Build.0 = Debug|x86
		{94C97681-019E-484E-A7E3-72606FEB1C20}.Debug|Any CPU.Deploy.0 = Debug|x86
		{94C97681-019E-484E-A7E3-72606FEB1C20}.Debug|ARM.ActiveCfg = Debug|ARM
		{94C97681-019E-484E-A7E3-72606FEB1C20}.Debug|ARM.Build.0 = Debug|ARM
		{94C97681-019E-484E-A7E3-72606FEB1C20}.Debug|ARM.Deploy.0 = Debug|ARM
		{94C97681-019E-484E-A7E3-72606FEB1C20}.Debug|iPhone.ActiveCfg = Debug|x86
		{94C97681-019E-484E-A7E3-72606FEB1C20}.Debug|iPhone.Build.0 = Debug|x86
		{94C97681-019E-484E-A7E3-72606FEB1C20}.Debug|iPhone.Deploy.0 = Debug|x86
		{94C97681-019E-484E-A7E3-72606FEB1C20}.Debug|iPhoneSimulator.ActiveCfg = Debug|x86
		{94C97681-019E-484E-A7E3-72606FEB1C20}.Debug|iPhoneSimulator.Build.0 = Debug|x86
		{94C97681-019E-484E-A7E3-72606FEB1C20}.Debug|iPhoneSimulator.Deploy.0 = Debug|x86
		{94C97681-019E-484E-A7E3-72606FEB1C20}.Debug|x64.ActiveCfg = Debug|x64
		{94C97681-019E-484E-A7E3-72606FEB1C20}.Debug|x64.Build.0 = Debug|x64
		{94C97681-019E-484E-A7E3-72606FEB1C20}.Debug|x64.Deploy.0 = Debug|x64
		{94C97681-019E-484E-A7E3-72606FEB1C20}.Debug|x86.ActiveCfg = Debug|x86
		{94C97681-019E-484E-A7E3-72606FEB1C20}.Debug|x86.Build.0 = Debug|x86
		{94C97681-019E-484E-A7E3-72606FEB1C20}.Debug|x86.Deploy.0 = Debug|x86
		{94C97681-019E-484E-A7E3-72606FEB1C20}.Release|Any CPU.ActiveCfg = Release|x86
		{94C97681-019E-484E-A7E3-72606FEB1C20}.Release|Any CPU.Build.0 = Release|x86
		{94C97681-019E-484E-A7E3-72606FEB1C20}.Release|Any CPU.Deploy.0 = Release|x86
		{94C97681-019E-484E-A7E3-72606FEB1C20}.Release|ARM.ActiveCfg = Release|ARM
		{94C97681-019E-484E-A7E3-72606FEB1C20}.Release|ARM.Build.0 = Release|ARM
		{94C97681-019E-484E-A7E3-72606FEB1C20}.Release|ARM.Deploy.0 = Release|ARM
		{94C97681-019E-484E-A7E3-72606FEB1C20}.Release|iPhone.ActiveCfg = Release|x86
		{94C97681-019E-484E-A7E3-72606FEB1C20}.Release|iPhone.Build.0 = Release|x86
		{94C97681-019E-484E-A7E3-72606FEB1C20}.Release|iPhone.Deploy.0 = Release|x86
		{94C97681-019E-484E-A7E3-72606FEB1C20}.Release|iPhoneSimulator.ActiveCfg = Release|x86
		{94C97681-019E-484E-A7E3-72606FEB1C20}.Release|iPhoneSimulator.Build.0 = Release|x86
		{94C97681-019E-484E-A7E3-72606FEB1C20}.Release|iPhoneSimulator.Deploy.0 = Release|x86
		{94C97681-019E-484E-A7E3-72606FEB1C20}.Release|x64.ActiveCfg = Release|x64
		{94C97681-019E-484E-A7E3-72606FEB1C20}.Release|x64.Build.0 = Release|x64
		{94C97681-019E-484E-A7E3-72606FEB1C20}.Release|x64.Deploy.0 = Release|x64
		{94C97681-019E-484E-A7E3-72606FEB1C20}.Release|x86.ActiveCfg = Release|x86
		{94C97681-019E-484E-A7E3-72606FEB1C20}.Release|x86.Build.0 = Release|x86
		{94C97681-019E-484E-A7E3-72606FEB1C20}.Release|x86.Deploy.0 = Release|x86
		{19253723-BABB-4425-BB25-BD076CAC0921}.Ad-Hoc|Any CPU.ActiveCfg = Debug|Any CPU
		{19253723-BABB-4425-BB25-BD076CAC0921}.Ad-Hoc|Any CPU.Build.0 = Debug|Any CPU
		{19253723-BABB-4425-BB25-BD076CAC0921}.Ad-Hoc|Any CPU.Deploy.0 = Debug|Any CPU
		{19253723-BABB-4425-BB25-BD076CAC0921}.Ad-Hoc|ARM.ActiveCfg = Debug|Any CPU
		{19253723-BABB-4425-BB25-BD076CAC0921}.Ad-Hoc|ARM.Build.0 = Debug|Any CPU
		{19253723-BABB-4425-BB25-BD076CAC0921}.Ad-Hoc|ARM.Deploy.0 = Debug|Any CPU
		{19253723-BABB-4425-BB25-BD076CAC0921}.Ad-Hoc|iPhone.ActiveCfg = Debug|Any CPU
		{19253723-BABB-4425-BB25-BD076CAC0921}.Ad-Hoc|iPhone.Build.0 = Debug|Any CPU
		{19253723-BABB-4425-BB25-BD076CAC0921}.Ad-Hoc|iPhone.Deploy.0 = Debug|Any CPU
		{19253723-BABB-4425-BB25-BD076CAC0921}.Ad-Hoc|iPhoneSimulator.ActiveCfg = Debug|Any CPU
		{19253723-BABB-4425-BB25-BD076CAC0921}.Ad-Hoc|iPhoneSimulator.Build.0 = Debug|Any CPU
		{19253723-BABB-4425-BB25-BD076CAC0921}.Ad-Hoc|iPhoneSimulator.Deploy.0 = Debug|Any CPU
		{19253723-BABB-4425-BB25-BD076CAC0921}.Ad-Hoc|x64.ActiveCfg = Debug|Any CPU
		{19253723-BABB-4425-BB25-BD076CAC0921}.Ad-Hoc|x64.Build.0 = Debug|Any CPU
		{19253723-BABB-4425-BB25-BD076CAC0921}.Ad-Hoc|x64.Deploy.0 = Debug|Any CPU
		{19253723-BABB-4425-BB25-BD076CAC0921}.Ad-Hoc|x86.ActiveCfg = Debug|Any CPU
		{19253723-BABB-4425-BB25-BD076CAC0921}.Ad-Hoc|x86.Build.0 = Debug|Any CPU
		{19253723-BABB-4425-BB25-BD076CAC0921}.Ad-Hoc|x86.Deploy.0 = Debug|Any CPU
		{19253723-BABB-4425-BB25-BD076CAC0921}.AppStore|Any CPU.ActiveCfg = Debug|Any CPU
		{19253723-BABB-4425-BB25-BD076CAC0921}.AppStore|Any CPU.Build.0 = Debug|Any CPU
		{19253723-BABB-4425-BB25-BD076CAC0921}.AppStore|Any CPU.Deploy.0 = Debug|Any CPU
		{19253723-BABB-4425-BB25-BD076CAC0921}.AppStore|ARM.ActiveCfg = Debug|Any CPU
		{19253723-BABB-4425-BB25-BD076CAC0921}.AppStore|ARM.Build.0 = Debug|Any CPU
		{19253723-BABB-4425-BB25-BD076CAC0921}.AppStore|ARM.Deploy.0 = Debug|Any CPU
		{19253723-BABB-4425-BB25-BD076CAC0921}.AppStore|iPhone.ActiveCfg = Debug|Any CPU
		{19253723-BABB-4425-BB25-BD076CAC0921}.AppStore|iPhone.Build.0 = Debug|Any CPU
		{19253723-BABB-4425-BB25-BD076CAC0921}.AppStore|iPhone.Deploy.0 = Debug|Any CPU
		{19253723-BABB-4425-BB25-BD076CAC0921}.AppStore|iPhoneSimulator.ActiveCfg = Debug|Any CPU
		{19253723-BABB-4425-BB25-BD076CAC0921}.AppStore|iPhoneSimulator.Build.0 = Debug|Any CPU
		{19253723-BABB-4425-BB25-BD076CAC0921}.AppStore|iPhoneSimulator.Deploy.0 = Debug|Any CPU
		{19253723-BABB-4425-BB25-BD076CAC0921}.AppStore|x64.ActiveCfg = Debug|Any CPU
		{19253723-BABB-4425-BB25-BD076CAC0921}.AppStore|x64.Build.0 = Debug|Any CPU
		{19253723-BABB-4425-BB25-BD076CAC0921}.AppStore|x64.Deploy.0 = Debug|Any CPU
		{19253723-BABB-4425-BB25-BD076CAC0921}.AppStore|x86.ActiveCfg = Debug|Any CPU
		{19253723-BABB-4425-BB25-BD076CAC0921}.AppStore|x86.Build.0 = Debug|Any CPU
		{19253723-BABB-4425-BB25-BD076CAC0921}.AppStore|x86.Deploy.0 = Debug|Any CPU
		{19253723-BABB-4425-BB25-BD076CAC0921}.Debug|Any CPU.ActiveCfg = Debug|Any CPU
		{19253723-BABB-4425-BB25-BD076CAC0921}.Debug|Any CPU.Build.0 = Debug|Any CPU
		{19253723-BABB-4425-BB25-BD076CAC0921}.Debug|Any CPU.Deploy.0 = Debug|Any CPU
		{19253723-BABB-4425-BB25-BD076CAC0921}.Debug|ARM.ActiveCfg = Debug|Any CPU
		{19253723-BABB-4425-BB25-BD076CAC0921}.Debug|ARM.Build.0 = Debug|Any CPU
		{19253723-BABB-4425-BB25-BD076CAC0921}.Debug|ARM.Deploy.0 = Debug|Any CPU
		{19253723-BABB-4425-BB25-BD076CAC0921}.Debug|iPhone.ActiveCfg = Debug|Any CPU
		{19253723-BABB-4425-BB25-BD076CAC0921}.Debug|iPhone.Build.0 = Debug|Any CPU
		{19253723-BABB-4425-BB25-BD076CAC0921}.Debug|iPhone.Deploy.0 = Debug|Any CPU
		{19253723-BABB-4425-BB25-BD076CAC0921}.Debug|iPhoneSimulator.ActiveCfg = Debug|Any CPU
		{19253723-BABB-4425-BB25-BD076CAC0921}.Debug|iPhoneSimulator.Build.0 = Debug|Any CPU
		{19253723-BABB-4425-BB25-BD076CAC0921}.Debug|iPhoneSimulator.Deploy.0 = Debug|Any CPU
		{19253723-BABB-4425-BB25-BD076CAC0921}.Debug|x64.ActiveCfg = Debug|Any CPU
		{19253723-BABB-4425-BB25-BD076CAC0921}.Debug|x64.Build.0 = Debug|Any CPU
		{19253723-BABB-4425-BB25-BD076CAC0921}.Debug|x64.Deploy.0 = Debug|Any CPU
		{19253723-BABB-4425-BB25-BD076CAC0921}.Debug|x86.ActiveCfg = Debug|Any CPU
		{19253723-BABB-4425-BB25-BD076CAC0921}.Debug|x86.Build.0 = Debug|Any CPU
		{19253723-BABB-4425-BB25-BD076CAC0921}.Debug|x86.Deploy.0 = Debug|Any CPU
		{19253723-BABB-4425-BB25-BD076CAC0921}.Release|Any CPU.ActiveCfg = Release|Any CPU
		{19253723-BABB-4425-BB25-BD076CAC0921}.Release|Any CPU.Build.0 = Release|Any CPU
		{19253723-BABB-4425-BB25-BD076CAC0921}.Release|Any CPU.Deploy.0 = Release|Any CPU
		{19253723-BABB-4425-BB25-BD076CAC0921}.Release|ARM.ActiveCfg = Release|Any CPU
		{19253723-BABB-4425-BB25-BD076CAC0921}.Release|ARM.Build.0 = Release|Any CPU
		{19253723-BABB-4425-BB25-BD076CAC0921}.Release|ARM.Deploy.0 = Release|Any CPU
		{19253723-BABB-4425-BB25-BD076CAC0921}.Release|iPhone.ActiveCfg = Release|Any CPU
		{19253723-BABB-4425-BB25-BD076CAC0921}.Release|iPhone.Build.0 = Release|Any CPU
		{19253723-BABB-4425-BB25-BD076CAC0921}.Release|iPhone.Deploy.0 = Release|Any CPU
		{19253723-BABB-4425-BB25-BD076CAC0921}.Release|iPhoneSimulator.ActiveCfg = Release|Any CPU
		{19253723-BABB-4425-BB25-BD076CAC0921}.Release|iPhoneSimulator.Build.0 = Release|Any CPU
		{19253723-BABB-4425-BB25-BD076CAC0921}.Release|iPhoneSimulator.Deploy.0 = Release|Any CPU
		{19253723-BABB-4425-BB25-BD076CAC0921}.Release|x64.ActiveCfg = Release|Any CPU
		{19253723-BABB-4425-BB25-BD076CAC0921}.Release|x64.Build.0 = Release|Any CPU
		{19253723-BABB-4425-BB25-BD076CAC0921}.Release|x64.Deploy.0 = Release|Any CPU
		{19253723-BABB-4425-BB25-BD076CAC0921}.Release|x86.ActiveCfg = Release|Any CPU
		{19253723-BABB-4425-BB25-BD076CAC0921}.Release|x86.Build.0 = Release|Any CPU
		{19253723-BABB-4425-BB25-BD076CAC0921}.Release|x86.Deploy.0 = Release|Any CPU
	EndGlobalSection
	GlobalSection(SolutionProperties) = preSolution
		HideSolutionNode = FALSE
	EndGlobalSection
	GlobalSection(ExtensibilityGlobals) = postSolution
		SolutionGuid = {C5BE15FA-E85B-4A55-954A-8B3465FBA01C}
	EndGlobalSection
EndGlobal
