
Microsoft Visual Studio Solution File, Format Version 12.00
# Visual Studio 15
VisualStudioVersion = 15.0.27428.2043
MinimumVisualStudioVersion = 10.0.40219.1
Project("{FAE04EC0-301F-11D3-BF4B-00C04F79EFBC}") = "App2_ListaBrasil.Android", "App2_ListaBrasil\App2_ListaBrasil.Android\App2_ListaBrasil.Android.csproj", "{4B63A7B3-90B0-4080-B83D-8875F54CF572}"
EndProject
Project("{FAE04EC0-301F-11D3-BF4B-00C04F79EFBC}") = "App2_ListaBrasil.iOS", "App2_ListaBrasil\App2_ListaBrasil.iOS\App2_ListaBrasil.iOS.csproj", "{5C7672FB-9027-4D2F-92F7-817D6581EC88}"
EndProject
Project("{FAE04EC0-301F-11D3-BF4B-00C04F79EFBC}") = "App2_ListaBrasil.UWP", "App2_ListaBrasil\App2_ListaBrasil.UWP\App2_ListaBrasil.UWP.csproj", "{9209FC52-4D19-4047-9365-51D92DE49C02}"
EndProject
Project("{FAE04EC0-301F-11D3-BF4B-00C04F79EFBC}") = "App2_ListaBrasil", "App2_ListaBrasil\App2_ListaBrasil\App2_ListaBrasil.csproj", "{418F919E-FB2B-45C0-A4EC-012DEAE34E1E}"
EndProject
Global
	GlobalSection(SolutionConfigurationPlatforms) = preSolution
		Ad-Hoc|Any CPU = Ad-Hoc|Any CPU
		Ad-Hoc|ARM = Ad-Hoc|ARM
		Ad-Hoc|iPhone = Ad-Hoc|iPhone
		Ad-Hoc|iPhoneSimulator = Ad-Hoc|iPhoneSimulator
		Ad-Hoc|x64 = Ad-Hoc|x64
		Ad-Hoc|x86 = Ad-Hoc|x86
		AppStore|Any CPU = AppStore|Any CPU
		AppStore|ARM = AppStore|ARM
		AppStore|iPhone = AppStore|iPhone
		AppStore|iPhoneSimulator = AppStore|iPhoneSimulator
		AppStore|x64 = AppStore|x64
		AppStore|x86 = AppStore|x86
		Debug|Any CPU = Debug|Any CPU
		Debug|ARM = Debug|ARM
		Debug|iPhone = Debug|iPhone
		Debug|iPhoneSimulator = Debug|iPhoneSimulator
		Debug|x64 = Debug|x64
		Debug|x86 = Debug|x86
		Release|Any CPU = Release|Any CPU
		Release|ARM = Release|ARM
		Release|iPhone = Release|iPhone
		Release|iPhoneSimulator = Release|iPhoneSimulator
		Release|x64 = Release|x64
		Release|x86 = Release|x86
	EndGlobalSection
	GlobalSection(ProjectConfigurationPlatforms) = postSolution
		{4B63A7B3-90B0-4080-B83D-8875F54CF572}.Ad-Hoc|Any CPU.ActiveCfg = Release|Any CPU
		{4B63A7B3-90B0-4080-B83D-8875F54CF572}.Ad-Hoc|Any CPU.Build.0 = Release|Any CPU
		{4B63A7B3-90B0-4080-B83D-8875F54CF572}.Ad-Hoc|Any CPU.Deploy.0 = Release|Any CPU
		{4B63A7B3-90B0-4080-B83D-8875F54CF572}.Ad-Hoc|ARM.ActiveCfg = Release|Any CPU
		{4B63A7B3-90B0-4080-B83D-8875F54CF572}.Ad-Hoc|ARM.Build.0 = Release|Any CPU
		{4B63A7B3-90B0-4080-B83D-8875F54CF572}.Ad-Hoc|ARM.Deploy.0 = Release|Any CPU
		{4B63A7B3-90B0-4080-B83D-8875F54CF572}.Ad-Hoc|iPhone.ActiveCfg = Release|Any CPU
		{4B63A7B3-90B0-4080-B83D-8875F54CF572}.Ad-Hoc|iPhone.Build.0 = Release|Any CPU
		{4B63A7B3-90B0-4080-B83D-8875F54CF572}.Ad-Hoc|iPhone.Deploy.0 = Release|Any CPU
		{4B63A7B3-90B0-4080-B83D-8875F54CF572}.Ad-Hoc|iPhoneSimulator.ActiveCfg = Release|Any CPU
		{4B63A7B3-90B0-4080-B83D-8875F54CF572}.Ad-Hoc|iPhoneSimulator.Build.0 = Release|Any CPU
		{4B63A7B3-90B0-4080-B83D-8875F54CF572}.Ad-Hoc|iPhoneSimulator.Deploy.0 = Release|Any CPU
		{4B63A7B3-90B0-4080-B83D-8875F54CF572}.Ad-Hoc|x64.ActiveCfg = Release|Any CPU
		{4B63A7B3-90B0-4080-B83D-8875F54CF572}.Ad-Hoc|x64.Build.0 = Release|Any CPU
		{4B63A7B3-90B0-4080-B83D-8875F54CF572}.Ad-Hoc|x64.Deploy.0 = Release|Any CPU
		{4B63A7B3-90B0-4080-B83D-8875F54CF572}.Ad-Hoc|x86.ActiveCfg = Release|Any CPU
		{4B63A7B3-90B0-4080-B83D-8875F54CF572}.Ad-Hoc|x86.Build.0 = Release|Any CPU
		{4B63A7B3-90B0-4080-B83D-8875F54CF572}.Ad-Hoc|x86.Deploy.0 = Release|Any CPU
		{4B63A7B3-90B0-4080-B83D-8875F54CF572}.AppStore|Any CPU.ActiveCfg = Release|Any CPU
		{4B63A7B3-90B0-4080-B83D-8875F54CF572}.AppStore|Any CPU.Build.0 = Release|Any CPU
		{4B63A7B3-90B0-4080-B83D-8875F54CF572}.AppStore|Any CPU.Deploy.0 = Release|Any CPU
		{4B63A7B3-90B0-4080-B83D-8875F54CF572}.AppStore|ARM.ActiveCfg = Release|Any CPU
		{4B63A7B3-90B0-4080-B83D-8875F54CF572}.AppStore|ARM.Build.0 = Release|Any CPU
		{4B63A7B3-90B0-4080-B83D-8875F54CF572}.AppStore|ARM.Deploy.0 = Release|Any CPU
		{4B63A7B3-90B0-4080-B83D-8875F54CF572}.AppStore|iPhone.ActiveCfg = Release|Any CPU
		{4B63A7B3-90B0-4080-B83D-8875F54CF572}.AppStore|iPhone.Build.0 = Release|Any CPU
		{4B63A7B3-90B0-4080-B83D-8875F54CF572}.AppStore|iPhone.Deploy.0 = Release|Any CPU
		{4B63A7B3-90B0-4080-B83D-8875F54CF572}.AppStore|iPhoneSimulator.ActiveCfg = Release|Any CPU
		{4B63A7B3-90B0-4080-B83D-8875F54CF572}.AppStore|iPhoneSimulator.Build.0 = Release|Any CPU
		{4B63A7B3-90B0-4080-B83D-8875F54CF572}.AppStore|iPhoneSimulator.Deploy.0 = Release|Any CPU
		{4B63A7B3-90B0-4080-B83D-8875F54CF572}.AppStore|x64.ActiveCfg = Release|Any CPU
		{4B63A7B3-90B0-4080-B83D-8875F54CF572}.AppStore|x64.Build.0 = Release|Any CPU
		{4B63A7B3-90B0-4080-B83D-8875F54CF572}.AppStore|x64.Deploy.0 = Release|Any CPU
		{4B63A7B3-90B0-4080-B83D-8875F54CF572}.AppStore|x86.ActiveCfg = Release|Any CPU
		{4B63A7B3-90B0-4080-B83D-8875F54CF572}.AppStore|x86.Build.0 = Release|Any CPU
		{4B63A7B3-90B0-4080-B83D-8875F54CF572}.AppStore|x86.Deploy.0 = Release|Any CPU
		{4B63A7B3-90B0-4080-B83D-8875F54CF572}.Debug|Any CPU.ActiveCfg = Debug|Any CPU
		{4B63A7B3-90B0-4080-B83D-8875F54CF572}.Debug|Any CPU.Build.0 = Debug|Any CPU
		{4B63A7B3-90B0-4080-B83D-8875F54CF572}.Debug|Any CPU.Deploy.0 = Debug|Any CPU
		{4B63A7B3-90B0-4080-B83D-8875F54CF572}.Debug|ARM.ActiveCfg = Debug|Any CPU
		{4B63A7B3-90B0-4080-B83D-8875F54CF572}.Debug|ARM.Build.0 = Debug|Any CPU
		{4B63A7B3-90B0-4080-B83D-8875F54CF572}.Debug|ARM.Deploy.0 = Debug|Any CPU
		{4B63A7B3-90B0-4080-B83D-8875F54CF572}.Debug|iPhone.ActiveCfg = Debug|Any CPU
		{4B63A7B3-90B0-4080-B83D-8875F54CF572}.Debug|iPhone.Build.0 = Debug|Any CPU
		{4B63A7B3-90B0-4080-B83D-8875F54CF572}.Debug|iPhone.Deploy.0 = Debug|Any CPU
		{4B63A7B3-90B0-4080-B83D-8875F54CF572}.Debug|iPhoneSimulator.ActiveCfg = Debug|Any CPU
		{4B63A7B3-90B0-4080-B83D-8875F54CF572}.Debug|iPhoneSimulator.Build.0 = Debug|Any CPU
		{4B63A7B3-90B0-4080-B83D-8875F54CF572}.Debug|iPhoneSimulator.Deploy.0 = Debug|Any CPU
		{4B63A7B3-90B0-4080-B83D-8875F54CF572}.Debug|x64.ActiveCfg = Debug|Any CPU
		{4B63A7B3-90B0-4080-B83D-8875F54CF572}.Debug|x64.Build.0 = Debug|Any CPU
		{4B63A7B3-90B0-4080-B83D-8875F54CF572}.Debug|x64.Deploy.0 = Debug|Any CPU
		{4B63A7B3-90B0-4080-B83D-8875F54CF572}.Debug|x86.ActiveCfg = Debug|Any CPU
		{4B63A7B3-90B0-4080-B83D-8875F54CF572}.Debug|x86.Build.0 = Debug|Any CPU
		{4B63A7B3-90B0-4080-B83D-8875F54CF572}.Debug|x86.Deploy.0 = Debug|Any CPU
		{4B63A7B3-90B0-4080-B83D-8875F54CF572}.Release|Any CPU.ActiveCfg = Release|Any CPU
		{4B63A7B3-90B0-4080-B83D-8875F54CF572}.Release|Any CPU.Build.0 = Release|Any CPU
		{4B63A7B3-90B0-4080-B83D-8875F54CF572}.Release|Any CPU.Deploy.0 = Release|Any CPU
		{4B63A7B3-90B0-4080-B83D-8875F54CF572}.Release|ARM.ActiveCfg = Release|Any CPU
		{4B63A7B3-90B0-4080-B83D-8875F54CF572}.Release|ARM.Build.0 = Release|Any CPU
		{4B63A7B3-90B0-4080-B83D-8875F54CF572}.Release|ARM.Deploy.0 = Release|Any CPU
		{4B63A7B3-90B0-4080-B83D-8875F54CF572}.Release|iPhone.ActiveCfg = Release|Any CPU
		{4B63A7B3-90B0-4080-B83D-8875F54CF572}.Release|iPhone.Build.0 = Release|Any CPU
		{4B63A7B3-90B0-4080-B83D-8875F54CF572}.Release|iPhone.Deploy.0 = Release|Any CPU
		{4B63A7B3-90B0-4080-B83D-8875F54CF572}.Release|iPhoneSimulator.ActiveCfg = Release|Any CPU
		{4B63A7B3-90B0-4080-B83D-8875F54CF572}.Release|iPhoneSimulator.Build.0 = Release|Any CPU
		{4B63A7B3-90B0-4080-B83D-8875F54CF572}.Release|iPhoneSimulator.Deploy.0 = Release|Any CPU
		{4B63A7B3-90B0-4080-B83D-8875F54CF572}.Release|x64.ActiveCfg = Release|Any CPU
		{4B63A7B3-90B0-4080-B83D-8875F54CF572}.Release|x64.Build.0 = Release|Any CPU
		{4B63A7B3-90B0-4080-B83D-8875F54CF572}.Release|x64.Deploy.0 = Release|Any CPU
		{4B63A7B3-90B0-4080-B83D-8875F54CF572}.Release|x86.ActiveCfg = Release|Any CPU
		{4B63A7B3-90B0-4080-B83D-8875F54CF572}.Release|x86.Build.0 = Release|Any CPU
		{4B63A7B3-90B0-4080-B83D-8875F54CF572}.Release|x86.Deploy.0 = Release|Any CPU
		{5C7672FB-9027-4D2F-92F7-817D6581EC88}.Ad-Hoc|Any CPU.ActiveCfg = Ad-Hoc|iPhone
		{5C7672FB-9027-4D2F-92F7-817D6581EC88}.Ad-Hoc|ARM.ActiveCfg = Ad-Hoc|iPhone
		{5C7672FB-9027-4D2F-92F7-817D6581EC88}.Ad-Hoc|iPhone.ActiveCfg = Ad-Hoc|iPhone
		{5C7672FB-9027-4D2F-92F7-817D6581EC88}.Ad-Hoc|iPhone.Build.0 = Ad-Hoc|iPhone
		{5C7672FB-9027-4D2F-92F7-817D6581EC88}.Ad-Hoc|iPhoneSimulator.ActiveCfg = Ad-Hoc|iPhoneSimulator
		{5C7672FB-9027-4D2F-92F7-817D6581EC88}.Ad-Hoc|iPhoneSimulator.Build.0 = Ad-Hoc|iPhoneSimulator
		{5C7672FB-9027-4D2F-92F7-817D6581EC88}.Ad-Hoc|x64.ActiveCfg = Ad-Hoc|iPhone
		{5C7672FB-9027-4D2F-92F7-817D6581EC88}.Ad-Hoc|x86.ActiveCfg = Ad-Hoc|iPhone
		{5C7672FB-9027-4D2F-92F7-817D6581EC88}.AppStore|Any CPU.ActiveCfg = AppStore|iPhone
		{5C7672FB-9027-4D2F-92F7-817D6581EC88}.AppStore|ARM.ActiveCfg = AppStore|iPhone
		{5C7672FB-9027-4D2F-92F7-817D6581EC88}.AppStore|iPhone.ActiveCfg = AppStore|iPhone
		{5C7672FB-9027-4D2F-92F7-817D6581EC88}.AppStore|iPhone.Build.0 = AppStore|iPhone
		{5C7672FB-9027-4D2F-92F7-817D6581EC88}.AppStore|iPhoneSimulator.ActiveCfg = AppStore|iPhoneSimulator
		{5C7672FB-9027-4D2F-92F7-817D6581EC88}.AppStore|iPhoneSimulator.Build.0 = AppStore|iPhoneSimulator
		{5C7672FB-9027-4D2F-92F7-817D6581EC88}.AppStore|x64.ActiveCfg = AppStore|iPhone
		{5C7672FB-9027-4D2F-92F7-817D6581EC88}.AppStore|x86.ActiveCfg = AppStore|iPhone
		{5C7672FB-9027-4D2F-92F7-817D6581EC88}.Debug|Any CPU.ActiveCfg = Debug|iPhone
		{5C7672FB-9027-4D2F-92F7-817D6581EC88}.Debug|ARM.ActiveCfg = Debug|iPhone
		{5C7672FB-9027-4D2F-92F7-817D6581EC88}.Debug|iPhone.ActiveCfg = Debug|iPhone
		{5C7672FB-9027-4D2F-92F7-817D6581EC88}.Debug|iPhone.Build.0 = Debug|iPhone
		{5C7672FB-9027-4D2F-92F7-817D6581EC88}.Debug|iPhoneSimulator.ActiveCfg = Debug|iPhoneSimulator
		{5C7672FB-9027-4D2F-92F7-817D6581EC88}.Debug|iPhoneSimulator.Build.0 = Debug|iPhoneSimulator
		{5C7672FB-9027-4D2F-92F7-817D6581EC88}.Debug|x64.ActiveCfg = Debug|iPhone
		{5C7672FB-9027-4D2F-92F7-817D6581EC88}.Debug|x86.ActiveCfg = Debug|iPhone
		{5C7672FB-9027-4D2F-92F7-817D6581EC88}.Release|Any CPU.ActiveCfg = Release|iPhone
		{5C7672FB-9027-4D2F-92F7-817D6581EC88}.Release|ARM.ActiveCfg = Release|iPhone
		{5C7672FB-9027-4D2F-92F7-817D6581EC88}.Release|iPhone.ActiveCfg = Release|iPhone
		{5C7672FB-9027-4D2F-92F7-817D6581EC88}.Release|iPhone.Build.0 = Release|iPhone
		{5C7672FB-9027-4D2F-92F7-817D6581EC88}.Release|iPhoneSimulator.ActiveCfg = Release|iPhoneSimulator
		{5C7672FB-9027-4D2F-92F7-817D6581EC88}.Release|iPhoneSimulator.Build.0 = Release|iPhoneSimulator
		{5C7672FB-9027-4D2F-92F7-817D6581EC88}.Release|x64.ActiveCfg = Release|iPhone
		{5C7672FB-9027-4D2F-92F7-817D6581EC88}.Release|x86.ActiveCfg = Release|iPhone
		{9209FC52-4D19-4047-9365-51D92DE49C02}.Ad-Hoc|Any CPU.ActiveCfg = Release|x86
		{9209FC52-4D19-4047-9365-51D92DE49C02}.Ad-Hoc|Any CPU.Build.0 = Release|x86
		{9209FC52-4D19-4047-9365-51D92DE49C02}.Ad-Hoc|Any CPU.Deploy.0 = Release|x86
		{9209FC52-4D19-4047-9365-51D92DE49C02}.Ad-Hoc|ARM.ActiveCfg = Release|ARM
		{9209FC52-4D19-4047-9365-51D92DE49C02}.Ad-Hoc|ARM.Build.0 = Release|ARM
		{9209FC52-4D19-4047-9365-51D92DE49C02}.Ad-Hoc|ARM.Deploy.0 = Release|ARM
		{9209FC52-4D19-4047-9365-51D92DE49C02}.Ad-Hoc|iPhone.ActiveCfg = Release|x86
		{9209FC52-4D19-4047-9365-51D92DE49C02}.Ad-Hoc|iPhone.Build.0 = Release|x86
		{9209FC52-4D19-4047-9365-51D92DE49C02}.Ad-Hoc|iPhone.Deploy.0 = Release|x86
		{9209FC52-4D19-4047-9365-51D92DE49C02}.Ad-Hoc|iPhoneSimulator.ActiveCfg = Release|x86
		{9209FC52-4D19-4047-9365-51D92DE49C02}.Ad-Hoc|iPhoneSimulator.Build.0 = Release|x86
		{9209FC52-4D19-4047-9365-51D92DE49C02}.Ad-Hoc|iPhoneSimulator.Deploy.0 = Release|x86
		{9209FC52-4D19-4047-9365-51D92DE49C02}.Ad-Hoc|x64.ActiveCfg = Release|x64
		{9209FC52-4D19-4047-9365-51D92DE49C02}.Ad-Hoc|x64.Build.0 = Release|x64
		{9209FC52-4D19-4047-9365-51D92DE49C02}.Ad-Hoc|x64.Deploy.0 = Release|x64
		{9209FC52-4D19-4047-9365-51D92DE49C02}.Ad-Hoc|x86.ActiveCfg = Release|x86
		{9209FC52-4D19-4047-9365-51D92DE49C02}.Ad-Hoc|x86.Build.0 = Release|x86
		{9209FC52-4D19-4047-9365-51D92DE49C02}.Ad-Hoc|x86.Deploy.0 = Release|x86
		{9209FC52-4D19-4047-9365-51D92DE49C02}.AppStore|Any CPU.ActiveCfg = Release|x86
		{9209FC52-4D19-4047-9365-51D92DE49C02}.AppStore|Any CPU.Build.0 = Release|x86
		{9209FC52-4D19-4047-9365-51D92DE49C02}.AppStore|Any CPU.Deploy.0 = Release|x86
		{9209FC52-4D19-4047-9365-51D92DE49C02}.AppStore|ARM.ActiveCfg = Release|ARM
		{9209FC52-4D19-4047-9365-51D92DE49C02}.AppStore|ARM.Build.0 = Release|ARM
		{9209FC52-4D19-4047-9365-51D92DE49C02}.AppStore|ARM.Deploy.0 = Release|ARM
		{9209FC52-4D19-4047-9365-51D92DE49C02}.AppStore|iPhone.ActiveCfg = Release|x86
		{9209FC52-4D19-4047-9365-51D92DE49C02}.AppStore|iPhone.Build.0 = Release|x86
		{9209FC52-4D19-4047-9365-51D92DE49C02}.AppStore|iPhone.Deploy.0 = Release|x86
		{9209FC52-4D19-4047-9365-51D92DE49C02}.AppStore|iPhoneSimulator.ActiveCfg = Release|x86
		{9209FC52-4D19-4047-9365-51D92DE49C02}.AppStore|iPhoneSimulator.Build.0 = Release|x86
		{9209FC52-4D19-4047-9365-51D92DE49C02}.AppStore|iPhoneSimulator.Deploy.0 = Release|x86
		{9209FC52-4D19-4047-9365-51D92DE49C02}.AppStore|x64.ActiveCfg = Release|x64
		{9209FC52-4D19-4047-9365-51D92DE49C02}.AppStore|x64.Build.0 = Release|x64
		{9209FC52-4D19-4047-9365-51D92DE49C02}.AppStore|x64.Deploy.0 = Release|x64
		{9209FC52-4D19-4047-9365-51D92DE49C02}.AppStore|x86.ActiveCfg = Release|x86
		{9209FC52-4D19-4047-9365-51D92DE49C02}.AppStore|x86.Build.0 = Release|x86
		{9209FC52-4D19-4047-9365-51D92DE49C02}.AppStore|x86.Deploy.0 = Release|x86
		{9209FC52-4D19-4047-9365-51D92DE49C02}.Debug|Any CPU.ActiveCfg = Debug|x86
		{9209FC52-4D19-4047-9365-51D92DE49C02}.Debug|ARM.ActiveCfg = Debug|ARM
		{9209FC52-4D19-4047-9365-51D92DE49C02}.Debug|ARM.Build.0 = Debug|ARM
		{9209FC52-4D19-4047-9365-51D92DE49C02}.Debug|ARM.Deploy.0 = Debug|ARM
		{9209FC52-4D19-4047-9365-51D92DE49C02}.Debug|iPhone.ActiveCfg = Debug|x86
		{9209FC52-4D19-4047-9365-51D92DE49C02}.Debug|iPhoneSimulator.ActiveCfg = Debug|x86
		{9209FC52-4D19-4047-9365-51D92DE49C02}.Debug|x64.ActiveCfg = Debug|x64
		{9209FC52-4D19-4047-9365-51D92DE49C02}.Debug|x64.Build.0 = Debug|x64
		{9209FC52-4D19-4047-9365-51D92DE49C02}.Debug|x64.Deploy.0 = Debug|x64
		{9209FC52-4D19-4047-9365-51D92DE49C02}.Debug|x86.ActiveCfg = Debug|x86
		{9209FC52-4D19-4047-9365-51D92DE49C02}.Debug|x86.Build.0 = Debug|x86
		{9209FC52-4D19-4047-9365-51D92DE49C02}.Debug|x86.Deploy.0 = Debug|x86
		{9209FC52-4D19-4047-9365-51D92DE49C02}.Release|Any CPU.ActiveCfg = Release|x86
		{9209FC52-4D19-4047-9365-51D92DE49C02}.Release|ARM.ActiveCfg = Release|ARM
		{9209FC52-4D19-4047-9365-51D92DE49C02}.Release|ARM.Build.0 = Release|ARM
		{9209FC52-4D19-4047-9365-51D92DE49C02}.Release|ARM.Deploy.0 = Release|ARM
		{9209FC52-4D19-4047-9365-51D92DE49C02}.Release|iPhone.ActiveCfg = Release|x86
		{9209FC52-4D19-4047-9365-51D92DE49C02}.Release|iPhoneSimulator.ActiveCfg = Release|x86
		{9209FC52-4D19-4047-9365-51D92DE49C02}.Release|x64.ActiveCfg = Release|x64
		{9209FC52-4D19-4047-9365-51D92DE49C02}.Release|x64.Build.0 = Release|x64
		{9209FC52-4D19-4047-9365-51D92DE49C02}.Release|x64.Deploy.0 = Release|x64
		{9209FC52-4D19-4047-9365-51D92DE49C02}.Release|x86.ActiveCfg = Release|x86
		{9209FC52-4D19-4047-9365-51D92DE49C02}.Release|x86.Build.0 = Release|x86
		{9209FC52-4D19-4047-9365-51D92DE49C02}.Release|x86.Deploy.0 = Release|x86
		{418F919E-FB2B-45C0-A4EC-012DEAE34E1E}.Ad-Hoc|Any CPU.ActiveCfg = Debug|Any CPU
		{418F919E-FB2B-45C0-A4EC-012DEAE34E1E}.Ad-Hoc|Any CPU.Build.0 = Debug|Any CPU
		{418F919E-FB2B-45C0-A4EC-012DEAE34E1E}.Ad-Hoc|ARM.ActiveCfg = Debug|Any CPU
		{418F919E-FB2B-45C0-A4EC-012DEAE34E1E}.Ad-Hoc|ARM.Build.0 = Debug|Any CPU
		{418F919E-FB2B-45C0-A4EC-012DEAE34E1E}.Ad-Hoc|iPhone.ActiveCfg = Debug|Any CPU
		{418F919E-FB2B-45C0-A4EC-012DEAE34E1E}.Ad-Hoc|iPhone.Build.0 = Debug|Any CPU
		{418F919E-FB2B-45C0-A4EC-012DEAE34E1E}.Ad-Hoc|iPhoneSimulator.ActiveCfg = Debug|Any CPU
		{418F919E-FB2B-45C0-A4EC-012DEAE34E1E}.Ad-Hoc|iPhoneSimulator.Build.0 = Debug|Any CPU
		{418F919E-FB2B-45C0-A4EC-012DEAE34E1E}.Ad-Hoc|x64.ActiveCfg = Debug|Any CPU
		{418F919E-FB2B-45C0-A4EC-012DEAE34E1E}.Ad-Hoc|x64.Build.0 = Debug|Any CPU
		{418F919E-FB2B-45C0-A4EC-012DEAE34E1E}.Ad-Hoc|x86.ActiveCfg = Debug|Any CPU
		{418F919E-FB2B-45C0-A4EC-012DEAE34E1E}.Ad-Hoc|x86.Build.0 = Debug|Any CPU
		{418F919E-FB2B-45C0-A4EC-012DEAE34E1E}.AppStore|Any CPU.ActiveCfg = Debug|Any CPU
		{418F919E-FB2B-45C0-A4EC-012DEAE34E1E}.AppStore|Any CPU.Build.0 = Debug|Any CPU
		{418F919E-FB2B-45C0-A4EC-012DEAE34E1E}.AppStore|ARM.ActiveCfg = Debug|Any CPU
		{418F919E-FB2B-45C0-A4EC-012DEAE34E1E}.AppStore|ARM.Build.0 = Debug|Any CPU
		{418F919E-FB2B-45C0-A4EC-012DEAE34E1E}.AppStore|iPhone.ActiveCfg = Debug|Any CPU
		{418F919E-FB2B-45C0-A4EC-012DEAE34E1E}.AppStore|iPhone.Build.0 = Debug|Any CPU
		{418F919E-FB2B-45C0-A4EC-012DEAE34E1E}.AppStore|iPhoneSimulator.ActiveCfg = Debug|Any CPU
		{418F919E-FB2B-45C0-A4EC-012DEAE34E1E}.AppStore|iPhoneSimulator.Build.0 = Debug|Any CPU
		{418F919E-FB2B-45C0-A4EC-012DEAE34E1E}.AppStore|x64.ActiveCfg = Debug|Any CPU
		{418F919E-FB2B-45C0-A4EC-012DEAE34E1E}.AppStore|x64.Build.0 = Debug|Any CPU
		{418F919E-FB2B-45C0-A4EC-012DEAE34E1E}.AppStore|x86.ActiveCfg = Debug|Any CPU
		{418F919E-FB2B-45C0-A4EC-012DEAE34E1E}.AppStore|x86.Build.0 = Debug|Any CPU
		{418F919E-FB2B-45C0-A4EC-012DEAE34E1E}.Debug|Any CPU.ActiveCfg = Debug|Any CPU
		{418F919E-FB2B-45C0-A4EC-012DEAE34E1E}.Debug|Any CPU.Build.0 = Debug|Any CPU
		{418F919E-FB2B-45C0-A4EC-012DEAE34E1E}.Debug|ARM.ActiveCfg = Debug|Any CPU
		{418F919E-FB2B-45C0-A4EC-012DEAE34E1E}.Debug|ARM.Build.0 = Debug|Any CPU
		{418F919E-FB2B-45C0-A4EC-012DEAE34E1E}.Debug|iPhone.ActiveCfg = Debug|Any CPU
		{418F919E-FB2B-45C0-A4EC-012DEAE34E1E}.Debug|iPhone.Build.0 = Debug|Any CPU
		{418F919E-FB2B-45C0-A4EC-012DEAE34E1E}.Debug|iPhoneSimulator.ActiveCfg = Debug|Any CPU
		{418F919E-FB2B-45C0-A4EC-012DEAE34E1E}.Debug|iPhoneSimulator.Build.0 = Debug|Any CPU
		{418F919E-FB2B-45C0-A4EC-012DEAE34E1E}.Debug|x64.ActiveCfg = Debug|Any CPU
		{418F919E-FB2B-45C0-A4EC-012DEAE34E1E}.Debug|x64.Build.0 = Debug|Any CPU
		{418F919E-FB2B-45C0-A4EC-012DEAE34E1E}.Debug|x86.ActiveCfg = Debug|Any CPU
		{418F919E-FB2B-45C0-A4EC-012DEAE34E1E}.Debug|x86.Build.0 = Debug|Any CPU
		{418F919E-FB2B-45C0-A4EC-012DEAE34E1E}.Release|Any CPU.ActiveCfg = Release|Any CPU
		{418F919E-FB2B-45C0-A4EC-012DEAE34E1E}.Release|Any CPU.Build.0 = Release|Any CPU
		{418F919E-FB2B-45C0-A4EC-012DEAE34E1E}.Release|ARM.ActiveCfg = Release|Any CPU
		{418F919E-FB2B-45C0-A4EC-012DEAE34E1E}.Release|ARM.Build.0 = Release|Any CPU
		{418F919E-FB2B-45C0-A4EC-012DEAE34E1E}.Release|iPhone.ActiveCfg = Release|Any CPU
		{418F919E-FB2B-45C0-A4EC-012DEAE34E1E}.Release|iPhone.Build.0 = Release|Any CPU
		{418F919E-FB2B-45C0-A4EC-012DEAE34E1E}.Release|iPhoneSimulator.ActiveCfg = Release|Any CPU
		{418F919E-FB2B-45C0-A4EC-012DEAE34E1E}.Release|iPhoneSimulator.Build.0 = Release|Any CPU
		{418F919E-FB2B-45C0-A4EC-012DEAE34E1E}.Release|x64.ActiveCfg = Release|Any CPU
		{418F919E-FB2B-45C0-A4EC-012DEAE34E1E}.Release|x64.Build.0 = Release|Any CPU
		{418F919E-FB2B-45C0-A4EC-012DEAE34E1E}.Release|x86.ActiveCfg = Release|Any CPU
		{418F919E-FB2B-45C0-A4EC-012DEAE34E1E}.Release|x86.Build.0 = Release|Any CPU
	EndGlobalSection
	GlobalSection(SolutionProperties) = preSolution
		HideSolutionNode = FALSE
	EndGlobalSection
	GlobalSection(ExtensibilityGlobals) = postSolution
		SolutionGuid = {F35902A1-FAB0-4634-A5EC-3B42689A52F0}
	EndGlobalSection
EndGlobal
