
Microsoft Visual Studio Solution File, Format Version 12.00
# Visual Studio 15
VisualStudioVersion = 15.0.27703.2018
MinimumVisualStudioVersion = 10.0.40219.1
Project("{FAE04EC0-301F-11D3-BF4B-00C04F79EFBC}") = "App1_NossoChat.Android", "App1_NossoChat\App1_NossoChat.Android\App1_NossoChat.Android.csproj", "{A3AEB45C-5A2C-41C1-9FC6-ECD7098D753A}"
EndProject
Project("{FAE04EC0-301F-11D3-BF4B-00C04F79EFBC}") = "App1_NossoChat.iOS", "App1_NossoChat\App1_NossoChat.iOS\App1_NossoChat.iOS.csproj", "{7691F86B-30E8-4A86-AD94-B7EC2F2F3274}"
EndProject
Project("{FAE04EC0-301F-11D3-BF4B-00C04F79EFBC}") = "App1_NossoChat.UWP", "App1_NossoChat\App1_NossoChat.UWP\App1_NossoChat.UWP.csproj", "{CB31F293-71DA-4D59-8FBC-DE771B537FE7}"
EndProject
Project("{FAE04EC0-301F-11D3-BF4B-00C04F79EFBC}") = "App1_NossoChat", "App1_NossoChat\App1_NossoChat\App1_NossoChat.csproj", "{16C37929-9EF7-4780-B8A7-7FFB7FF5B156}"
EndProject
Global
	GlobalSection(SolutionConfigurationPlatforms) = preSolution
		Ad-Hoc|Any CPU = Ad-Hoc|Any CPU
		Ad-Hoc|ARM = Ad-Hoc|ARM
		Ad-Hoc|iPhone = Ad-Hoc|iPhone
		Ad-Hoc|iPhoneSimulator = Ad-Hoc|iPhoneSimulator
		Ad-Hoc|x64 = Ad-Hoc|x64
		Ad-Hoc|x86 = Ad-Hoc|x86
		AppStore|Any CPU = AppStore|Any CPU
		AppStore|ARM = AppStore|ARM
		AppStore|iPhone = AppStore|iPhone
		AppStore|iPhoneSimulator = AppStore|iPhoneSimulator
		AppStore|x64 = AppStore|x64
		AppStore|x86 = AppStore|x86
		Debug|Any CPU = Debug|Any CPU
		Debug|ARM = Debug|ARM
		Debug|iPhone = Debug|iPhone
		Debug|iPhoneSimulator = Debug|iPhoneSimulator
		Debug|x64 = Debug|x64
		Debug|x86 = Debug|x86
		Release|Any CPU = Release|Any CPU
		Release|ARM = Release|ARM
		Release|iPhone = Release|iPhone
		Release|iPhoneSimulator = Release|iPhoneSimulator
		Release|x64 = Release|x64
		Release|x86 = Release|x86
	EndGlobalSection
	GlobalSection(ProjectConfigurationPlatforms) = postSolution
		{A3AEB45C-5A2C-41C1-9FC6-ECD7098D753A}.Ad-Hoc|Any CPU.ActiveCfg = Release|Any CPU
		{A3AEB45C-5A2C-41C1-9FC6-ECD7098D753A}.Ad-Hoc|Any CPU.Build.0 = Release|Any CPU
		{A3AEB45C-5A2C-41C1-9FC6-ECD7098D753A}.Ad-Hoc|Any CPU.Deploy.0 = Release|Any CPU
		{A3AEB45C-5A2C-41C1-9FC6-ECD7098D753A}.Ad-Hoc|ARM.ActiveCfg = Release|Any CPU
		{A3AEB45C-5A2C-41C1-9FC6-ECD7098D753A}.Ad-Hoc|ARM.Build.0 = Release|Any CPU
		{A3AEB45C-5A2C-41C1-9FC6-ECD7098D753A}.Ad-Hoc|ARM.Deploy.0 = Release|Any CPU
		{A3AEB45C-5A2C-41C1-9FC6-ECD7098D753A}.Ad-Hoc|iPhone.ActiveCfg = Release|Any CPU
		{A3AEB45C-5A2C-41C1-9FC6-ECD7098D753A}.Ad-Hoc|iPhone.Build.0 = Release|Any CPU
		{A3AEB45C-5A2C-41C1-9FC6-ECD7098D753A}.Ad-Hoc|iPhone.Deploy.0 = Release|Any CPU
		{A3AEB45C-5A2C-41C1-9FC6-ECD7098D753A}.Ad-Hoc|iPhoneSimulator.ActiveCfg = Release|Any CPU
		{A3AEB45C-5A2C-41C1-9FC6-ECD7098D753A}.Ad-Hoc|iPhoneSimulator.Build.0 = Release|Any CPU
		{A3AEB45C-5A2C-41C1-9FC6-ECD7098D753A}.Ad-Hoc|iPhoneSimulator.Deploy.0 = Release|Any CPU
		{A3AEB45C-5A2C-41C1-9FC6-ECD7098D753A}.Ad-Hoc|x64.ActiveCfg = Release|Any CPU
		{A3AEB45C-5A2C-41C1-9FC6-ECD7098D753A}.Ad-Hoc|x64.Build.0 = Release|Any CPU
		{A3AEB45C-5A2C-41C1-9FC6-ECD7098D753A}.Ad-Hoc|x64.Deploy.0 = Release|Any CPU
		{A3AEB45C-5A2C-41C1-9FC6-ECD7098D753A}.Ad-Hoc|x86.ActiveCfg = Release|Any CPU
		{A3AEB45C-5A2C-41C1-9FC6-ECD7098D753A}.Ad-Hoc|x86.Build.0 = Release|Any CPU
		{A3AEB45C-5A2C-41C1-9FC6-ECD7098D753A}.Ad-Hoc|x86.Deploy.0 = Release|Any CPU
		{A3AEB45C-5A2C-41C1-9FC6-ECD7098D753A}.AppStore|Any CPU.ActiveCfg = Release|Any CPU
		{A3AEB45C-5A2C-41C1-9FC6-ECD7098D753A}.AppStore|Any CPU.Build.0 = Release|Any CPU
		{A3AEB45C-5A2C-41C1-9FC6-ECD7098D753A}.AppStore|Any CPU.Deploy.0 = Release|Any CPU
		{A3AEB45C-5A2C-41C1-9FC6-ECD7098D753A}.AppStore|ARM.ActiveCfg = Release|Any CPU
		{A3AEB45C-5A2C-41C1-9FC6-ECD7098D753A}.AppStore|ARM.Build.0 = Release|Any CPU
		{A3AEB45C-5A2C-41C1-9FC6-ECD7098D753A}.AppStore|ARM.Deploy.0 = Release|Any CPU
		{A3AEB45C-5A2C-41C1-9FC6-ECD7098D753A}.AppStore|iPhone.ActiveCfg = Release|Any CPU
		{A3AEB45C-5A2C-41C1-9FC6-ECD7098D753A}.AppStore|iPhone.Build.0 = Release|Any CPU
		{A3AEB45C-5A2C-41C1-9FC6-ECD7098D753A}.AppStore|iPhone.Deploy.0 = Release|Any CPU
		{A3AEB45C-5A2C-41C1-9FC6-ECD7098D753A}.AppStore|iPhoneSimulator.ActiveCfg = Release|Any CPU
		{A3AEB45C-5A2C-41C1-9FC6-ECD7098D753A}.AppStore|iPhoneSimulator.Build.0 = Release|Any CPU
		{A3AEB45C-5A2C-41C1-9FC6-ECD7098D753A}.AppStore|iPhoneSimulator.Deploy.0 = Release|Any CPU
		{A3AEB45C-5A2C-41C1-9FC6-ECD7098D753A}.AppStore|x64.ActiveCfg = Release|Any CPU
		{A3AEB45C-5A2C-41C1-9FC6-ECD7098D753A}.AppStore|x64.Build.0 = Release|Any CPU
		{A3AEB45C-5A2C-41C1-9FC6-ECD7098D753A}.AppStore|x64.Deploy.0 = Release|Any CPU
		{A3AEB45C-5A2C-41C1-9FC6-ECD7098D753A}.AppStore|x86.ActiveCfg = Release|Any CPU
		{A3AEB45C-5A2C-41C1-9FC6-ECD7098D753A}.AppStore|x86.Build.0 = Release|Any CPU
		{A3AEB45C-5A2C-41C1-9FC6-ECD7098D753A}.AppStore|x86.Deploy.0 = Release|Any CPU
		{A3AEB45C-5A2C-41C1-9FC6-ECD7098D753A}.Debug|Any CPU.ActiveCfg = Debug|Any CPU
		{A3AEB45C-5A2C-41C1-9FC6-ECD7098D753A}.Debug|Any CPU.Build.0 = Debug|Any CPU
		{A3AEB45C-5A2C-41C1-9FC6-ECD7098D753A}.Debug|Any CPU.Deploy.0 = Debug|Any CPU
		{A3AEB45C-5A2C-41C1-9FC6-ECD7098D753A}.Debug|ARM.ActiveCfg = Debug|Any CPU
		{A3AEB45C-5A2C-41C1-9FC6-ECD7098D753A}.Debug|ARM.Build.0 = Debug|Any CPU
		{A3AEB45C-5A2C-41C1-9FC6-ECD7098D753A}.Debug|ARM.Deploy.0 = Debug|Any CPU
		{A3AEB45C-5A2C-41C1-9FC6-ECD7098D753A}.Debug|iPhone.ActiveCfg = Debug|Any CPU
		{A3AEB45C-5A2C-41C1-9FC6-ECD7098D753A}.Debug|iPhone.Build.0 = Debug|Any CPU
		{A3AEB45C-5A2C-41C1-9FC6-ECD7098D753A}.Debug|iPhone.Deploy.0 = Debug|Any CPU
		{A3AEB45C-5A2C-41C1-9FC6-ECD7098D753A}.Debug|iPhoneSimulator.ActiveCfg = Debug|Any CPU
		{A3AEB45C-5A2C-41C1-9FC6-ECD7098D753A}.Debug|iPhoneSimulator.Build.0 = Debug|Any CPU
		{A3AEB45C-5A2C-41C1-9FC6-ECD7098D753A}.Debug|iPhoneSimulator.Deploy.0 = Debug|Any CPU
		{A3AEB45C-5A2C-41C1-9FC6-ECD7098D753A}.Debug|x64.ActiveCfg = Debug|Any CPU
		{A3AEB45C-5A2C-41C1-9FC6-ECD7098D753A}.Debug|x64.Build.0 = Debug|Any CPU
		{A3AEB45C-5A2C-41C1-9FC6-ECD7098D753A}.Debug|x64.Deploy.0 = Debug|Any CPU
		{A3AEB45C-5A2C-41C1-9FC6-ECD7098D753A}.Debug|x86.ActiveCfg = Debug|Any CPU
		{A3AEB45C-5A2C-41C1-9FC6-ECD7098D753A}.Debug|x86.Build.0 = Debug|Any CPU
		{A3AEB45C-5A2C-41C1-9FC6-ECD7098D753A}.Debug|x86.Deploy.0 = Debug|Any CPU
		{A3AEB45C-5A2C-41C1-9FC6-ECD7098D753A}.Release|Any CPU.ActiveCfg = Release|Any CPU
		{A3AEB45C-5A2C-41C1-9FC6-ECD7098D753A}.Release|Any CPU.Build.0 = Release|Any CPU
		{A3AEB45C-5A2C-41C1-9FC6-ECD7098D753A}.Release|Any CPU.Deploy.0 = Release|Any CPU
		{A3AEB45C-5A2C-41C1-9FC6-ECD7098D753A}.Release|ARM.ActiveCfg = Release|Any CPU
		{A3AEB45C-5A2C-41C1-9FC6-ECD7098D753A}.Release|ARM.Build.0 = Release|Any CPU
		{A3AEB45C-5A2C-41C1-9FC6-ECD7098D753A}.Release|ARM.Deploy.0 = Release|Any CPU
		{A3AEB45C-5A2C-41C1-9FC6-ECD7098D753A}.Release|iPhone.ActiveCfg = Release|Any CPU
		{A3AEB45C-5A2C-41C1-9FC6-ECD7098D753A}.Release|iPhone.Build.0 = Release|Any CPU
		{A3AEB45C-5A2C-41C1-9FC6-ECD7098D753A}.Release|iPhone.Deploy.0 = Release|Any CPU
		{A3AEB45C-5A2C-41C1-9FC6-ECD7098D753A}.Release|iPhoneSimulator.ActiveCfg = Release|Any CPU
		{A3AEB45C-5A2C-41C1-9FC6-ECD7098D753A}.Release|iPhoneSimulator.Build.0 = Release|Any CPU
		{A3AEB45C-5A2C-41C1-9FC6-ECD7098D753A}.Release|iPhoneSimulator.Deploy.0 = Release|Any CPU
		{A3AEB45C-5A2C-41C1-9FC6-ECD7098D753A}.Release|x64.ActiveCfg = Release|Any CPU
		{A3AEB45C-5A2C-41C1-9FC6-ECD7098D753A}.Release|x64.Build.0 = Release|Any CPU
		{A3AEB45C-5A2C-41C1-9FC6-ECD7098D753A}.Release|x64.Deploy.0 = Release|Any CPU
		{A3AEB45C-5A2C-41C1-9FC6-ECD7098D753A}.Release|x86.ActiveCfg = Release|Any CPU
		{A3AEB45C-5A2C-41C1-9FC6-ECD7098D753A}.Release|x86.Build.0 = Release|Any CPU
		{A3AEB45C-5A2C-41C1-9FC6-ECD7098D753A}.Release|x86.Deploy.0 = Release|Any CPU
		{7691F86B-30E8-4A86-AD94-B7EC2F2F3274}.Ad-Hoc|Any CPU.ActiveCfg = Ad-Hoc|iPhone
		{7691F86B-30E8-4A86-AD94-B7EC2F2F3274}.Ad-Hoc|Any CPU.Build.0 = Ad-Hoc|iPhone
		{7691F86B-30E8-4A86-AD94-B7EC2F2F3274}.Ad-Hoc|Any CPU.Deploy.0 = Ad-Hoc|iPhone
		{7691F86B-30E8-4A86-AD94-B7EC2F2F3274}.Ad-Hoc|ARM.ActiveCfg = Ad-Hoc|iPhone
		{7691F86B-30E8-4A86-AD94-B7EC2F2F3274}.Ad-Hoc|ARM.Build.0 = Ad-Hoc|iPhone
		{7691F86B-30E8-4A86-AD94-B7EC2F2F3274}.Ad-Hoc|ARM.Deploy.0 = Ad-Hoc|iPhone
		{7691F86B-30E8-4A86-AD94-B7EC2F2F3274}.Ad-Hoc|iPhone.ActiveCfg = Ad-Hoc|iPhone
		{7691F86B-30E8-4A86-AD94-B7EC2F2F3274}.Ad-Hoc|iPhone.Build.0 = Ad-Hoc|iPhone
		{7691F86B-30E8-4A86-AD94-B7EC2F2F3274}.Ad-Hoc|iPhone.Deploy.0 = Ad-Hoc|iPhone
		{7691F86B-30E8-4A86-AD94-B7EC2F2F3274}.Ad-Hoc|iPhoneSimulator.ActiveCfg = Ad-Hoc|iPhoneSimulator
		{7691F86B-30E8-4A86-AD94-B7EC2F2F3274}.Ad-Hoc|iPhoneSimulator.Build.0 = Ad-Hoc|iPhoneSimulator
		{7691F86B-30E8-4A86-AD94-B7EC2F2F3274}.Ad-Hoc|iPhoneSimulator.Deploy.0 = Ad-Hoc|iPhoneSimulator
		{7691F86B-30E8-4A86-AD94-B7EC2F2F3274}.Ad-Hoc|x64.ActiveCfg = Ad-Hoc|iPhone
		{7691F86B-30E8-4A86-AD94-B7EC2F2F3274}.Ad-Hoc|x64.Build.0 = Ad-Hoc|iPhone
		{7691F86B-30E8-4A86-AD94-B7EC2F2F3274}.Ad-Hoc|x64.Deploy.0 = Ad-Hoc|iPhone
		{7691F86B-30E8-4A86-AD94-B7EC2F2F3274}.Ad-Hoc|x86.ActiveCfg = Ad-Hoc|iPhone
		{7691F86B-30E8-4A86-AD94-B7EC2F2F3274}.Ad-Hoc|x86.Build.0 = Ad-Hoc|iPhone
		{7691F86B-30E8-4A86-AD94-B7EC2F2F3274}.Ad-Hoc|x86.Deploy.0 = Ad-Hoc|iPhone
		{7691F86B-30E8-4A86-AD94-B7EC2F2F3274}.AppStore|Any CPU.ActiveCfg = AppStore|iPhone
		{7691F86B-30E8-4A86-AD94-B7EC2F2F3274}.AppStore|Any CPU.Build.0 = AppStore|iPhone
		{7691F86B-30E8-4A86-AD94-B7EC2F2F3274}.AppStore|Any CPU.Deploy.0 = AppStore|iPhone
		{7691F86B-30E8-4A86-AD94-B7EC2F2F3274}.AppStore|ARM.ActiveCfg = AppStore|iPhone
		{7691F86B-30E8-4A86-AD94-B7EC2F2F3274}.AppStore|ARM.Build.0 = AppStore|iPhone
		{7691F86B-30E8-4A86-AD94-B7EC2F2F3274}.AppStore|ARM.Deploy.0 = AppStore|iPhone
		{7691F86B-30E8-4A86-AD94-B7EC2F2F3274}.AppStore|iPhone.ActiveCfg = AppStore|iPhone
		{7691F86B-30E8-4A86-AD94-B7EC2F2F3274}.AppStore|iPhone.Build.0 = AppStore|iPhone
		{7691F86B-30E8-4A86-AD94-B7EC2F2F3274}.AppStore|iPhone.Deploy.0 = AppStore|iPhone
		{7691F86B-30E8-4A86-AD94-B7EC2F2F3274}.AppStore|iPhoneSimulator.ActiveCfg = AppStore|iPhoneSimulator
		{7691F86B-30E8-4A86-AD94-B7EC2F2F3274}.AppStore|iPhoneSimulator.Build.0 = AppStore|iPhoneSimulator
		{7691F86B-30E8-4A86-AD94-B7EC2F2F3274}.AppStore|iPhoneSimulator.Deploy.0 = AppStore|iPhoneSimulator
		{7691F86B-30E8-4A86-AD94-B7EC2F2F3274}.AppStore|x64.ActiveCfg = AppStore|iPhone
		{7691F86B-30E8-4A86-AD94-B7EC2F2F3274}.AppStore|x64.Build.0 = AppStore|iPhone
		{7691F86B-30E8-4A86-AD94-B7EC2F2F3274}.AppStore|x64.Deploy.0 = AppStore|iPhone
		{7691F86B-30E8-4A86-AD94-B7EC2F2F3274}.AppStore|x86.ActiveCfg = AppStore|iPhone
		{7691F86B-30E8-4A86-AD94-B7EC2F2F3274}.AppStore|x86.Build.0 = AppStore|iPhone
		{7691F86B-30E8-4A86-AD94-B7EC2F2F3274}.AppStore|x86.Deploy.0 = AppStore|iPhone
		{7691F86B-30E8-4A86-AD94-B7EC2F2F3274}.Debug|Any CPU.ActiveCfg = Debug|iPhoneSimulator
		{7691F86B-30E8-4A86-AD94-B7EC2F2F3274}.Debug|Any CPU.Build.0 = Debug|iPhoneSimulator
		{7691F86B-30E8-4A86-AD94-B7EC2F2F3274}.Debug|Any CPU.Deploy.0 = Debug|iPhoneSimulator
		{7691F86B-30E8-4A86-AD94-B7EC2F2F3274}.Debug|ARM.ActiveCfg = Debug|iPhone
		{7691F86B-30E8-4A86-AD94-B7EC2F2F3274}.Debug|ARM.Build.0 = Debug|iPhone
		{7691F86B-30E8-4A86-AD94-B7EC2F2F3274}.Debug|ARM.Deploy.0 = Debug|iPhone
		{7691F86B-30E8-4A86-AD94-B7EC2F2F3274}.Debug|iPhone.ActiveCfg = Debug|iPhone
		{7691F86B-30E8-4A86-AD94-B7EC2F2F3274}.Debug|iPhone.Build.0 = Debug|iPhone
		{7691F86B-30E8-4A86-AD94-B7EC2F2F3274}.Debug|iPhone.Deploy.0 = Debug|iPhone
		{7691F86B-30E8-4A86-AD94-B7EC2F2F3274}.Debug|iPhoneSimulator.ActiveCfg = Debug|iPhoneSimulator
		{7691F86B-30E8-4A86-AD94-B7EC2F2F3274}.Debug|iPhoneSimulator.Build.0 = Debug|iPhoneSimulator
		{7691F86B-30E8-4A86-AD94-B7EC2F2F3274}.Debug|iPhoneSimulator.Deploy.0 = Debug|iPhoneSimulator
		{7691F86B-30E8-4A86-AD94-B7EC2F2F3274}.Debug|x64.ActiveCfg = Debug|iPhone
		{7691F86B-30E8-4A86-AD94-B7EC2F2F3274}.Debug|x64.Build.0 = Debug|iPhone
		{7691F86B-30E8-4A86-AD94-B7EC2F2F3274}.Debug|x64.Deploy.0 = Debug|iPhone
		{7691F86B-30E8-4A86-AD94-B7EC2F2F3274}.Debug|x86.ActiveCfg = Debug|iPhone
		{7691F86B-30E8-4A86-AD94-B7EC2F2F3274}.Debug|x86.Build.0 = Debug|iPhone
		{7691F86B-30E8-4A86-AD94-B7EC2F2F3274}.Debug|x86.Deploy.0 = Debug|iPhone
		{7691F86B-30E8-4A86-AD94-B7EC2F2F3274}.Release|Any CPU.ActiveCfg = Release|iPhone
		{7691F86B-30E8-4A86-AD94-B7EC2F2F3274}.Release|Any CPU.Build.0 = Release|iPhone
		{7691F86B-30E8-4A86-AD94-B7EC2F2F3274}.Release|Any CPU.Deploy.0 = Release|iPhone
		{7691F86B-30E8-4A86-AD94-B7EC2F2F3274}.Release|ARM.ActiveCfg = Release|iPhone
		{7691F86B-30E8-4A86-AD94-B7EC2F2F3274}.Release|ARM.Build.0 = Release|iPhone
		{7691F86B-30E8-4A86-AD94-B7EC2F2F3274}.Release|ARM.Deploy.0 = Release|iPhone
		{7691F86B-30E8-4A86-AD94-B7EC2F2F3274}.Release|iPhone.ActiveCfg = Release|iPhone
		{7691F86B-30E8-4A86-AD94-B7EC2F2F3274}.Release|iPhone.Build.0 = Release|iPhone
		{7691F86B-30E8-4A86-AD94-B7EC2F2F3274}.Release|iPhone.Deploy.0 = Release|iPhone
		{7691F86B-30E8-4A86-AD94-B7EC2F2F3274}.Release|iPhoneSimulator.ActiveCfg = Release|iPhoneSimulator
		{7691F86B-30E8-4A86-AD94-B7EC2F2F3274}.Release|iPhoneSimulator.Build.0 = Release|iPhoneSimulator
		{7691F86B-30E8-4A86-AD94-B7EC2F2F3274}.Release|iPhoneSimulator.Deploy.0 = Release|iPhoneSimulator
		{7691F86B-30E8-4A86-AD94-B7EC2F2F3274}.Release|x64.ActiveCfg = Release|iPhone
		{7691F86B-30E8-4A86-AD94-B7EC2F2F3274}.Release|x64.Build.0 = Release|iPhone
		{7691F86B-30E8-4A86-AD94-B7EC2F2F3274}.Release|x64.Deploy.0 = Release|iPhone
		{7691F86B-30E8-4A86-AD94-B7EC2F2F3274}.Release|x86.ActiveCfg = Release|iPhone
		{7691F86B-30E8-4A86-AD94-B7EC2F2F3274}.Release|x86.Build.0 = Release|iPhone
		{7691F86B-30E8-4A86-AD94-B7EC2F2F3274}.Release|x86.Deploy.0 = Release|iPhone
		{CB31F293-71DA-4D59-8FBC-DE771B537FE7}.Ad-Hoc|Any CPU.ActiveCfg = Release|x86
		{CB31F293-71DA-4D59-8FBC-DE771B537FE7}.Ad-Hoc|Any CPU.Build.0 = Release|x86
		{CB31F293-71DA-4D59-8FBC-DE771B537FE7}.Ad-Hoc|Any CPU.Deploy.0 = Release|x86
		{CB31F293-71DA-4D59-8FBC-DE771B537FE7}.Ad-Hoc|ARM.ActiveCfg = Release|ARM
		{CB31F293-71DA-4D59-8FBC-DE771B537FE7}.Ad-Hoc|ARM.Build.0 = Release|ARM
		{CB31F293-71DA-4D59-8FBC-DE771B537FE7}.Ad-Hoc|ARM.Deploy.0 = Release|ARM
		{CB31F293-71DA-4D59-8FBC-DE771B537FE7}.Ad-Hoc|iPhone.ActiveCfg = Release|x86
		{CB31F293-71DA-4D59-8FBC-DE771B537FE7}.Ad-Hoc|iPhone.Build.0 = Release|x86
		{CB31F293-71DA-4D59-8FBC-DE771B537FE7}.Ad-Hoc|iPhone.Deploy.0 = Release|x86
		{CB31F293-71DA-4D59-8FBC-DE771B537FE7}.Ad-Hoc|iPhoneSimulator.ActiveCfg = Release|x86
		{CB31F293-71DA-4D59-8FBC-DE771B537FE7}.Ad-Hoc|iPhoneSimulator.Build.0 = Release|x86
		{CB31F293-71DA-4D59-8FBC-DE771B537FE7}.Ad-Hoc|iPhoneSimulator.Deploy.0 = Release|x86
		{CB31F293-71DA-4D59-8FBC-DE771B537FE7}.Ad-Hoc|x64.ActiveCfg = Release|x64
		{CB31F293-71DA-4D59-8FBC-DE771B537FE7}.Ad-Hoc|x64.Build.0 = Release|x64
		{CB31F293-71DA-4D59-8FBC-DE771B537FE7}.Ad-Hoc|x64.Deploy.0 = Release|x64
		{CB31F293-71DA-4D59-8FBC-DE771B537FE7}.Ad-Hoc|x86.ActiveCfg = Release|x86
		{CB31F293-71DA-4D59-8FBC-DE771B537FE7}.Ad-Hoc|x86.Build.0 = Release|x86
		{CB31F293-71DA-4D59-8FBC-DE771B537FE7}.Ad-Hoc|x86.Deploy.0 = Release|x86
		{CB31F293-71DA-4D59-8FBC-DE771B537FE7}.AppStore|Any CPU.ActiveCfg = Release|x86
		{CB31F293-71DA-4D59-8FBC-DE771B537FE7}.AppStore|Any CPU.Build.0 = Release|x86
		{CB31F293-71DA-4D59-8FBC-DE771B537FE7}.AppStore|Any CPU.Deploy.0 = Release|x86
		{CB31F293-71DA-4D59-8FBC-DE771B537FE7}.AppStore|ARM.ActiveCfg = Release|ARM
		{CB31F293-71DA-4D59-8FBC-DE771B537FE7}.AppStore|ARM.Build.0 = Release|ARM
		{CB31F293-71DA-4D59-8FBC-DE771B537FE7}.AppStore|ARM.Deploy.0 = Release|ARM
		{CB31F293-71DA-4D59-8FBC-DE771B537FE7}.AppStore|iPhone.ActiveCfg = Release|x86
		{CB31F293-71DA-4D59-8FBC-DE771B537FE7}.AppStore|iPhone.Build.0 = Release|x86
		{CB31F293-71DA-4D59-8FBC-DE771B537FE7}.AppStore|iPhone.Deploy.0 = Release|x86
		{CB31F293-71DA-4D59-8FBC-DE771B537FE7}.AppStore|iPhoneSimulator.ActiveCfg = Release|x86
		{CB31F293-71DA-4D59-8FBC-DE771B537FE7}.AppStore|iPhoneSimulator.Build.0 = Release|x86
		{CB31F293-71DA-4D59-8FBC-DE771B537FE7}.AppStore|iPhoneSimulator.Deploy.0 = Release|x86
		{CB31F293-71DA-4D59-8FBC-DE771B537FE7}.AppStore|x64.ActiveCfg = Release|x64
		{CB31F293-71DA-4D59-8FBC-DE771B537FE7}.AppStore|x64.Build.0 = Release|x64
		{CB31F293-71DA-4D59-8FBC-DE771B537FE7}.AppStore|x64.Deploy.0 = Release|x64
		{CB31F293-71DA-4D59-8FBC-DE771B537FE7}.AppStore|x86.ActiveCfg = Release|x86
		{CB31F293-71DA-4D59-8FBC-DE771B537FE7}.AppStore|x86.Build.0 = Release|x86
		{CB31F293-71DA-4D59-8FBC-DE771B537FE7}.AppStore|x86.Deploy.0 = Release|x86
		{CB31F293-71DA-4D59-8FBC-DE771B537FE7}.Debug|Any CPU.ActiveCfg = Debug|x86
		{CB31F293-71DA-4D59-8FBC-DE771B537FE7}.Debug|Any CPU.Build.0 = Debug|x86
		{CB31F293-71DA-4D59-8FBC-DE771B537FE7}.Debug|Any CPU.Deploy.0 = Debug|x86
		{CB31F293-71DA-4D59-8FBC-DE771B537FE7}.Debug|ARM.ActiveCfg = Debug|ARM
		{CB31F293-71DA-4D59-8FBC-DE771B537FE7}.Debug|ARM.Build.0 = Debug|ARM
		{CB31F293-71DA-4D59-8FBC-DE771B537FE7}.Debug|ARM.Deploy.0 = Debug|ARM
		{CB31F293-71DA-4D59-8FBC-DE771B537FE7}.Debug|iPhone.ActiveCfg = Debug|x86
		{CB31F293-71DA-4D59-8FBC-DE771B537FE7}.Debug|iPhone.Build.0 = Debug|x86
		{CB31F293-71DA-4D59-8FBC-DE771B537FE7}.Debug|iPhone.Deploy.0 = Debug|x86
		{CB31F293-71DA-4D59-8FBC-DE771B537FE7}.Debug|iPhoneSimulator.ActiveCfg = Debug|x86
		{CB31F293-71DA-4D59-8FBC-DE771B537FE7}.Debug|iPhoneSimulator.Build.0 = Debug|x86
		{CB31F293-71DA-4D59-8FBC-DE771B537FE7}.Debug|iPhoneSimulator.Deploy.0 = Debug|x86
		{CB31F293-71DA-4D59-8FBC-DE771B537FE7}.Debug|x64.ActiveCfg = Debug|x64
		{CB31F293-71DA-4D59-8FBC-DE771B537FE7}.Debug|x64.Build.0 = Debug|x64
		{CB31F293-71DA-4D59-8FBC-DE771B537FE7}.Debug|x64.Deploy.0 = Debug|x64
		{CB31F293-71DA-4D59-8FBC-DE771B537FE7}.Debug|x86.ActiveCfg = Debug|x86
		{CB31F293-71DA-4D59-8FBC-DE771B537FE7}.Debug|x86.Build.0 = Debug|x86
		{CB31F293-71DA-4D59-8FBC-DE771B537FE7}.Debug|x86.Deploy.0 = Debug|x86
		{CB31F293-71DA-4D59-8FBC-DE771B537FE7}.Release|Any CPU.ActiveCfg = Release|x86
		{CB31F293-71DA-4D59-8FBC-DE771B537FE7}.Release|Any CPU.Build.0 = Release|x86
		{CB31F293-71DA-4D59-8FBC-DE771B537FE7}.Release|Any CPU.Deploy.0 = Release|x86
		{CB31F293-71DA-4D59-8FBC-DE771B537FE7}.Release|ARM.ActiveCfg = Release|ARM
		{CB31F293-71DA-4D59-8FBC-DE771B537FE7}.Release|ARM.Build.0 = Release|ARM
		{CB31F293-71DA-4D59-8FBC-DE771B537FE7}.Release|ARM.Deploy.0 = Release|ARM
		{CB31F293-71DA-4D59-8FBC-DE771B537FE7}.Release|iPhone.ActiveCfg = Release|x86
		{CB31F293-71DA-4D59-8FBC-DE771B537FE7}.Release|iPhone.Build.0 = Release|x86
		{CB31F293-71DA-4D59-8FBC-DE771B537FE7}.Release|iPhone.Deploy.0 = Release|x86
		{CB31F293-71DA-4D59-8FBC-DE771B537FE7}.Release|iPhoneSimulator.ActiveCfg = Release|x86
		{CB31F293-71DA-4D59-8FBC-DE771B537FE7}.Release|iPhoneSimulator.Build.0 = Release|x86
		{CB31F293-71DA-4D59-8FBC-DE771B537FE7}.Release|iPhoneSimulator.Deploy.0 = Release|x86
		{CB31F293-71DA-4D59-8FBC-DE771B537FE7}.Release|x64.ActiveCfg = Release|x64
		{CB31F293-71DA-4D59-8FBC-DE771B537FE7}.Release|x64.Build.0 = Release|x64
		{CB31F293-71DA-4D59-8FBC-DE771B537FE7}.Release|x64.Deploy.0 = Release|x64
		{CB31F293-71DA-4D59-8FBC-DE771B537FE7}.Release|x86.ActiveCfg = Release|x86
		{CB31F293-71DA-4D59-8FBC-DE771B537FE7}.Release|x86.Build.0 = Release|x86
		{CB31F293-71DA-4D59-8FBC-DE771B537FE7}.Release|x86.Deploy.0 = Release|x86
		{16C37929-9EF7-4780-B8A7-7FFB7FF5B156}.Ad-Hoc|Any CPU.ActiveCfg = Debug|Any CPU
		{16C37929-9EF7-4780-B8A7-7FFB7FF5B156}.Ad-Hoc|Any CPU.Build.0 = Debug|Any CPU
		{16C37929-9EF7-4780-B8A7-7FFB7FF5B156}.Ad-Hoc|Any CPU.Deploy.0 = Debug|Any CPU
		{16C37929-9EF7-4780-B8A7-7FFB7FF5B156}.Ad-Hoc|ARM.ActiveCfg = Debug|Any CPU
		{16C37929-9EF7-4780-B8A7-7FFB7FF5B156}.Ad-Hoc|ARM.Build.0 = Debug|Any CPU
		{16C37929-9EF7-4780-B8A7-7FFB7FF5B156}.Ad-Hoc|ARM.Deploy.0 = Debug|Any CPU
		{16C37929-9EF7-4780-B8A7-7FFB7FF5B156}.Ad-Hoc|iPhone.ActiveCfg = Debug|Any CPU
		{16C37929-9EF7-4780-B8A7-7FFB7FF5B156}.Ad-Hoc|iPhone.Build.0 = Debug|Any CPU
		{16C37929-9EF7-4780-B8A7-7FFB7FF5B156}.Ad-Hoc|iPhone.Deploy.0 = Debug|Any CPU
		{16C37929-9EF7-4780-B8A7-7FFB7FF5B156}.Ad-Hoc|iPhoneSimulator.ActiveCfg = Debug|Any CPU
		{16C37929-9EF7-4780-B8A7-7FFB7FF5B156}.Ad-Hoc|iPhoneSimulator.Build.0 = Debug|Any CPU
		{16C37929-9EF7-4780-B8A7-7FFB7FF5B156}.Ad-Hoc|iPhoneSimulator.Deploy.0 = Debug|Any CPU
		{16C37929-9EF7-4780-B8A7-7FFB7FF5B156}.Ad-Hoc|x64.ActiveCfg = Debug|Any CPU
		{16C37929-9EF7-4780-B8A7-7FFB7FF5B156}.Ad-Hoc|x64.Build.0 = Debug|Any CPU
		{16C37929-9EF7-4780-B8A7-7FFB7FF5B156}.Ad-Hoc|x64.Deploy.0 = Debug|Any CPU
		{16C37929-9EF7-4780-B8A7-7FFB7FF5B156}.Ad-Hoc|x86.ActiveCfg = Debug|Any CPU
		{16C37929-9EF7-4780-B8A7-7FFB7FF5B156}.Ad-Hoc|x86.Build.0 = Debug|Any CPU
		{16C37929-9EF7-4780-B8A7-7FFB7FF5B156}.Ad-Hoc|x86.Deploy.0 = Debug|Any CPU
		{16C37929-9EF7-4780-B8A7-7FFB7FF5B156}.AppStore|Any CPU.ActiveCfg = Debug|Any CPU
		{16C37929-9EF7-4780-B8A7-7FFB7FF5B156}.AppStore|Any CPU.Build.0 = Debug|Any CPU
		{16C37929-9EF7-4780-B8A7-7FFB7FF5B156}.AppStore|Any CPU.Deploy.0 = Debug|Any CPU
		{16C37929-9EF7-4780-B8A7-7FFB7FF5B156}.AppStore|ARM.ActiveCfg = Debug|Any CPU
		{16C37929-9EF7-4780-B8A7-7FFB7FF5B156}.AppStore|ARM.Build.0 = Debug|Any CPU
		{16C37929-9EF7-4780-B8A7-7FFB7FF5B156}.AppStore|ARM.Deploy.0 = Debug|Any CPU
		{16C37929-9EF7-4780-B8A7-7FFB7FF5B156}.AppStore|iPhone.ActiveCfg = Debug|Any CPU
		{16C37929-9EF7-4780-B8A7-7FFB7FF5B156}.AppStore|iPhone.Build.0 = Debug|Any CPU
		{16C37929-9EF7-4780-B8A7-7FFB7FF5B156}.AppStore|iPhone.Deploy.0 = Debug|Any CPU
		{16C37929-9EF7-4780-B8A7-7FFB7FF5B156}.AppStore|iPhoneSimulator.ActiveCfg = Debug|Any CPU
		{16C37929-9EF7-4780-B8A7-7FFB7FF5B156}.AppStore|iPhoneSimulator.Build.0 = Debug|Any CPU
		{16C37929-9EF7-4780-B8A7-7FFB7FF5B156}.AppStore|iPhoneSimulator.Deploy.0 = Debug|Any CPU
		{16C37929-9EF7-4780-B8A7-7FFB7FF5B156}.AppStore|x64.ActiveCfg = Debug|Any CPU
		{16C37929-9EF7-4780-B8A7-7FFB7FF5B156}.AppStore|x64.Build.0 = Debug|Any CPU
		{16C37929-9EF7-4780-B8A7-7FFB7FF5B156}.AppStore|x64.Deploy.0 = Debug|Any CPU
		{16C37929-9EF7-4780-B8A7-7FFB7FF5B156}.AppStore|x86.ActiveCfg = Debug|Any CPU
		{16C37929-9EF7-4780-B8A7-7FFB7FF5B156}.AppStore|x86.Build.0 = Debug|Any CPU
		{16C37929-9EF7-4780-B8A7-7FFB7FF5B156}.AppStore|x86.Deploy.0 = Debug|Any CPU
		{16C37929-9EF7-4780-B8A7-7FFB7FF5B156}.Debug|Any CPU.ActiveCfg = Debug|Any CPU
		{16C37929-9EF7-4780-B8A7-7FFB7FF5B156}.Debug|Any CPU.Build.0 = Debug|Any CPU
		{16C37929-9EF7-4780-B8A7-7FFB7FF5B156}.Debug|Any CPU.Deploy.0 = Debug|Any CPU
		{16C37929-9EF7-4780-B8A7-7FFB7FF5B156}.Debug|ARM.ActiveCfg = Debug|Any CPU
		{16C37929-9EF7-4780-B8A7-7FFB7FF5B156}.Debug|ARM.Build.0 = Debug|Any CPU
		{16C37929-9EF7-4780-B8A7-7FFB7FF5B156}.Debug|ARM.Deploy.0 = Debug|Any CPU
		{16C37929-9EF7-4780-B8A7-7FFB7FF5B156}.Debug|iPhone.ActiveCfg = Debug|Any CPU
		{16C37929-9EF7-4780-B8A7-7FFB7FF5B156}.Debug|iPhone.Build.0 = Debug|Any CPU
		{16C37929-9EF7-4780-B8A7-7FFB7FF5B156}.Debug|iPhone.Deploy.0 = Debug|Any CPU
		{16C37929-9EF7-4780-B8A7-7FFB7FF5B156}.Debug|iPhoneSimulator.ActiveCfg = Debug|Any CPU
		{16C37929-9EF7-4780-B8A7-7FFB7FF5B156}.Debug|iPhoneSimulator.Build.0 = Debug|Any CPU
		{16C37929-9EF7-4780-B8A7-7FFB7FF5B156}.Debug|iPhoneSimulator.Deploy.0 = Debug|Any CPU
		{16C37929-9EF7-4780-B8A7-7FFB7FF5B156}.Debug|x64.ActiveCfg = Debug|Any CPU
		{16C37929-9EF7-4780-B8A7-7FFB7FF5B156}.Debug|x64.Build.0 = Debug|Any CPU
		{16C37929-9EF7-4780-B8A7-7FFB7FF5B156}.Debug|x64.Deploy.0 = Debug|Any CPU
		{16C37929-9EF7-4780-B8A7-7FFB7FF5B156}.Debug|x86.ActiveCfg = Debug|Any CPU
		{16C37929-9EF7-4780-B8A7-7FFB7FF5B156}.Debug|x86.Build.0 = Debug|Any CPU
		{16C37929-9EF7-4780-B8A7-7FFB7FF5B156}.Debug|x86.Deploy.0 = Debug|Any CPU
		{16C37929-9EF7-4780-B8A7-7FFB7FF5B156}.Release|Any CPU.ActiveCfg = Release|Any CPU
		{16C37929-9EF7-4780-B8A7-7FFB7FF5B156}.Release|Any CPU.Build.0 = Release|Any CPU
		{16C37929-9EF7-4780-B8A7-7FFB7FF5B156}.Release|Any CPU.Deploy.0 = Release|Any CPU
		{16C37929-9EF7-4780-B8A7-7FFB7FF5B156}.Release|ARM.ActiveCfg = Release|Any CPU
		{16C37929-9EF7-4780-B8A7-7FFB7FF5B156}.Release|ARM.Build.0 = Release|Any CPU
		{16C37929-9EF7-4780-B8A7-7FFB7FF5B156}.Release|ARM.Deploy.0 = Release|Any CPU
		{16C37929-9EF7-4780-B8A7-7FFB7FF5B156}.Release|iPhone.ActiveCfg = Release|Any CPU
		{16C37929-9EF7-4780-B8A7-7FFB7FF5B156}.Release|iPhone.Build.0 = Release|Any CPU
		{16C37929-9EF7-4780-B8A7-7FFB7FF5B156}.Release|iPhone.Deploy.0 = Release|Any CPU
		{16C37929-9EF7-4780-B8A7-7FFB7FF5B156}.Release|iPhoneSimulator.ActiveCfg = Release|Any CPU
		{16C37929-9EF7-4780-B8A7-7FFB7FF5B156}.Release|iPhoneSimulator.Build.0 = Release|Any CPU
		{16C37929-9EF7-4780-B8A7-7FFB7FF5B156}.Release|iPhoneSimulator.Deploy.0 = Release|Any CPU
		{16C37929-9EF7-4780-B8A7-7FFB7FF5B156}.Release|x64.ActiveCfg = Release|Any CPU
		{16C37929-9EF7-4780-B8A7-7FFB7FF5B156}.Release|x64.Build.0 = Release|Any CPU
		{16C37929-9EF7-4780-B8A7-7FFB7FF5B156}.Release|x64.Deploy.0 = Release|Any CPU
		{16C37929-9EF7-4780-B8A7-7FFB7FF5B156}.Release|x86.ActiveCfg = Release|Any CPU
		{16C37929-9EF7-4780-B8A7-7FFB7FF5B156}.Release|x86.Build.0 = Release|Any CPU
		{16C37929-9EF7-4780-B8A7-7FFB7FF5B156}.Release|x86.Deploy.0 = Release|Any CPU
	EndGlobalSection
	GlobalSection(SolutionProperties) = preSolution
		HideSolutionNode = FALSE
	EndGlobalSection
	GlobalSection(ExtensibilityGlobals) = postSolution
		SolutionGuid = {264E51C8-E466-4879-81D2-9C0B089F96D3}
	EndGlobalSection
EndGlobal
