
Microsoft Visual Studio Solution File, Format Version 12.00
# Visual Studio 15
VisualStudioVersion = 15.0.27428.2037
MinimumVisualStudioVersion = 10.0.40219.1
Project("{FAE04EC0-301F-11D3-BF4B-00C04F79EFBC}") = "App01_ControleXF.Android", "App01_ControleXF\App01_ControleXF.Android\App01_ControleXF.Android.csproj", "{C4BE6317-7A24-4A23-8F5A-C5EE1BF77B46}"
EndProject
Project("{FAE04EC0-301F-11D3-BF4B-00C04F79EFBC}") = "App01_ControleXF.iOS", "App01_ControleXF\App01_ControleXF.iOS\App01_ControleXF.iOS.csproj", "{3C09755A-78EF-4B1E-819D-C27369C24A8E}"
EndProject
Project("{FAE04EC0-301F-11D3-BF4B-00C04F79EFBC}") = "App01_ControleXF.UWP", "App01_ControleXF\App01_ControleXF.UWP\App01_ControleXF.UWP.csproj", "{B296BE80-A002-432C-9ECC-B6036A3C6EDB}"
EndProject
Project("{FAE04EC0-301F-11D3-BF4B-00C04F79EFBC}") = "App01_ControleXF", "App01_ControleXF\App01_ControleXF\App01_ControleXF.csproj", "{2AFCC8B7-35D0-4AF5-9D8C-F0BBB6F3816E}"
EndProject
Global
	GlobalSection(SolutionConfigurationPlatforms) = preSolution
		Ad-Hoc|Any CPU = Ad-Hoc|Any CPU
		Ad-Hoc|ARM = Ad-Hoc|ARM
		Ad-Hoc|iPhone = Ad-Hoc|iPhone
		Ad-Hoc|iPhoneSimulator = Ad-Hoc|iPhoneSimulator
		Ad-Hoc|x64 = Ad-Hoc|x64
		Ad-Hoc|x86 = Ad-Hoc|x86
		AppStore|Any CPU = AppStore|Any CPU
		AppStore|ARM = AppStore|ARM
		AppStore|iPhone = AppStore|iPhone
		AppStore|iPhoneSimulator = AppStore|iPhoneSimulator
		AppStore|x64 = AppStore|x64
		AppStore|x86 = AppStore|x86
		Debug|Any CPU = Debug|Any CPU
		Debug|ARM = Debug|ARM
		Debug|iPhone = Debug|iPhone
		Debug|iPhoneSimulator = Debug|iPhoneSimulator
		Debug|x64 = Debug|x64
		Debug|x86 = Debug|x86
		Release|Any CPU = Release|Any CPU
		Release|ARM = Release|ARM
		Release|iPhone = Release|iPhone
		Release|iPhoneSimulator = Release|iPhoneSimulator
		Release|x64 = Release|x64
		Release|x86 = Release|x86
	EndGlobalSection
	GlobalSection(ProjectConfigurationPlatforms) = postSolution
		{C4BE6317-7A24-4A23-8F5A-C5EE1BF77B46}.Ad-Hoc|Any CPU.ActiveCfg = Release|Any CPU
		{C4BE6317-7A24-4A23-8F5A-C5EE1BF77B46}.Ad-Hoc|Any CPU.Build.0 = Release|Any CPU
		{C4BE6317-7A24-4A23-8F5A-C5EE1BF77B46}.Ad-Hoc|Any CPU.Deploy.0 = Release|Any CPU
		{C4BE6317-7A24-4A23-8F5A-C5EE1BF77B46}.Ad-Hoc|ARM.ActiveCfg = Release|Any CPU
		{C4BE6317-7A24-4A23-8F5A-C5EE1BF77B46}.Ad-Hoc|ARM.Build.0 = Release|Any CPU
		{C4BE6317-7A24-4A23-8F5A-C5EE1BF77B46}.Ad-Hoc|ARM.Deploy.0 = Release|Any CPU
		{C4BE6317-7A24-4A23-8F5A-C5EE1BF77B46}.Ad-Hoc|iPhone.ActiveCfg = Release|Any CPU
		{C4BE6317-7A24-4A23-8F5A-C5EE1BF77B46}.Ad-Hoc|iPhone.Build.0 = Release|Any CPU
		{C4BE6317-7A24-4A23-8F5A-C5EE1BF77B46}.Ad-Hoc|iPhone.Deploy.0 = Release|Any CPU
		{C4BE6317-7A24-4A23-8F5A-C5EE1BF77B46}.Ad-Hoc|iPhoneSimulator.ActiveCfg = Release|Any CPU
		{C4BE6317-7A24-4A23-8F5A-C5EE1BF77B46}.Ad-Hoc|iPhoneSimulator.Build.0 = Release|Any CPU
		{C4BE6317-7A24-4A23-8F5A-C5EE1BF77B46}.Ad-Hoc|iPhoneSimulator.Deploy.0 = Release|Any CPU
		{C4BE6317-7A24-4A23-8F5A-C5EE1BF77B46}.Ad-Hoc|x64.ActiveCfg = Release|Any CPU
		{C4BE6317-7A24-4A23-8F5A-C5EE1BF77B46}.Ad-Hoc|x64.Build.0 = Release|Any CPU
		{C4BE6317-7A24-4A23-8F5A-C5EE1BF77B46}.Ad-Hoc|x64.Deploy.0 = Release|Any CPU
		{C4BE6317-7A24-4A23-8F5A-C5EE1BF77B46}.Ad-Hoc|x86.ActiveCfg = Release|Any CPU
		{C4BE6317-7A24-4A23-8F5A-C5EE1BF77B46}.Ad-Hoc|x86.Build.0 = Release|Any CPU
		{C4BE6317-7A24-4A23-8F5A-C5EE1BF77B46}.Ad-Hoc|x86.Deploy.0 = Release|Any CPU
		{C4BE6317-7A24-4A23-8F5A-C5EE1BF77B46}.AppStore|Any CPU.ActiveCfg = Release|Any CPU
		{C4BE6317-7A24-4A23-8F5A-C5EE1BF77B46}.AppStore|Any CPU.Build.0 = Release|Any CPU
		{C4BE6317-7A24-4A23-8F5A-C5EE1BF77B46}.AppStore|Any CPU.Deploy.0 = Release|Any CPU
		{C4BE6317-7A24-4A23-8F5A-C5EE1BF77B46}.AppStore|ARM.ActiveCfg = Release|Any CPU
		{C4BE6317-7A24-4A23-8F5A-C5EE1BF77B46}.AppStore|ARM.Build.0 = Release|Any CPU
		{C4BE6317-7A24-4A23-8F5A-C5EE1BF77B46}.AppStore|ARM.Deploy.0 = Release|Any CPU
		{C4BE6317-7A24-4A23-8F5A-C5EE1BF77B46}.AppStore|iPhone.ActiveCfg = Release|Any CPU
		{C4BE6317-7A24-4A23-8F5A-C5EE1BF77B46}.AppStore|iPhone.Build.0 = Release|Any CPU
		{C4BE6317-7A24-4A23-8F5A-C5EE1BF77B46}.AppStore|iPhone.Deploy.0 = Release|Any CPU
		{C4BE6317-7A24-4A23-8F5A-C5EE1BF77B46}.AppStore|iPhoneSimulator.ActiveCfg = Release|Any CPU
		{C4BE6317-7A24-4A23-8F5A-C5EE1BF77B46}.AppStore|iPhoneSimulator.Build.0 = Release|Any CPU
		{C4BE6317-7A24-4A23-8F5A-C5EE1BF77B46}.AppStore|iPhoneSimulator.Deploy.0 = Release|Any CPU
		{C4BE6317-7A24-4A23-8F5A-C5EE1BF77B46}.AppStore|x64.ActiveCfg = Release|Any CPU
		{C4BE6317-7A24-4A23-8F5A-C5EE1BF77B46}.AppStore|x64.Build.0 = Release|Any CPU
		{C4BE6317-7A24-4A23-8F5A-C5EE1BF77B46}.AppStore|x64.Deploy.0 = Release|Any CPU
		{C4BE6317-7A24-4A23-8F5A-C5EE1BF77B46}.AppStore|x86.ActiveCfg = Release|Any CPU
		{C4BE6317-7A24-4A23-8F5A-C5EE1BF77B46}.AppStore|x86.Build.0 = Release|Any CPU
		{C4BE6317-7A24-4A23-8F5A-C5EE1BF77B46}.AppStore|x86.Deploy.0 = Release|Any CPU
		{C4BE6317-7A24-4A23-8F5A-C5EE1BF77B46}.Debug|Any CPU.ActiveCfg = Debug|Any CPU
		{C4BE6317-7A24-4A23-8F5A-C5EE1BF77B46}.Debug|Any CPU.Build.0 = Debug|Any CPU
		{C4BE6317-7A24-4A23-8F5A-C5EE1BF77B46}.Debug|Any CPU.Deploy.0 = Debug|Any CPU
		{C4BE6317-7A24-4A23-8F5A-C5EE1BF77B46}.Debug|ARM.ActiveCfg = Debug|Any CPU
		{C4BE6317-7A24-4A23-8F5A-C5EE1BF77B46}.Debug|ARM.Build.0 = Debug|Any CPU
		{C4BE6317-7A24-4A23-8F5A-C5EE1BF77B46}.Debug|ARM.Deploy.0 = Debug|Any CPU
		{C4BE6317-7A24-4A23-8F5A-C5EE1BF77B46}.Debug|iPhone.ActiveCfg = Debug|Any CPU
		{C4BE6317-7A24-4A23-8F5A-C5EE1BF77B46}.Debug|iPhone.Build.0 = Debug|Any CPU
		{C4BE6317-7A24-4A23-8F5A-C5EE1BF77B46}.Debug|iPhone.Deploy.0 = Debug|Any CPU
		{C4BE6317-7A24-4A23-8F5A-C5EE1BF77B46}.Debug|iPhoneSimulator.ActiveCfg = Debug|Any CPU
		{C4BE6317-7A24-4A23-8F5A-C5EE1BF77B46}.Debug|iPhoneSimulator.Build.0 = Debug|Any CPU
		{C4BE6317-7A24-4A23-8F5A-C5EE1BF77B46}.Debug|iPhoneSimulator.Deploy.0 = Debug|Any CPU
		{C4BE6317-7A24-4A23-8F5A-C5EE1BF77B46}.Debug|x64.ActiveCfg = Debug|Any CPU
		{C4BE6317-7A24-4A23-8F5A-C5EE1BF77B46}.Debug|x64.Build.0 = Debug|Any CPU
		{C4BE6317-7A24-4A23-8F5A-C5EE1BF77B46}.Debug|x64.Deploy.0 = Debug|Any CPU
		{C4BE6317-7A24-4A23-8F5A-C5EE1BF77B46}.Debug|x86.ActiveCfg = Debug|Any CPU
		{C4BE6317-7A24-4A23-8F5A-C5EE1BF77B46}.Debug|x86.Build.0 = Debug|Any CPU
		{C4BE6317-7A24-4A23-8F5A-C5EE1BF77B46}.Debug|x86.Deploy.0 = Debug|Any CPU
		{C4BE6317-7A24-4A23-8F5A-C5EE1BF77B46}.Release|Any CPU.ActiveCfg = Release|Any CPU
		{C4BE6317-7A24-4A23-8F5A-C5EE1BF77B46}.Release|Any CPU.Build.0 = Release|Any CPU
		{C4BE6317-7A24-4A23-8F5A-C5EE1BF77B46}.Release|Any CPU.Deploy.0 = Release|Any CPU
		{C4BE6317-7A24-4A23-8F5A-C5EE1BF77B46}.Release|ARM.ActiveCfg = Release|Any CPU
		{C4BE6317-7A24-4A23-8F5A-C5EE1BF77B46}.Release|ARM.Build.0 = Release|Any CPU
		{C4BE6317-7A24-4A23-8F5A-C5EE1BF77B46}.Release|ARM.Deploy.0 = Release|Any CPU
		{C4BE6317-7A24-4A23-8F5A-C5EE1BF77B46}.Release|iPhone.ActiveCfg = Release|Any CPU
		{C4BE6317-7A24-4A23-8F5A-C5EE1BF77B46}.Release|iPhone.Build.0 = Release|Any CPU
		{C4BE6317-7A24-4A23-8F5A-C5EE1BF77B46}.Release|iPhone.Deploy.0 = Release|Any CPU
		{C4BE6317-7A24-4A23-8F5A-C5EE1BF77B46}.Release|iPhoneSimulator.ActiveCfg = Release|Any CPU
		{C4BE6317-7A24-4A23-8F5A-C5EE1BF77B46}.Release|iPhoneSimulator.Build.0 = Release|Any CPU
		{C4BE6317-7A24-4A23-8F5A-C5EE1BF77B46}.Release|iPhoneSimulator.Deploy.0 = Release|Any CPU
		{C4BE6317-7A24-4A23-8F5A-C5EE1BF77B46}.Release|x64.ActiveCfg = Release|Any CPU
		{C4BE6317-7A24-4A23-8F5A-C5EE1BF77B46}.Release|x64.Build.0 = Release|Any CPU
		{C4BE6317-7A24-4A23-8F5A-C5EE1BF77B46}.Release|x64.Deploy.0 = Release|Any CPU
		{C4BE6317-7A24-4A23-8F5A-C5EE1BF77B46}.Release|x86.ActiveCfg = Release|Any CPU
		{C4BE6317-7A24-4A23-8F5A-C5EE1BF77B46}.Release|x86.Build.0 = Release|Any CPU
		{C4BE6317-7A24-4A23-8F5A-C5EE1BF77B46}.Release|x86.Deploy.0 = Release|Any CPU
		{3C09755A-78EF-4B1E-819D-C27369C24A8E}.Ad-Hoc|Any CPU.ActiveCfg = Ad-Hoc|iPhone
		{3C09755A-78EF-4B1E-819D-C27369C24A8E}.Ad-Hoc|ARM.ActiveCfg = Ad-Hoc|iPhone
		{3C09755A-78EF-4B1E-819D-C27369C24A8E}.Ad-Hoc|iPhone.ActiveCfg = Ad-Hoc|iPhone
		{3C09755A-78EF-4B1E-819D-C27369C24A8E}.Ad-Hoc|iPhone.Build.0 = Ad-Hoc|iPhone
		{3C09755A-78EF-4B1E-819D-C27369C24A8E}.Ad-Hoc|iPhoneSimulator.ActiveCfg = Ad-Hoc|iPhoneSimulator
		{3C09755A-78EF-4B1E-819D-C27369C24A8E}.Ad-Hoc|iPhoneSimulator.Build.0 = Ad-Hoc|iPhoneSimulator
		{3C09755A-78EF-4B1E-819D-C27369C24A8E}.Ad-Hoc|x64.ActiveCfg = Ad-Hoc|iPhone
		{3C09755A-78EF-4B1E-819D-C27369C24A8E}.Ad-Hoc|x86.ActiveCfg = Ad-Hoc|iPhone
		{3C09755A-78EF-4B1E-819D-C27369C24A8E}.AppStore|Any CPU.ActiveCfg = AppStore|iPhone
		{3C09755A-78EF-4B1E-819D-C27369C24A8E}.AppStore|ARM.ActiveCfg = AppStore|iPhone
		{3C09755A-78EF-4B1E-819D-C27369C24A8E}.AppStore|iPhone.ActiveCfg = AppStore|iPhone
		{3C09755A-78EF-4B1E-819D-C27369C24A8E}.AppStore|iPhone.Build.0 = AppStore|iPhone
		{3C09755A-78EF-4B1E-819D-C27369C24A8E}.AppStore|iPhoneSimulator.ActiveCfg = AppStore|iPhoneSimulator
		{3C09755A-78EF-4B1E-819D-C27369C24A8E}.AppStore|iPhoneSimulator.Build.0 = AppStore|iPhoneSimulator
		{3C09755A-78EF-4B1E-819D-C27369C24A8E}.AppStore|x64.ActiveCfg = AppStore|iPhone
		{3C09755A-78EF-4B1E-819D-C27369C24A8E}.AppStore|x86.ActiveCfg = AppStore|iPhone
		{3C09755A-78EF-4B1E-819D-C27369C24A8E}.Debug|Any CPU.ActiveCfg = Debug|iPhone
		{3C09755A-78EF-4B1E-819D-C27369C24A8E}.Debug|ARM.ActiveCfg = Debug|iPhone
		{3C09755A-78EF-4B1E-819D-C27369C24A8E}.Debug|iPhone.ActiveCfg = Debug|iPhone
		{3C09755A-78EF-4B1E-819D-C27369C24A8E}.Debug|iPhone.Build.0 = Debug|iPhone
		{3C09755A-78EF-4B1E-819D-C27369C24A8E}.Debug|iPhoneSimulator.ActiveCfg = Debug|iPhoneSimulator
		{3C09755A-78EF-4B1E-819D-C27369C24A8E}.Debug|iPhoneSimulator.Build.0 = Debug|iPhoneSimulator
		{3C09755A-78EF-4B1E-819D-C27369C24A8E}.Debug|x64.ActiveCfg = Debug|iPhone
		{3C09755A-78EF-4B1E-819D-C27369C24A8E}.Debug|x86.ActiveCfg = Debug|iPhone
		{3C09755A-78EF-4B1E-819D-C27369C24A8E}.Release|Any CPU.ActiveCfg = Release|iPhone
		{3C09755A-78EF-4B1E-819D-C27369C24A8E}.Release|ARM.ActiveCfg = Release|iPhone
		{3C09755A-78EF-4B1E-819D-C27369C24A8E}.Release|iPhone.ActiveCfg = Release|iPhone
		{3C09755A-78EF-4B1E-819D-C27369C24A8E}.Release|iPhone.Build.0 = Release|iPhone
		{3C09755A-78EF-4B1E-819D-C27369C24A8E}.Release|iPhoneSimulator.ActiveCfg = Release|iPhoneSimulator
		{3C09755A-78EF-4B1E-819D-C27369C24A8E}.Release|iPhoneSimulator.Build.0 = Release|iPhoneSimulator
		{3C09755A-78EF-4B1E-819D-C27369C24A8E}.Release|x64.ActiveCfg = Release|iPhone
		{3C09755A-78EF-4B1E-819D-C27369C24A8E}.Release|x86.ActiveCfg = Release|iPhone
		{B296BE80-A002-432C-9ECC-B6036A3C6EDB}.Ad-Hoc|Any CPU.ActiveCfg = Release|x86
		{B296BE80-A002-432C-9ECC-B6036A3C6EDB}.Ad-Hoc|Any CPU.Build.0 = Release|x86
		{B296BE80-A002-432C-9ECC-B6036A3C6EDB}.Ad-Hoc|Any CPU.Deploy.0 = Release|x86
		{B296BE80-A002-432C-9ECC-B6036A3C6EDB}.Ad-Hoc|ARM.ActiveCfg = Release|ARM
		{B296BE80-A002-432C-9ECC-B6036A3C6EDB}.Ad-Hoc|ARM.Build.0 = Release|ARM
		{B296BE80-A002-432C-9ECC-B6036A3C6EDB}.Ad-Hoc|ARM.Deploy.0 = Release|ARM
		{B296BE80-A002-432C-9ECC-B6036A3C6EDB}.Ad-Hoc|iPhone.ActiveCfg = Release|x86
		{B296BE80-A002-432C-9ECC-B6036A3C6EDB}.Ad-Hoc|iPhone.Build.0 = Release|x86
		{B296BE80-A002-432C-9ECC-B6036A3C6EDB}.Ad-Hoc|iPhone.Deploy.0 = Release|x86
		{B296BE80-A002-432C-9ECC-B6036A3C6EDB}.Ad-Hoc|iPhoneSimulator.ActiveCfg = Release|x86
		{B296BE80-A002-432C-9ECC-B6036A3C6EDB}.Ad-Hoc|iPhoneSimulator.Build.0 = Release|x86
		{B296BE80-A002-432C-9ECC-B6036A3C6EDB}.Ad-Hoc|iPhoneSimulator.Deploy.0 = Release|x86
		{B296BE80-A002-432C-9ECC-B6036A3C6EDB}.Ad-Hoc|x64.ActiveCfg = Release|x64
		{B296BE80-A002-432C-9ECC-B6036A3C6EDB}.Ad-Hoc|x64.Build.0 = Release|x64
		{B296BE80-A002-432C-9ECC-B6036A3C6EDB}.Ad-Hoc|x64.Deploy.0 = Release|x64
		{B296BE80-A002-432C-9ECC-B6036A3C6EDB}.Ad-Hoc|x86.ActiveCfg = Release|x86
		{B296BE80-A002-432C-9ECC-B6036A3C6EDB}.Ad-Hoc|x86.Build.0 = Release|x86
		{B296BE80-A002-432C-9ECC-B6036A3C6EDB}.Ad-Hoc|x86.Deploy.0 = Release|x86
		{B296BE80-A002-432C-9ECC-B6036A3C6EDB}.AppStore|Any CPU.ActiveCfg = Release|x86
		{B296BE80-A002-432C-9ECC-B6036A3C6EDB}.AppStore|Any CPU.Build.0 = Release|x86
		{B296BE80-A002-432C-9ECC-B6036A3C6EDB}.AppStore|Any CPU.Deploy.0 = Release|x86
		{B296BE80-A002-432C-9ECC-B6036A3C6EDB}.AppStore|ARM.ActiveCfg = Release|ARM
		{B296BE80-A002-432C-9ECC-B6036A3C6EDB}.AppStore|ARM.Build.0 = Release|ARM
		{B296BE80-A002-432C-9ECC-B6036A3C6EDB}.AppStore|ARM.Deploy.0 = Release|ARM
		{B296BE80-A002-432C-9ECC-B6036A3C6EDB}.AppStore|iPhone.ActiveCfg = Release|x86
		{B296BE80-A002-432C-9ECC-B6036A3C6EDB}.AppStore|iPhone.Build.0 = Release|x86
		{B296BE80-A002-432C-9ECC-B6036A3C6EDB}.AppStore|iPhone.Deploy.0 = Release|x86
		{B296BE80-A002-432C-9ECC-B6036A3C6EDB}.AppStore|iPhoneSimulator.ActiveCfg = Release|x86
		{B296BE80-A002-432C-9ECC-B6036A3C6EDB}.AppStore|iPhoneSimulator.Build.0 = Release|x86
		{B296BE80-A002-432C-9ECC-B6036A3C6EDB}.AppStore|iPhoneSimulator.Deploy.0 = Release|x86
		{B296BE80-A002-432C-9ECC-B6036A3C6EDB}.AppStore|x64.ActiveCfg = Release|x64
		{B296BE80-A002-432C-9ECC-B6036A3C6EDB}.AppStore|x64.Build.0 = Release|x64
		{B296BE80-A002-432C-9ECC-B6036A3C6EDB}.AppStore|x64.Deploy.0 = Release|x64
		{B296BE80-A002-432C-9ECC-B6036A3C6EDB}.AppStore|x86.ActiveCfg = Release|x86
		{B296BE80-A002-432C-9ECC-B6036A3C6EDB}.AppStore|x86.Build.0 = Release|x86
		{B296BE80-A002-432C-9ECC-B6036A3C6EDB}.AppStore|x86.Deploy.0 = Release|x86
		{B296BE80-A002-432C-9ECC-B6036A3C6EDB}.Debug|Any CPU.ActiveCfg = Debug|x86
		{B296BE80-A002-432C-9ECC-B6036A3C6EDB}.Debug|ARM.ActiveCfg = Debug|ARM
		{B296BE80-A002-432C-9ECC-B6036A3C6EDB}.Debug|ARM.Build.0 = Debug|ARM
		{B296BE80-A002-432C-9ECC-B6036A3C6EDB}.Debug|ARM.Deploy.0 = Debug|ARM
		{B296BE80-A002-432C-9ECC-B6036A3C6EDB}.Debug|iPhone.ActiveCfg = Debug|x86
		{B296BE80-A002-432C-9ECC-B6036A3C6EDB}.Debug|iPhoneSimulator.ActiveCfg = Debug|x86
		{B296BE80-A002-432C-9ECC-B6036A3C6EDB}.Debug|x64.ActiveCfg = Debug|x64
		{B296BE80-A002-432C-9ECC-B6036A3C6EDB}.Debug|x64.Build.0 = Debug|x64
		{B296BE80-A002-432C-9ECC-B6036A3C6EDB}.Debug|x64.Deploy.0 = Debug|x64
		{B296BE80-A002-432C-9ECC-B6036A3C6EDB}.Debug|x86.ActiveCfg = Debug|x86
		{B296BE80-A002-432C-9ECC-B6036A3C6EDB}.Debug|x86.Build.0 = Debug|x86
		{B296BE80-A002-432C-9ECC-B6036A3C6EDB}.Debug|x86.Deploy.0 = Debug|x86
		{B296BE80-A002-432C-9ECC-B6036A3C6EDB}.Release|Any CPU.ActiveCfg = Release|x86
		{B296BE80-A002-432C-9ECC-B6036A3C6EDB}.Release|ARM.ActiveCfg = Release|ARM
		{B296BE80-A002-432C-9ECC-B6036A3C6EDB}.Release|ARM.Build.0 = Release|ARM
		{B296BE80-A002-432C-9ECC-B6036A3C6EDB}.Release|ARM.Deploy.0 = Release|ARM
		{B296BE80-A002-432C-9ECC-B6036A3C6EDB}.Release|iPhone.ActiveCfg = Release|x86
		{B296BE80-A002-432C-9ECC-B6036A3C6EDB}.Release|iPhoneSimulator.ActiveCfg = Release|x86
		{B296BE80-A002-432C-9ECC-B6036A3C6EDB}.Release|x64.ActiveCfg = Release|x64
		{B296BE80-A002-432C-9ECC-B6036A3C6EDB}.Release|x64.Build.0 = Release|x64
		{B296BE80-A002-432C-9ECC-B6036A3C6EDB}.Release|x64.Deploy.0 = Release|x64
		{B296BE80-A002-432C-9ECC-B6036A3C6EDB}.Release|x86.ActiveCfg = Release|x86
		{B296BE80-A002-432C-9ECC-B6036A3C6EDB}.Release|x86.Build.0 = Release|x86
		{B296BE80-A002-432C-9ECC-B6036A3C6EDB}.Release|x86.Deploy.0 = Release|x86
		{2AFCC8B7-35D0-4AF5-9D8C-F0BBB6F3816E}.Ad-Hoc|Any CPU.ActiveCfg = Debug|Any CPU
		{2AFCC8B7-35D0-4AF5-9D8C-F0BBB6F3816E}.Ad-Hoc|Any CPU.Build.0 = Debug|Any CPU
		{2AFCC8B7-35D0-4AF5-9D8C-F0BBB6F3816E}.Ad-Hoc|ARM.ActiveCfg = Debug|Any CPU
		{2AFCC8B7-35D0-4AF5-9D8C-F0BBB6F3816E}.Ad-Hoc|ARM.Build.0 = Debug|Any CPU
		{2AFCC8B7-35D0-4AF5-9D8C-F0BBB6F3816E}.Ad-Hoc|iPhone.ActiveCfg = Debug|Any CPU
		{2AFCC8B7-35D0-4AF5-9D8C-F0BBB6F3816E}.Ad-Hoc|iPhone.Build.0 = Debug|Any CPU
		{2AFCC8B7-35D0-4AF5-9D8C-F0BBB6F3816E}.Ad-Hoc|iPhoneSimulator.ActiveCfg = Debug|Any CPU
		{2AFCC8B7-35D0-4AF5-9D8C-F0BBB6F3816E}.Ad-Hoc|iPhoneSimulator.Build.0 = Debug|Any CPU
		{2AFCC8B7-35D0-4AF5-9D8C-F0BBB6F3816E}.Ad-Hoc|x64.ActiveCfg = Debug|Any CPU
		{2AFCC8B7-35D0-4AF5-9D8C-F0BBB6F3816E}.Ad-Hoc|x64.Build.0 = Debug|Any CPU
		{2AFCC8B7-35D0-4AF5-9D8C-F0BBB6F3816E}.Ad-Hoc|x86.ActiveCfg = Debug|Any CPU
		{2AFCC8B7-35D0-4AF5-9D8C-F0BBB6F3816E}.Ad-Hoc|x86.Build.0 = Debug|Any CPU
		{2AFCC8B7-35D0-4AF5-9D8C-F0BBB6F3816E}.AppStore|Any CPU.ActiveCfg = Debug|Any CPU
		{2AFCC8B7-35D0-4AF5-9D8C-F0BBB6F3816E}.AppStore|Any CPU.Build.0 = Debug|Any CPU
		{2AFCC8B7-35D0-4AF5-9D8C-F0BBB6F3816E}.AppStore|ARM.ActiveCfg = Debug|Any CPU
		{2AFCC8B7-35D0-4AF5-9D8C-F0BBB6F3816E}.AppStore|ARM.Build.0 = Debug|Any CPU
		{2AFCC8B7-35D0-4AF5-9D8C-F0BBB6F3816E}.AppStore|iPhone.ActiveCfg = Debug|Any CPU
		{2AFCC8B7-35D0-4AF5-9D8C-F0BBB6F3816E}.AppStore|iPhone.Build.0 = Debug|Any CPU
		{2AFCC8B7-35D0-4AF5-9D8C-F0BBB6F3816E}.AppStore|iPhoneSimulator.ActiveCfg = Debug|Any CPU
		{2AFCC8B7-35D0-4AF5-9D8C-F0BBB6F3816E}.AppStore|iPhoneSimulator.Build.0 = Debug|Any CPU
		{2AFCC8B7-35D0-4AF5-9D8C-F0BBB6F3816E}.AppStore|x64.ActiveCfg = Debug|Any CPU
		{2AFCC8B7-35D0-4AF5-9D8C-F0BBB6F3816E}.AppStore|x64.Build.0 = Debug|Any CPU
		{2AFCC8B7-35D0-4AF5-9D8C-F0BBB6F3816E}.AppStore|x86.ActiveCfg = Debug|Any CPU
		{2AFCC8B7-35D0-4AF5-9D8C-F0BBB6F3816E}.AppStore|x86.Build.0 = Debug|Any CPU
		{2AFCC8B7-35D0-4AF5-9D8C-F0BBB6F3816E}.Debug|Any CPU.ActiveCfg = Debug|Any CPU
		{2AFCC8B7-35D0-4AF5-9D8C-F0BBB6F3816E}.Debug|Any CPU.Build.0 = Debug|Any CPU
		{2AFCC8B7-35D0-4AF5-9D8C-F0BBB6F3816E}.Debug|ARM.ActiveCfg = Debug|Any CPU
		{2AFCC8B7-35D0-4AF5-9D8C-F0BBB6F3816E}.Debug|ARM.Build.0 = Debug|Any CPU
		{2AFCC8B7-35D0-4AF5-9D8C-F0BBB6F3816E}.Debug|iPhone.ActiveCfg = Debug|Any CPU
		{2AFCC8B7-35D0-4AF5-9D8C-F0BBB6F3816E}.Debug|iPhone.Build.0 = Debug|Any CPU
		{2AFCC8B7-35D0-4AF5-9D8C-F0BBB6F3816E}.Debug|iPhoneSimulator.ActiveCfg = Debug|Any CPU
		{2AFCC8B7-35D0-4AF5-9D8C-F0BBB6F3816E}.Debug|iPhoneSimulator.Build.0 = Debug|Any CPU
		{2AFCC8B7-35D0-4AF5-9D8C-F0BBB6F3816E}.Debug|x64.ActiveCfg = Debug|Any CPU
		{2AFCC8B7-35D0-4AF5-9D8C-F0BBB6F3816E}.Debug|x64.Build.0 = Debug|Any CPU
		{2AFCC8B7-35D0-4AF5-9D8C-F0BBB6F3816E}.Debug|x86.ActiveCfg = Debug|Any CPU
		{2AFCC8B7-35D0-4AF5-9D8C-F0BBB6F3816E}.Debug|x86.Build.0 = Debug|Any CPU
		{2AFCC8B7-35D0-4AF5-9D8C-F0BBB6F3816E}.Release|Any CPU.ActiveCfg = Release|Any CPU
		{2AFCC8B7-35D0-4AF5-9D8C-F0BBB6F3816E}.Release|Any CPU.Build.0 = Release|Any CPU
		{2AFCC8B7-35D0-4AF5-9D8C-F0BBB6F3816E}.Release|ARM.ActiveCfg = Release|Any CPU
		{2AFCC8B7-35D0-4AF5-9D8C-F0BBB6F3816E}.Release|ARM.Build.0 = Release|Any CPU
		{2AFCC8B7-35D0-4AF5-9D8C-F0BBB6F3816E}.Release|iPhone.ActiveCfg = Release|Any CPU
		{2AFCC8B7-35D0-4AF5-9D8C-F0BBB6F3816E}.Release|iPhone.Build.0 = Release|Any CPU
		{2AFCC8B7-35D0-4AF5-9D8C-F0BBB6F3816E}.Release|iPhoneSimulator.ActiveCfg = Release|Any CPU
		{2AFCC8B7-35D0-4AF5-9D8C-F0BBB6F3816E}.Release|iPhoneSimulator.Build.0 = Release|Any CPU
		{2AFCC8B7-35D0-4AF5-9D8C-F0BBB6F3816E}.Release|x64.ActiveCfg = Release|Any CPU
		{2AFCC8B7-35D0-4AF5-9D8C-F0BBB6F3816E}.Release|x64.Build.0 = Release|Any CPU
		{2AFCC8B7-35D0-4AF5-9D8C-F0BBB6F3816E}.Release|x86.ActiveCfg = Release|Any CPU
		{2AFCC8B7-35D0-4AF5-9D8C-F0BBB6F3816E}.Release|x86.Build.0 = Release|Any CPU
	EndGlobalSection
	GlobalSection(SolutionProperties) = preSolution
		HideSolutionNode = FALSE
	EndGlobalSection
	GlobalSection(ExtensibilityGlobals) = postSolution
		SolutionGuid = {D465FE75-44F7-47A2-9672-83CE9EE505DE}
	EndGlobalSection
EndGlobal
