
Microsoft Visual Studio Solution File, Format Version 12.00
# Visual Studio 15
VisualStudioVersion = 15.0.27428.2043
MinimumVisualStudioVersion = 10.0.40219.1
Project("{FAE04EC0-301F-11D3-BF4B-00C04F79EFBC}") = "App1_Cell.Android", "App1_Cell\App1_Cell.Android\App1_Cell.Android.csproj", "{F8A04DDC-DB57-41A6-BC05-B5DF161465A0}"
EndProject
Project("{FAE04EC0-301F-11D3-BF4B-00C04F79EFBC}") = "App1_Cell.iOS", "App1_Cell\App1_Cell.iOS\App1_Cell.iOS.csproj", "{E3A4AB36-4A62-4F46-BC6E-448B392D03CC}"
EndProject
Project("{FAE04EC0-301F-11D3-BF4B-00C04F79EFBC}") = "App1_Cell.UWP", "App1_Cell\App1_Cell.UWP\App1_Cell.UWP.csproj", "{A0B30C97-E55F-4119-A8E6-32A12744373B}"
EndProject
Project("{FAE04EC0-301F-11D3-BF4B-00C04F79EFBC}") = "App1_Cell", "App1_Cell\App1_Cell\App1_Cell.csproj", "{F20C7044-E581-4561-ABB9-107E2FA0F9A2}"
EndProject
Global
	GlobalSection(SolutionConfigurationPlatforms) = preSolution
		Ad-Hoc|Any CPU = Ad-Hoc|Any CPU
		Ad-Hoc|ARM = Ad-Hoc|ARM
		Ad-Hoc|iPhone = Ad-Hoc|iPhone
		Ad-Hoc|iPhoneSimulator = Ad-Hoc|iPhoneSimulator
		Ad-Hoc|x64 = Ad-Hoc|x64
		Ad-Hoc|x86 = Ad-Hoc|x86
		AppStore|Any CPU = AppStore|Any CPU
		AppStore|ARM = AppStore|ARM
		AppStore|iPhone = AppStore|iPhone
		AppStore|iPhoneSimulator = AppStore|iPhoneSimulator
		AppStore|x64 = AppStore|x64
		AppStore|x86 = AppStore|x86
		Debug|Any CPU = Debug|Any CPU
		Debug|ARM = Debug|ARM
		Debug|iPhone = Debug|iPhone
		Debug|iPhoneSimulator = Debug|iPhoneSimulator
		Debug|x64 = Debug|x64
		Debug|x86 = Debug|x86
		Release|Any CPU = Release|Any CPU
		Release|ARM = Release|ARM
		Release|iPhone = Release|iPhone
		Release|iPhoneSimulator = Release|iPhoneSimulator
		Release|x64 = Release|x64
		Release|x86 = Release|x86
	EndGlobalSection
	GlobalSection(ProjectConfigurationPlatforms) = postSolution
		{F8A04DDC-DB57-41A6-BC05-B5DF161465A0}.Ad-Hoc|Any CPU.ActiveCfg = Release|Any CPU
		{F8A04DDC-DB57-41A6-BC05-B5DF161465A0}.Ad-Hoc|Any CPU.Build.0 = Release|Any CPU
		{F8A04DDC-DB57-41A6-BC05-B5DF161465A0}.Ad-Hoc|Any CPU.Deploy.0 = Release|Any CPU
		{F8A04DDC-DB57-41A6-BC05-B5DF161465A0}.Ad-Hoc|ARM.ActiveCfg = Release|Any CPU
		{F8A04DDC-DB57-41A6-BC05-B5DF161465A0}.Ad-Hoc|ARM.Build.0 = Release|Any CPU
		{F8A04DDC-DB57-41A6-BC05-B5DF161465A0}.Ad-Hoc|ARM.Deploy.0 = Release|Any CPU
		{F8A04DDC-DB57-41A6-BC05-B5DF161465A0}.Ad-Hoc|iPhone.ActiveCfg = Release|Any CPU
		{F8A04DDC-DB57-41A6-BC05-B5DF161465A0}.Ad-Hoc|iPhone.Build.0 = Release|Any CPU
		{F8A04DDC-DB57-41A6-BC05-B5DF161465A0}.Ad-Hoc|iPhone.Deploy.0 = Release|Any CPU
		{F8A04DDC-DB57-41A6-BC05-B5DF161465A0}.Ad-Hoc|iPhoneSimulator.ActiveCfg = Release|Any CPU
		{F8A04DDC-DB57-41A6-BC05-B5DF161465A0}.Ad-Hoc|iPhoneSimulator.Build.0 = Release|Any CPU
		{F8A04DDC-DB57-41A6-BC05-B5DF161465A0}.Ad-Hoc|iPhoneSimulator.Deploy.0 = Release|Any CPU
		{F8A04DDC-DB57-41A6-BC05-B5DF161465A0}.Ad-Hoc|x64.ActiveCfg = Release|Any CPU
		{F8A04DDC-DB57-41A6-BC05-B5DF161465A0}.Ad-Hoc|x64.Build.0 = Release|Any CPU
		{F8A04DDC-DB57-41A6-BC05-B5DF161465A0}.Ad-Hoc|x64.Deploy.0 = Release|Any CPU
		{F8A04DDC-DB57-41A6-BC05-B5DF161465A0}.Ad-Hoc|x86.ActiveCfg = Release|Any CPU
		{F8A04DDC-DB57-41A6-BC05-B5DF161465A0}.Ad-Hoc|x86.Build.0 = Release|Any CPU
		{F8A04DDC-DB57-41A6-BC05-B5DF161465A0}.Ad-Hoc|x86.Deploy.0 = Release|Any CPU
		{F8A04DDC-DB57-41A6-BC05-B5DF161465A0}.AppStore|Any CPU.ActiveCfg = Release|Any CPU
		{F8A04DDC-DB57-41A6-BC05-B5DF161465A0}.AppStore|Any CPU.Build.0 = Release|Any CPU
		{F8A04DDC-DB57-41A6-BC05-B5DF161465A0}.AppStore|Any CPU.Deploy.0 = Release|Any CPU
		{F8A04DDC-DB57-41A6-BC05-B5DF161465A0}.AppStore|ARM.ActiveCfg = Release|Any CPU
		{F8A04DDC-DB57-41A6-BC05-B5DF161465A0}.AppStore|ARM.Build.0 = Release|Any CPU
		{F8A04DDC-DB57-41A6-BC05-B5DF161465A0}.AppStore|ARM.Deploy.0 = Release|Any CPU
		{F8A04DDC-DB57-41A6-BC05-B5DF161465A0}.AppStore|iPhone.ActiveCfg = Release|Any CPU
		{F8A04DDC-DB57-41A6-BC05-B5DF161465A0}.AppStore|iPhone.Build.0 = Release|Any CPU
		{F8A04DDC-DB57-41A6-BC05-B5DF161465A0}.AppStore|iPhone.Deploy.0 = Release|Any CPU
		{F8A04DDC-DB57-41A6-BC05-B5DF161465A0}.AppStore|iPhoneSimulator.ActiveCfg = Release|Any CPU
		{F8A04DDC-DB57-41A6-BC05-B5DF161465A0}.AppStore|iPhoneSimulator.Build.0 = Release|Any CPU
		{F8A04DDC-DB57-41A6-BC05-B5DF161465A0}.AppStore|iPhoneSimulator.Deploy.0 = Release|Any CPU
		{F8A04DDC-DB57-41A6-BC05-B5DF161465A0}.AppStore|x64.ActiveCfg = Release|Any CPU
		{F8A04DDC-DB57-41A6-BC05-B5DF161465A0}.AppStore|x64.Build.0 = Release|Any CPU
		{F8A04DDC-DB57-41A6-BC05-B5DF161465A0}.AppStore|x64.Deploy.0 = Release|Any CPU
		{F8A04DDC-DB57-41A6-BC05-B5DF161465A0}.AppStore|x86.ActiveCfg = Release|Any CPU
		{F8A04DDC-DB57-41A6-BC05-B5DF161465A0}.AppStore|x86.Build.0 = Release|Any CPU
		{F8A04DDC-DB57-41A6-BC05-B5DF161465A0}.AppStore|x86.Deploy.0 = Release|Any CPU
		{F8A04DDC-DB57-41A6-BC05-B5DF161465A0}.Debug|Any CPU.ActiveCfg = Debug|Any CPU
		{F8A04DDC-DB57-41A6-BC05-B5DF161465A0}.Debug|Any CPU.Build.0 = Debug|Any CPU
		{F8A04DDC-DB57-41A6-BC05-B5DF161465A0}.Debug|Any CPU.Deploy.0 = Debug|Any CPU
		{F8A04DDC-DB57-41A6-BC05-B5DF161465A0}.Debug|ARM.ActiveCfg = Debug|Any CPU
		{F8A04DDC-DB57-41A6-BC05-B5DF161465A0}.Debug|ARM.Build.0 = Debug|Any CPU
		{F8A04DDC-DB57-41A6-BC05-B5DF161465A0}.Debug|ARM.Deploy.0 = Debug|Any CPU
		{F8A04DDC-DB57-41A6-BC05-B5DF161465A0}.Debug|iPhone.ActiveCfg = Debug|Any CPU
		{F8A04DDC-DB57-41A6-BC05-B5DF161465A0}.Debug|iPhone.Build.0 = Debug|Any CPU
		{F8A04DDC-DB57-41A6-BC05-B5DF161465A0}.Debug|iPhone.Deploy.0 = Debug|Any CPU
		{F8A04DDC-DB57-41A6-BC05-B5DF161465A0}.Debug|iPhoneSimulator.ActiveCfg = Debug|Any CPU
		{F8A04DDC-DB57-41A6-BC05-B5DF161465A0}.Debug|iPhoneSimulator.Build.0 = Debug|Any CPU
		{F8A04DDC-DB57-41A6-BC05-B5DF161465A0}.Debug|iPhoneSimulator.Deploy.0 = Debug|Any CPU
		{F8A04DDC-DB57-41A6-BC05-B5DF161465A0}.Debug|x64.ActiveCfg = Debug|Any CPU
		{F8A04DDC-DB57-41A6-BC05-B5DF161465A0}.Debug|x64.Build.0 = Debug|Any CPU
		{F8A04DDC-DB57-41A6-BC05-B5DF161465A0}.Debug|x64.Deploy.0 = Debug|Any CPU
		{F8A04DDC-DB57-41A6-BC05-B5DF161465A0}.Debug|x86.ActiveCfg = Debug|Any CPU
		{F8A04DDC-DB57-41A6-BC05-B5DF161465A0}.Debug|x86.Build.0 = Debug|Any CPU
		{F8A04DDC-DB57-41A6-BC05-B5DF161465A0}.Debug|x86.Deploy.0 = Debug|Any CPU
		{F8A04DDC-DB57-41A6-BC05-B5DF161465A0}.Release|Any CPU.ActiveCfg = Release|Any CPU
		{F8A04DDC-DB57-41A6-BC05-B5DF161465A0}.Release|Any CPU.Build.0 = Release|Any CPU
		{F8A04DDC-DB57-41A6-BC05-B5DF161465A0}.Release|Any CPU.Deploy.0 = Release|Any CPU
		{F8A04DDC-DB57-41A6-BC05-B5DF161465A0}.Release|ARM.ActiveCfg = Release|Any CPU
		{F8A04DDC-DB57-41A6-BC05-B5DF161465A0}.Release|ARM.Build.0 = Release|Any CPU
		{F8A04DDC-DB57-41A6-BC05-B5DF161465A0}.Release|ARM.Deploy.0 = Release|Any CPU
		{F8A04DDC-DB57-41A6-BC05-B5DF161465A0}.Release|iPhone.ActiveCfg = Release|Any CPU
		{F8A04DDC-DB57-41A6-BC05-B5DF161465A0}.Release|iPhone.Build.0 = Release|Any CPU
		{F8A04DDC-DB57-41A6-BC05-B5DF161465A0}.Release|iPhone.Deploy.0 = Release|Any CPU
		{F8A04DDC-DB57-41A6-BC05-B5DF161465A0}.Release|iPhoneSimulator.ActiveCfg = Release|Any CPU
		{F8A04DDC-DB57-41A6-BC05-B5DF161465A0}.Release|iPhoneSimulator.Build.0 = Release|Any CPU
		{F8A04DDC-DB57-41A6-BC05-B5DF161465A0}.Release|iPhoneSimulator.Deploy.0 = Release|Any CPU
		{F8A04DDC-DB57-41A6-BC05-B5DF161465A0}.Release|x64.ActiveCfg = Release|Any CPU
		{F8A04DDC-DB57-41A6-BC05-B5DF161465A0}.Release|x64.Build.0 = Release|Any CPU
		{F8A04DDC-DB57-41A6-BC05-B5DF161465A0}.Release|x64.Deploy.0 = Release|Any CPU
		{F8A04DDC-DB57-41A6-BC05-B5DF161465A0}.Release|x86.ActiveCfg = Release|Any CPU
		{F8A04DDC-DB57-41A6-BC05-B5DF161465A0}.Release|x86.Build.0 = Release|Any CPU
		{F8A04DDC-DB57-41A6-BC05-B5DF161465A0}.Release|x86.Deploy.0 = Release|Any CPU
		{E3A4AB36-4A62-4F46-BC6E-448B392D03CC}.Ad-Hoc|Any CPU.ActiveCfg = Ad-Hoc|iPhone
		{E3A4AB36-4A62-4F46-BC6E-448B392D03CC}.Ad-Hoc|ARM.ActiveCfg = Ad-Hoc|iPhone
		{E3A4AB36-4A62-4F46-BC6E-448B392D03CC}.Ad-Hoc|iPhone.ActiveCfg = Ad-Hoc|iPhone
		{E3A4AB36-4A62-4F46-BC6E-448B392D03CC}.Ad-Hoc|iPhone.Build.0 = Ad-Hoc|iPhone
		{E3A4AB36-4A62-4F46-BC6E-448B392D03CC}.Ad-Hoc|iPhoneSimulator.ActiveCfg = Ad-Hoc|iPhoneSimulator
		{E3A4AB36-4A62-4F46-BC6E-448B392D03CC}.Ad-Hoc|iPhoneSimulator.Build.0 = Ad-Hoc|iPhoneSimulator
		{E3A4AB36-4A62-4F46-BC6E-448B392D03CC}.Ad-Hoc|x64.ActiveCfg = Ad-Hoc|iPhone
		{E3A4AB36-4A62-4F46-BC6E-448B392D03CC}.Ad-Hoc|x86.ActiveCfg = Ad-Hoc|iPhone
		{E3A4AB36-4A62-4F46-BC6E-448B392D03CC}.AppStore|Any CPU.ActiveCfg = AppStore|iPhone
		{E3A4AB36-4A62-4F46-BC6E-448B392D03CC}.AppStore|ARM.ActiveCfg = AppStore|iPhone
		{E3A4AB36-4A62-4F46-BC6E-448B392D03CC}.AppStore|iPhone.ActiveCfg = AppStore|iPhone
		{E3A4AB36-4A62-4F46-BC6E-448B392D03CC}.AppStore|iPhone.Build.0 = AppStore|iPhone
		{E3A4AB36-4A62-4F46-BC6E-448B392D03CC}.AppStore|iPhoneSimulator.ActiveCfg = AppStore|iPhoneSimulator
		{E3A4AB36-4A62-4F46-BC6E-448B392D03CC}.AppStore|iPhoneSimulator.Build.0 = AppStore|iPhoneSimulator
		{E3A4AB36-4A62-4F46-BC6E-448B392D03CC}.AppStore|x64.ActiveCfg = AppStore|iPhone
		{E3A4AB36-4A62-4F46-BC6E-448B392D03CC}.AppStore|x86.ActiveCfg = AppStore|iPhone
		{E3A4AB36-4A62-4F46-BC6E-448B392D03CC}.Debug|Any CPU.ActiveCfg = Debug|iPhone
		{E3A4AB36-4A62-4F46-BC6E-448B392D03CC}.Debug|ARM.ActiveCfg = Debug|iPhone
		{E3A4AB36-4A62-4F46-BC6E-448B392D03CC}.Debug|iPhone.ActiveCfg = Debug|iPhone
		{E3A4AB36-4A62-4F46-BC6E-448B392D03CC}.Debug|iPhone.Build.0 = Debug|iPhone
		{E3A4AB36-4A62-4F46-BC6E-448B392D03CC}.Debug|iPhoneSimulator.ActiveCfg = Debug|iPhoneSimulator
		{E3A4AB36-4A62-4F46-BC6E-448B392D03CC}.Debug|iPhoneSimulator.Build.0 = Debug|iPhoneSimulator
		{E3A4AB36-4A62-4F46-BC6E-448B392D03CC}.Debug|x64.ActiveCfg = Debug|iPhone
		{E3A4AB36-4A62-4F46-BC6E-448B392D03CC}.Debug|x86.ActiveCfg = Debug|iPhone
		{E3A4AB36-4A62-4F46-BC6E-448B392D03CC}.Release|Any CPU.ActiveCfg = Release|iPhone
		{E3A4AB36-4A62-4F46-BC6E-448B392D03CC}.Release|ARM.ActiveCfg = Release|iPhone
		{E3A4AB36-4A62-4F46-BC6E-448B392D03CC}.Release|iPhone.ActiveCfg = Release|iPhone
		{E3A4AB36-4A62-4F46-BC6E-448B392D03CC}.Release|iPhone.Build.0 = Release|iPhone
		{E3A4AB36-4A62-4F46-BC6E-448B392D03CC}.Release|iPhoneSimulator.ActiveCfg = Release|iPhoneSimulator
		{E3A4AB36-4A62-4F46-BC6E-448B392D03CC}.Release|iPhoneSimulator.Build.0 = Release|iPhoneSimulator
		{E3A4AB36-4A62-4F46-BC6E-448B392D03CC}.Release|x64.ActiveCfg = Release|iPhone
		{E3A4AB36-4A62-4F46-BC6E-448B392D03CC}.Release|x86.ActiveCfg = Release|iPhone
		{A0B30C97-E55F-4119-A8E6-32A12744373B}.Ad-Hoc|Any CPU.ActiveCfg = Release|x86
		{A0B30C97-E55F-4119-A8E6-32A12744373B}.Ad-Hoc|Any CPU.Build.0 = Release|x86
		{A0B30C97-E55F-4119-A8E6-32A12744373B}.Ad-Hoc|Any CPU.Deploy.0 = Release|x86
		{A0B30C97-E55F-4119-A8E6-32A12744373B}.Ad-Hoc|ARM.ActiveCfg = Release|ARM
		{A0B30C97-E55F-4119-A8E6-32A12744373B}.Ad-Hoc|ARM.Build.0 = Release|ARM
		{A0B30C97-E55F-4119-A8E6-32A12744373B}.Ad-Hoc|ARM.Deploy.0 = Release|ARM
		{A0B30C97-E55F-4119-A8E6-32A12744373B}.Ad-Hoc|iPhone.ActiveCfg = Release|x86
		{A0B30C97-E55F-4119-A8E6-32A12744373B}.Ad-Hoc|iPhone.Build.0 = Release|x86
		{A0B30C97-E55F-4119-A8E6-32A12744373B}.Ad-Hoc|iPhone.Deploy.0 = Release|x86
		{A0B30C97-E55F-4119-A8E6-32A12744373B}.Ad-Hoc|iPhoneSimulator.ActiveCfg = Release|x86
		{A0B30C97-E55F-4119-A8E6-32A12744373B}.Ad-Hoc|iPhoneSimulator.Build.0 = Release|x86
		{A0B30C97-E55F-4119-A8E6-32A12744373B}.Ad-Hoc|iPhoneSimulator.Deploy.0 = Release|x86
		{A0B30C97-E55F-4119-A8E6-32A12744373B}.Ad-Hoc|x64.ActiveCfg = Release|x64
		{A0B30C97-E55F-4119-A8E6-32A12744373B}.Ad-Hoc|x64.Build.0 = Release|x64
		{A0B30C97-E55F-4119-A8E6-32A12744373B}.Ad-Hoc|x64.Deploy.0 = Release|x64
		{A0B30C97-E55F-4119-A8E6-32A12744373B}.Ad-Hoc|x86.ActiveCfg = Release|x86
		{A0B30C97-E55F-4119-A8E6-32A12744373B}.Ad-Hoc|x86.Build.0 = Release|x86
		{A0B30C97-E55F-4119-A8E6-32A12744373B}.Ad-Hoc|x86.Deploy.0 = Release|x86
		{A0B30C97-E55F-4119-A8E6-32A12744373B}.AppStore|Any CPU.ActiveCfg = Release|x86
		{A0B30C97-E55F-4119-A8E6-32A12744373B}.AppStore|Any CPU.Build.0 = Release|x86
		{A0B30C97-E55F-4119-A8E6-32A12744373B}.AppStore|Any CPU.Deploy.0 = Release|x86
		{A0B30C97-E55F-4119-A8E6-32A12744373B}.AppStore|ARM.ActiveCfg = Release|ARM
		{A0B30C97-E55F-4119-A8E6-32A12744373B}.AppStore|ARM.Build.0 = Release|ARM
		{A0B30C97-E55F-4119-A8E6-32A12744373B}.AppStore|ARM.Deploy.0 = Release|ARM
		{A0B30C97-E55F-4119-A8E6-32A12744373B}.AppStore|iPhone.ActiveCfg = Release|x86
		{A0B30C97-E55F-4119-A8E6-32A12744373B}.AppStore|iPhone.Build.0 = Release|x86
		{A0B30C97-E55F-4119-A8E6-32A12744373B}.AppStore|iPhone.Deploy.0 = Release|x86
		{A0B30C97-E55F-4119-A8E6-32A12744373B}.AppStore|iPhoneSimulator.ActiveCfg = Release|x86
		{A0B30C97-E55F-4119-A8E6-32A12744373B}.AppStore|iPhoneSimulator.Build.0 = Release|x86
		{A0B30C97-E55F-4119-A8E6-32A12744373B}.AppStore|iPhoneSimulator.Deploy.0 = Release|x86
		{A0B30C97-E55F-4119-A8E6-32A12744373B}.AppStore|x64.ActiveCfg = Release|x64
		{A0B30C97-E55F-4119-A8E6-32A12744373B}.AppStore|x64.Build.0 = Release|x64
		{A0B30C97-E55F-4119-A8E6-32A12744373B}.AppStore|x64.Deploy.0 = Release|x64
		{A0B30C97-E55F-4119-A8E6-32A12744373B}.AppStore|x86.ActiveCfg = Release|x86
		{A0B30C97-E55F-4119-A8E6-32A12744373B}.AppStore|x86.Build.0 = Release|x86
		{A0B30C97-E55F-4119-A8E6-32A12744373B}.AppStore|x86.Deploy.0 = Release|x86
		{A0B30C97-E55F-4119-A8E6-32A12744373B}.Debug|Any CPU.ActiveCfg = Debug|x86
		{A0B30C97-E55F-4119-A8E6-32A12744373B}.Debug|ARM.ActiveCfg = Debug|ARM
		{A0B30C97-E55F-4119-A8E6-32A12744373B}.Debug|ARM.Build.0 = Debug|ARM
		{A0B30C97-E55F-4119-A8E6-32A12744373B}.Debug|ARM.Deploy.0 = Debug|ARM
		{A0B30C97-E55F-4119-A8E6-32A12744373B}.Debug|iPhone.ActiveCfg = Debug|x86
		{A0B30C97-E55F-4119-A8E6-32A12744373B}.Debug|iPhoneSimulator.ActiveCfg = Debug|x86
		{A0B30C97-E55F-4119-A8E6-32A12744373B}.Debug|x64.ActiveCfg = Debug|x64
		{A0B30C97-E55F-4119-A8E6-32A12744373B}.Debug|x64.Build.0 = Debug|x64
		{A0B30C97-E55F-4119-A8E6-32A12744373B}.Debug|x64.Deploy.0 = Debug|x64
		{A0B30C97-E55F-4119-A8E6-32A12744373B}.Debug|x86.ActiveCfg = Debug|x86
		{A0B30C97-E55F-4119-A8E6-32A12744373B}.Debug|x86.Build.0 = Debug|x86
		{A0B30C97-E55F-4119-A8E6-32A12744373B}.Debug|x86.Deploy.0 = Debug|x86
		{A0B30C97-E55F-4119-A8E6-32A12744373B}.Release|Any CPU.ActiveCfg = Release|x86
		{A0B30C97-E55F-4119-A8E6-32A12744373B}.Release|ARM.ActiveCfg = Release|ARM
		{A0B30C97-E55F-4119-A8E6-32A12744373B}.Release|ARM.Build.0 = Release|ARM
		{A0B30C97-E55F-4119-A8E6-32A12744373B}.Release|ARM.Deploy.0 = Release|ARM
		{A0B30C97-E55F-4119-A8E6-32A12744373B}.Release|iPhone.ActiveCfg = Release|x86
		{A0B30C97-E55F-4119-A8E6-32A12744373B}.Release|iPhoneSimulator.ActiveCfg = Release|x86
		{A0B30C97-E55F-4119-A8E6-32A12744373B}.Release|x64.ActiveCfg = Release|x64
		{A0B30C97-E55F-4119-A8E6-32A12744373B}.Release|x64.Build.0 = Release|x64
		{A0B30C97-E55F-4119-A8E6-32A12744373B}.Release|x64.Deploy.0 = Release|x64
		{A0B30C97-E55F-4119-A8E6-32A12744373B}.Release|x86.ActiveCfg = Release|x86
		{A0B30C97-E55F-4119-A8E6-32A12744373B}.Release|x86.Build.0 = Release|x86
		{A0B30C97-E55F-4119-A8E6-32A12744373B}.Release|x86.Deploy.0 = Release|x86
		{F20C7044-E581-4561-ABB9-107E2FA0F9A2}.Ad-Hoc|Any CPU.ActiveCfg = Debug|Any CPU
		{F20C7044-E581-4561-ABB9-107E2FA0F9A2}.Ad-Hoc|Any CPU.Build.0 = Debug|Any CPU
		{F20C7044-E581-4561-ABB9-107E2FA0F9A2}.Ad-Hoc|ARM.ActiveCfg = Debug|Any CPU
		{F20C7044-E581-4561-ABB9-107E2FA0F9A2}.Ad-Hoc|ARM.Build.0 = Debug|Any CPU
		{F20C7044-E581-4561-ABB9-107E2FA0F9A2}.Ad-Hoc|iPhone.ActiveCfg = Debug|Any CPU
		{F20C7044-E581-4561-ABB9-107E2FA0F9A2}.Ad-Hoc|iPhone.Build.0 = Debug|Any CPU
		{F20C7044-E581-4561-ABB9-107E2FA0F9A2}.Ad-Hoc|iPhoneSimulator.ActiveCfg = Debug|Any CPU
		{F20C7044-E581-4561-ABB9-107E2FA0F9A2}.Ad-Hoc|iPhoneSimulator.Build.0 = Debug|Any CPU
		{F20C7044-E581-4561-ABB9-107E2FA0F9A2}.Ad-Hoc|x64.ActiveCfg = Debug|Any CPU
		{F20C7044-E581-4561-ABB9-107E2FA0F9A2}.Ad-Hoc|x64.Build.0 = Debug|Any CPU
		{F20C7044-E581-4561-ABB9-107E2FA0F9A2}.Ad-Hoc|x86.ActiveCfg = Debug|Any CPU
		{F20C7044-E581-4561-ABB9-107E2FA0F9A2}.Ad-Hoc|x86.Build.0 = Debug|Any CPU
		{F20C7044-E581-4561-ABB9-107E2FA0F9A2}.AppStore|Any CPU.ActiveCfg = Debug|Any CPU
		{F20C7044-E581-4561-ABB9-107E2FA0F9A2}.AppStore|Any CPU.Build.0 = Debug|Any CPU
		{F20C7044-E581-4561-ABB9-107E2FA0F9A2}.AppStore|ARM.ActiveCfg = Debug|Any CPU
		{F20C7044-E581-4561-ABB9-107E2FA0F9A2}.AppStore|ARM.Build.0 = Debug|Any CPU
		{F20C7044-E581-4561-ABB9-107E2FA0F9A2}.AppStore|iPhone.ActiveCfg = Debug|Any CPU
		{F20C7044-E581-4561-ABB9-107E2FA0F9A2}.AppStore|iPhone.Build.0 = Debug|Any CPU
		{F20C7044-E581-4561-ABB9-107E2FA0F9A2}.AppStore|iPhoneSimulator.ActiveCfg = Debug|Any CPU
		{F20C7044-E581-4561-ABB9-107E2FA0F9A2}.AppStore|iPhoneSimulator.Build.0 = Debug|Any CPU
		{F20C7044-E581-4561-ABB9-107E2FA0F9A2}.AppStore|x64.ActiveCfg = Debug|Any CPU
		{F20C7044-E581-4561-ABB9-107E2FA0F9A2}.AppStore|x64.Build.0 = Debug|Any CPU
		{F20C7044-E581-4561-ABB9-107E2FA0F9A2}.AppStore|x86.ActiveCfg = Debug|Any CPU
		{F20C7044-E581-4561-ABB9-107E2FA0F9A2}.AppStore|x86.Build.0 = Debug|Any CPU
		{F20C7044-E581-4561-ABB9-107E2FA0F9A2}.Debug|Any CPU.ActiveCfg = Debug|Any CPU
		{F20C7044-E581-4561-ABB9-107E2FA0F9A2}.Debug|Any CPU.Build.0 = Debug|Any CPU
		{F20C7044-E581-4561-ABB9-107E2FA0F9A2}.Debug|ARM.ActiveCfg = Debug|Any CPU
		{F20C7044-E581-4561-ABB9-107E2FA0F9A2}.Debug|ARM.Build.0 = Debug|Any CPU
		{F20C7044-E581-4561-ABB9-107E2FA0F9A2}.Debug|iPhone.ActiveCfg = Debug|Any CPU
		{F20C7044-E581-4561-ABB9-107E2FA0F9A2}.Debug|iPhone.Build.0 = Debug|Any CPU
		{F20C7044-E581-4561-ABB9-107E2FA0F9A2}.Debug|iPhoneSimulator.ActiveCfg = Debug|Any CPU
		{F20C7044-E581-4561-ABB9-107E2FA0F9A2}.Debug|iPhoneSimulator.Build.0 = Debug|Any CPU
		{F20C7044-E581-4561-ABB9-107E2FA0F9A2}.Debug|x64.ActiveCfg = Debug|Any CPU
		{F20C7044-E581-4561-ABB9-107E2FA0F9A2}.Debug|x64.Build.0 = Debug|Any CPU
		{F20C7044-E581-4561-ABB9-107E2FA0F9A2}.Debug|x86.ActiveCfg = Debug|Any CPU
		{F20C7044-E581-4561-ABB9-107E2FA0F9A2}.Debug|x86.Build.0 = Debug|Any CPU
		{F20C7044-E581-4561-ABB9-107E2FA0F9A2}.Release|Any CPU.ActiveCfg = Release|Any CPU
		{F20C7044-E581-4561-ABB9-107E2FA0F9A2}.Release|Any CPU.Build.0 = Release|Any CPU
		{F20C7044-E581-4561-ABB9-107E2FA0F9A2}.Release|ARM.ActiveCfg = Release|Any CPU
		{F20C7044-E581-4561-ABB9-107E2FA0F9A2}.Release|ARM.Build.0 = Release|Any CPU
		{F20C7044-E581-4561-ABB9-107E2FA0F9A2}.Release|iPhone.ActiveCfg = Release|Any CPU
		{F20C7044-E581-4561-ABB9-107E2FA0F9A2}.Release|iPhone.Build.0 = Release|Any CPU
		{F20C7044-E581-4561-ABB9-107E2FA0F9A2}.Release|iPhoneSimulator.ActiveCfg = Release|Any CPU
		{F20C7044-E581-4561-ABB9-107E2FA0F9A2}.Release|iPhoneSimulator.Build.0 = Release|Any CPU
		{F20C7044-E581-4561-ABB9-107E2FA0F9A2}.Release|x64.ActiveCfg = Release|Any CPU
		{F20C7044-E581-4561-ABB9-107E2FA0F9A2}.Release|x64.Build.0 = Release|Any CPU
		{F20C7044-E581-4561-ABB9-107E2FA0F9A2}.Release|x86.ActiveCfg = Release|Any CPU
		{F20C7044-E581-4561-ABB9-107E2FA0F9A2}.Release|x86.Build.0 = Release|Any CPU
	EndGlobalSection
	GlobalSection(SolutionProperties) = preSolution
		HideSolutionNode = FALSE
	EndGlobalSection
	GlobalSection(ExtensibilityGlobals) = postSolution
		SolutionGuid = {74CA91FF-D7A5-4F0D-885C-9E83621B10CD}
	EndGlobalSection
EndGlobal
