
Microsoft Visual Studio Solution File, Format Version 12.00
# Visual Studio 15
VisualStudioVersion = 15.0.27703.2018
MinimumVisualStudioVersion = 10.0.40219.1
Project("{FAE04EC0-301F-11D3-BF4B-00C04F79EFBC}") = "App2_SOAP_Client.Android", "App2_SOAP_Client\App2_SOAP_Client.Android\App2_SOAP_Client.Android.csproj", "{ECAF6884-F735-41C8-8E0E-F5F3F8AAE26B}"
EndProject
Project("{FAE04EC0-301F-11D3-BF4B-00C04F79EFBC}") = "App2_SOAP_Client.iOS", "App2_SOAP_Client\App2_SOAP_Client.iOS\App2_SOAP_Client.iOS.csproj", "{F38833DB-DB16-4BBD-90F3-2A92FA17ADB8}"
EndProject
Project("{FAE04EC0-301F-11D3-BF4B-00C04F79EFBC}") = "App2_SOAP_Client.UWP", "App2_SOAP_Client\App2_SOAP_Client.UWP\App2_SOAP_Client.UWP.csproj", "{EB94E881-05A2-40E4-9649-DF56FD4B3243}"
EndProject
Project("{FAE04EC0-301F-11D3-BF4B-00C04F79EFBC}") = "App2_SOAP_Client", "App2_SOAP_Client\App2_SOAP_Client\App2_SOAP_Client.csproj", "{D212B090-4818-4C60-B7CB-6F6898095D4A}"
EndProject
Global
	GlobalSection(SolutionConfigurationPlatforms) = preSolution
		Ad-Hoc|Any CPU = Ad-Hoc|Any CPU
		Ad-Hoc|ARM = Ad-Hoc|ARM
		Ad-Hoc|iPhone = Ad-Hoc|iPhone
		Ad-Hoc|iPhoneSimulator = Ad-Hoc|iPhoneSimulator
		Ad-Hoc|x64 = Ad-Hoc|x64
		Ad-Hoc|x86 = Ad-Hoc|x86
		AppStore|Any CPU = AppStore|Any CPU
		AppStore|ARM = AppStore|ARM
		AppStore|iPhone = AppStore|iPhone
		AppStore|iPhoneSimulator = AppStore|iPhoneSimulator
		AppStore|x64 = AppStore|x64
		AppStore|x86 = AppStore|x86
		Debug|Any CPU = Debug|Any CPU
		Debug|ARM = Debug|ARM
		Debug|iPhone = Debug|iPhone
		Debug|iPhoneSimulator = Debug|iPhoneSimulator
		Debug|x64 = Debug|x64
		Debug|x86 = Debug|x86
		Release|Any CPU = Release|Any CPU
		Release|ARM = Release|ARM
		Release|iPhone = Release|iPhone
		Release|iPhoneSimulator = Release|iPhoneSimulator
		Release|x64 = Release|x64
		Release|x86 = Release|x86
	EndGlobalSection
	GlobalSection(ProjectConfigurationPlatforms) = postSolution
		{ECAF6884-F735-41C8-8E0E-F5F3F8AAE26B}.Ad-Hoc|Any CPU.ActiveCfg = Release|Any CPU
		{ECAF6884-F735-41C8-8E0E-F5F3F8AAE26B}.Ad-Hoc|Any CPU.Build.0 = Release|Any CPU
		{ECAF6884-F735-41C8-8E0E-F5F3F8AAE26B}.Ad-Hoc|Any CPU.Deploy.0 = Release|Any CPU
		{ECAF6884-F735-41C8-8E0E-F5F3F8AAE26B}.Ad-Hoc|ARM.ActiveCfg = Release|Any CPU
		{ECAF6884-F735-41C8-8E0E-F5F3F8AAE26B}.Ad-Hoc|ARM.Build.0 = Release|Any CPU
		{ECAF6884-F735-41C8-8E0E-F5F3F8AAE26B}.Ad-Hoc|ARM.Deploy.0 = Release|Any CPU
		{ECAF6884-F735-41C8-8E0E-F5F3F8AAE26B}.Ad-Hoc|iPhone.ActiveCfg = Release|Any CPU
		{ECAF6884-F735-41C8-8E0E-F5F3F8AAE26B}.Ad-Hoc|iPhone.Build.0 = Release|Any CPU
		{ECAF6884-F735-41C8-8E0E-F5F3F8AAE26B}.Ad-Hoc|iPhone.Deploy.0 = Release|Any CPU
		{ECAF6884-F735-41C8-8E0E-F5F3F8AAE26B}.Ad-Hoc|iPhoneSimulator.ActiveCfg = Release|Any CPU
		{ECAF6884-F735-41C8-8E0E-F5F3F8AAE26B}.Ad-Hoc|iPhoneSimulator.Build.0 = Release|Any CPU
		{ECAF6884-F735-41C8-8E0E-F5F3F8AAE26B}.Ad-Hoc|iPhoneSimulator.Deploy.0 = Release|Any CPU
		{ECAF6884-F735-41C8-8E0E-F5F3F8AAE26B}.Ad-Hoc|x64.ActiveCfg = Release|Any CPU
		{ECAF6884-F735-41C8-8E0E-F5F3F8AAE26B}.Ad-Hoc|x64.Build.0 = Release|Any CPU
		{ECAF6884-F735-41C8-8E0E-F5F3F8AAE26B}.Ad-Hoc|x64.Deploy.0 = Release|Any CPU
		{ECAF6884-F735-41C8-8E0E-F5F3F8AAE26B}.Ad-Hoc|x86.ActiveCfg = Release|Any CPU
		{ECAF6884-F735-41C8-8E0E-F5F3F8AAE26B}.Ad-Hoc|x86.Build.0 = Release|Any CPU
		{ECAF6884-F735-41C8-8E0E-F5F3F8AAE26B}.Ad-Hoc|x86.Deploy.0 = Release|Any CPU
		{ECAF6884-F735-41C8-8E0E-F5F3F8AAE26B}.AppStore|Any CPU.ActiveCfg = Release|Any CPU
		{ECAF6884-F735-41C8-8E0E-F5F3F8AAE26B}.AppStore|Any CPU.Build.0 = Release|Any CPU
		{ECAF6884-F735-41C8-8E0E-F5F3F8AAE26B}.AppStore|Any CPU.Deploy.0 = Release|Any CPU
		{ECAF6884-F735-41C8-8E0E-F5F3F8AAE26B}.AppStore|ARM.ActiveCfg = Release|Any CPU
		{ECAF6884-F735-41C8-8E0E-F5F3F8AAE26B}.AppStore|ARM.Build.0 = Release|Any CPU
		{ECAF6884-F735-41C8-8E0E-F5F3F8AAE26B}.AppStore|ARM.Deploy.0 = Release|Any CPU
		{ECAF6884-F735-41C8-8E0E-F5F3F8AAE26B}.AppStore|iPhone.ActiveCfg = Release|Any CPU
		{ECAF6884-F735-41C8-8E0E-F5F3F8AAE26B}.AppStore|iPhone.Build.0 = Release|Any CPU
		{ECAF6884-F735-41C8-8E0E-F5F3F8AAE26B}.AppStore|iPhone.Deploy.0 = Release|Any CPU
		{ECAF6884-F735-41C8-8E0E-F5F3F8AAE26B}.AppStore|iPhoneSimulator.ActiveCfg = Release|Any CPU
		{ECAF6884-F735-41C8-8E0E-F5F3F8AAE26B}.AppStore|iPhoneSimulator.Build.0 = Release|Any CPU
		{ECAF6884-F735-41C8-8E0E-F5F3F8AAE26B}.AppStore|iPhoneSimulator.Deploy.0 = Release|Any CPU
		{ECAF6884-F735-41C8-8E0E-F5F3F8AAE26B}.AppStore|x64.ActiveCfg = Release|Any CPU
		{ECAF6884-F735-41C8-8E0E-F5F3F8AAE26B}.AppStore|x64.Build.0 = Release|Any CPU
		{ECAF6884-F735-41C8-8E0E-F5F3F8AAE26B}.AppStore|x64.Deploy.0 = Release|Any CPU
		{ECAF6884-F735-41C8-8E0E-F5F3F8AAE26B}.AppStore|x86.ActiveCfg = Release|Any CPU
		{ECAF6884-F735-41C8-8E0E-F5F3F8AAE26B}.AppStore|x86.Build.0 = Release|Any CPU
		{ECAF6884-F735-41C8-8E0E-F5F3F8AAE26B}.AppStore|x86.Deploy.0 = Release|Any CPU
		{ECAF6884-F735-41C8-8E0E-F5F3F8AAE26B}.Debug|Any CPU.ActiveCfg = Debug|Any CPU
		{ECAF6884-F735-41C8-8E0E-F5F3F8AAE26B}.Debug|Any CPU.Build.0 = Debug|Any CPU
		{ECAF6884-F735-41C8-8E0E-F5F3F8AAE26B}.Debug|Any CPU.Deploy.0 = Debug|Any CPU
		{ECAF6884-F735-41C8-8E0E-F5F3F8AAE26B}.Debug|ARM.ActiveCfg = Debug|Any CPU
		{ECAF6884-F735-41C8-8E0E-F5F3F8AAE26B}.Debug|ARM.Build.0 = Debug|Any CPU
		{ECAF6884-F735-41C8-8E0E-F5F3F8AAE26B}.Debug|ARM.Deploy.0 = Debug|Any CPU
		{ECAF6884-F735-41C8-8E0E-F5F3F8AAE26B}.Debug|iPhone.ActiveCfg = Debug|Any CPU
		{ECAF6884-F735-41C8-8E0E-F5F3F8AAE26B}.Debug|iPhone.Build.0 = Debug|Any CPU
		{ECAF6884-F735-41C8-8E0E-F5F3F8AAE26B}.Debug|iPhone.Deploy.0 = Debug|Any CPU
		{ECAF6884-F735-41C8-8E0E-F5F3F8AAE26B}.Debug|iPhoneSimulator.ActiveCfg = Debug|Any CPU
		{ECAF6884-F735-41C8-8E0E-F5F3F8AAE26B}.Debug|iPhoneSimulator.Build.0 = Debug|Any CPU
		{ECAF6884-F735-41C8-8E0E-F5F3F8AAE26B}.Debug|iPhoneSimulator.Deploy.0 = Debug|Any CPU
		{ECAF6884-F735-41C8-8E0E-F5F3F8AAE26B}.Debug|x64.ActiveCfg = Debug|Any CPU
		{ECAF6884-F735-41C8-8E0E-F5F3F8AAE26B}.Debug|x64.Build.0 = Debug|Any CPU
		{ECAF6884-F735-41C8-8E0E-F5F3F8AAE26B}.Debug|x64.Deploy.0 = Debug|Any CPU
		{ECAF6884-F735-41C8-8E0E-F5F3F8AAE26B}.Debug|x86.ActiveCfg = Debug|Any CPU
		{ECAF6884-F735-41C8-8E0E-F5F3F8AAE26B}.Debug|x86.Build.0 = Debug|Any CPU
		{ECAF6884-F735-41C8-8E0E-F5F3F8AAE26B}.Debug|x86.Deploy.0 = Debug|Any CPU
		{ECAF6884-F735-41C8-8E0E-F5F3F8AAE26B}.Release|Any CPU.ActiveCfg = Release|Any CPU
		{ECAF6884-F735-41C8-8E0E-F5F3F8AAE26B}.Release|Any CPU.Build.0 = Release|Any CPU
		{ECAF6884-F735-41C8-8E0E-F5F3F8AAE26B}.Release|Any CPU.Deploy.0 = Release|Any CPU
		{ECAF6884-F735-41C8-8E0E-F5F3F8AAE26B}.Release|ARM.ActiveCfg = Release|Any CPU
		{ECAF6884-F735-41C8-8E0E-F5F3F8AAE26B}.Release|ARM.Build.0 = Release|Any CPU
		{ECAF6884-F735-41C8-8E0E-F5F3F8AAE26B}.Release|ARM.Deploy.0 = Release|Any CPU
		{ECAF6884-F735-41C8-8E0E-F5F3F8AAE26B}.Release|iPhone.ActiveCfg = Release|Any CPU
		{ECAF6884-F735-41C8-8E0E-F5F3F8AAE26B}.Release|iPhone.Build.0 = Release|Any CPU
		{ECAF6884-F735-41C8-8E0E-F5F3F8AAE26B}.Release|iPhone.Deploy.0 = Release|Any CPU
		{ECAF6884-F735-41C8-8E0E-F5F3F8AAE26B}.Release|iPhoneSimulator.ActiveCfg = Release|Any CPU
		{ECAF6884-F735-41C8-8E0E-F5F3F8AAE26B}.Release|iPhoneSimulator.Build.0 = Release|Any CPU
		{ECAF6884-F735-41C8-8E0E-F5F3F8AAE26B}.Release|iPhoneSimulator.Deploy.0 = Release|Any CPU
		{ECAF6884-F735-41C8-8E0E-F5F3F8AAE26B}.Release|x64.ActiveCfg = Release|Any CPU
		{ECAF6884-F735-41C8-8E0E-F5F3F8AAE26B}.Release|x64.Build.0 = Release|Any CPU
		{ECAF6884-F735-41C8-8E0E-F5F3F8AAE26B}.Release|x64.Deploy.0 = Release|Any CPU
		{ECAF6884-F735-41C8-8E0E-F5F3F8AAE26B}.Release|x86.ActiveCfg = Release|Any CPU
		{ECAF6884-F735-41C8-8E0E-F5F3F8AAE26B}.Release|x86.Build.0 = Release|Any CPU
		{ECAF6884-F735-41C8-8E0E-F5F3F8AAE26B}.Release|x86.Deploy.0 = Release|Any CPU
		{F38833DB-DB16-4BBD-90F3-2A92FA17ADB8}.Ad-Hoc|Any CPU.ActiveCfg = Ad-Hoc|iPhone
		{F38833DB-DB16-4BBD-90F3-2A92FA17ADB8}.Ad-Hoc|Any CPU.Build.0 = Ad-Hoc|iPhone
		{F38833DB-DB16-4BBD-90F3-2A92FA17ADB8}.Ad-Hoc|Any CPU.Deploy.0 = Ad-Hoc|iPhone
		{F38833DB-DB16-4BBD-90F3-2A92FA17ADB8}.Ad-Hoc|ARM.ActiveCfg = Ad-Hoc|iPhone
		{F38833DB-DB16-4BBD-90F3-2A92FA17ADB8}.Ad-Hoc|ARM.Build.0 = Ad-Hoc|iPhone
		{F38833DB-DB16-4BBD-90F3-2A92FA17ADB8}.Ad-Hoc|ARM.Deploy.0 = Ad-Hoc|iPhone
		{F38833DB-DB16-4BBD-90F3-2A92FA17ADB8}.Ad-Hoc|iPhone.ActiveCfg = Ad-Hoc|iPhone
		{F38833DB-DB16-4BBD-90F3-2A92FA17ADB8}.Ad-Hoc|iPhone.Build.0 = Ad-Hoc|iPhone
		{F38833DB-DB16-4BBD-90F3-2A92FA17ADB8}.Ad-Hoc|iPhone.Deploy.0 = Ad-Hoc|iPhone
		{F38833DB-DB16-4BBD-90F3-2A92FA17ADB8}.Ad-Hoc|iPhoneSimulator.ActiveCfg = Ad-Hoc|iPhoneSimulator
		{F38833DB-DB16-4BBD-90F3-2A92FA17ADB8}.Ad-Hoc|iPhoneSimulator.Build.0 = Ad-Hoc|iPhoneSimulator
		{F38833DB-DB16-4BBD-90F3-2A92FA17ADB8}.Ad-Hoc|iPhoneSimulator.Deploy.0 = Ad-Hoc|iPhoneSimulator
		{F38833DB-DB16-4BBD-90F3-2A92FA17ADB8}.Ad-Hoc|x64.ActiveCfg = Ad-Hoc|iPhone
		{F38833DB-DB16-4BBD-90F3-2A92FA17ADB8}.Ad-Hoc|x64.Build.0 = Ad-Hoc|iPhone
		{F38833DB-DB16-4BBD-90F3-2A92FA17ADB8}.Ad-Hoc|x64.Deploy.0 = Ad-Hoc|iPhone
		{F38833DB-DB16-4BBD-90F3-2A92FA17ADB8}.Ad-Hoc|x86.ActiveCfg = Ad-Hoc|iPhone
		{F38833DB-DB16-4BBD-90F3-2A92FA17ADB8}.Ad-Hoc|x86.Build.0 = Ad-Hoc|iPhone
		{F38833DB-DB16-4BBD-90F3-2A92FA17ADB8}.Ad-Hoc|x86.Deploy.0 = Ad-Hoc|iPhone
		{F38833DB-DB16-4BBD-90F3-2A92FA17ADB8}.AppStore|Any CPU.ActiveCfg = AppStore|iPhone
		{F38833DB-DB16-4BBD-90F3-2A92FA17ADB8}.AppStore|Any CPU.Build.0 = AppStore|iPhone
		{F38833DB-DB16-4BBD-90F3-2A92FA17ADB8}.AppStore|Any CPU.Deploy.0 = AppStore|iPhone
		{F38833DB-DB16-4BBD-90F3-2A92FA17ADB8}.AppStore|ARM.ActiveCfg = AppStore|iPhone
		{F38833DB-DB16-4BBD-90F3-2A92FA17ADB8}.AppStore|ARM.Build.0 = AppStore|iPhone
		{F38833DB-DB16-4BBD-90F3-2A92FA17ADB8}.AppStore|ARM.Deploy.0 = AppStore|iPhone
		{F38833DB-DB16-4BBD-90F3-2A92FA17ADB8}.AppStore|iPhone.ActiveCfg = AppStore|iPhone
		{F38833DB-DB16-4BBD-90F3-2A92FA17ADB8}.AppStore|iPhone.Build.0 = AppStore|iPhone
		{F38833DB-DB16-4BBD-90F3-2A92FA17ADB8}.AppStore|iPhone.Deploy.0 = AppStore|iPhone
		{F38833DB-DB16-4BBD-90F3-2A92FA17ADB8}.AppStore|iPhoneSimulator.ActiveCfg = AppStore|iPhoneSimulator
		{F38833DB-DB16-4BBD-90F3-2A92FA17ADB8}.AppStore|iPhoneSimulator.Build.0 = AppStore|iPhoneSimulator
		{F38833DB-DB16-4BBD-90F3-2A92FA17ADB8}.AppStore|iPhoneSimulator.Deploy.0 = AppStore|iPhoneSimulator
		{F38833DB-DB16-4BBD-90F3-2A92FA17ADB8}.AppStore|x64.ActiveCfg = AppStore|iPhone
		{F38833DB-DB16-4BBD-90F3-2A92FA17ADB8}.AppStore|x64.Build.0 = AppStore|iPhone
		{F38833DB-DB16-4BBD-90F3-2A92FA17ADB8}.AppStore|x64.Deploy.0 = AppStore|iPhone
		{F38833DB-DB16-4BBD-90F3-2A92FA17ADB8}.AppStore|x86.ActiveCfg = AppStore|iPhone
		{F38833DB-DB16-4BBD-90F3-2A92FA17ADB8}.AppStore|x86.Build.0 = AppStore|iPhone
		{F38833DB-DB16-4BBD-90F3-2A92FA17ADB8}.AppStore|x86.Deploy.0 = AppStore|iPhone
		{F38833DB-DB16-4BBD-90F3-2A92FA17ADB8}.Debug|Any CPU.ActiveCfg = Debug|iPhoneSimulator
		{F38833DB-DB16-4BBD-90F3-2A92FA17ADB8}.Debug|Any CPU.Build.0 = Debug|iPhoneSimulator
		{F38833DB-DB16-4BBD-90F3-2A92FA17ADB8}.Debug|Any CPU.Deploy.0 = Debug|iPhoneSimulator
		{F38833DB-DB16-4BBD-90F3-2A92FA17ADB8}.Debug|ARM.ActiveCfg = Debug|iPhone
		{F38833DB-DB16-4BBD-90F3-2A92FA17ADB8}.Debug|ARM.Build.0 = Debug|iPhone
		{F38833DB-DB16-4BBD-90F3-2A92FA17ADB8}.Debug|ARM.Deploy.0 = Debug|iPhone
		{F38833DB-DB16-4BBD-90F3-2A92FA17ADB8}.Debug|iPhone.ActiveCfg = Debug|iPhone
		{F38833DB-DB16-4BBD-90F3-2A92FA17ADB8}.Debug|iPhone.Build.0 = Debug|iPhone
		{F38833DB-DB16-4BBD-90F3-2A92FA17ADB8}.Debug|iPhone.Deploy.0 = Debug|iPhone
		{F38833DB-DB16-4BBD-90F3-2A92FA17ADB8}.Debug|iPhoneSimulator.ActiveCfg = Debug|iPhoneSimulator
		{F38833DB-DB16-4BBD-90F3-2A92FA17ADB8}.Debug|iPhoneSimulator.Build.0 = Debug|iPhoneSimulator
		{F38833DB-DB16-4BBD-90F3-2A92FA17ADB8}.Debug|iPhoneSimulator.Deploy.0 = Debug|iPhoneSimulator
		{F38833DB-DB16-4BBD-90F3-2A92FA17ADB8}.Debug|x64.ActiveCfg = Debug|iPhone
		{F38833DB-DB16-4BBD-90F3-2A92FA17ADB8}.Debug|x64.Build.0 = Debug|iPhone
		{F38833DB-DB16-4BBD-90F3-2A92FA17ADB8}.Debug|x64.Deploy.0 = Debug|iPhone
		{F38833DB-DB16-4BBD-90F3-2A92FA17ADB8}.Debug|x86.ActiveCfg = Debug|iPhone
		{F38833DB-DB16-4BBD-90F3-2A92FA17ADB8}.Debug|x86.Build.0 = Debug|iPhone
		{F38833DB-DB16-4BBD-90F3-2A92FA17ADB8}.Debug|x86.Deploy.0 = Debug|iPhone
		{F38833DB-DB16-4BBD-90F3-2A92FA17ADB8}.Release|Any CPU.ActiveCfg = Release|iPhone
		{F38833DB-DB16-4BBD-90F3-2A92FA17ADB8}.Release|Any CPU.Build.0 = Release|iPhone
		{F38833DB-DB16-4BBD-90F3-2A92FA17ADB8}.Release|Any CPU.Deploy.0 = Release|iPhone
		{F38833DB-DB16-4BBD-90F3-2A92FA17ADB8}.Release|ARM.ActiveCfg = Release|iPhone
		{F38833DB-DB16-4BBD-90F3-2A92FA17ADB8}.Release|ARM.Build.0 = Release|iPhone
		{F38833DB-DB16-4BBD-90F3-2A92FA17ADB8}.Release|ARM.Deploy.0 = Release|iPhone
		{F38833DB-DB16-4BBD-90F3-2A92FA17ADB8}.Release|iPhone.ActiveCfg = Release|iPhone
		{F38833DB-DB16-4BBD-90F3-2A92FA17ADB8}.Release|iPhone.Build.0 = Release|iPhone
		{F38833DB-DB16-4BBD-90F3-2A92FA17ADB8}.Release|iPhone.Deploy.0 = Release|iPhone
		{F38833DB-DB16-4BBD-90F3-2A92FA17ADB8}.Release|iPhoneSimulator.ActiveCfg = Release|iPhoneSimulator
		{F38833DB-DB16-4BBD-90F3-2A92FA17ADB8}.Release|iPhoneSimulator.Build.0 = Release|iPhoneSimulator
		{F38833DB-DB16-4BBD-90F3-2A92FA17ADB8}.Release|iPhoneSimulator.Deploy.0 = Release|iPhoneSimulator
		{F38833DB-DB16-4BBD-90F3-2A92FA17ADB8}.Release|x64.ActiveCfg = Release|iPhone
		{F38833DB-DB16-4BBD-90F3-2A92FA17ADB8}.Release|x64.Build.0 = Release|iPhone
		{F38833DB-DB16-4BBD-90F3-2A92FA17ADB8}.Release|x64.Deploy.0 = Release|iPhone
		{F38833DB-DB16-4BBD-90F3-2A92FA17ADB8}.Release|x86.ActiveCfg = Release|iPhone
		{F38833DB-DB16-4BBD-90F3-2A92FA17ADB8}.Release|x86.Build.0 = Release|iPhone
		{F38833DB-DB16-4BBD-90F3-2A92FA17ADB8}.Release|x86.Deploy.0 = Release|iPhone
		{EB94E881-05A2-40E4-9649-DF56FD4B3243}.Ad-Hoc|Any CPU.ActiveCfg = Release|x86
		{EB94E881-05A2-40E4-9649-DF56FD4B3243}.Ad-Hoc|Any CPU.Build.0 = Release|x86
		{EB94E881-05A2-40E4-9649-DF56FD4B3243}.Ad-Hoc|Any CPU.Deploy.0 = Release|x86
		{EB94E881-05A2-40E4-9649-DF56FD4B3243}.Ad-Hoc|ARM.ActiveCfg = Release|ARM
		{EB94E881-05A2-40E4-9649-DF56FD4B3243}.Ad-Hoc|ARM.Build.0 = Release|ARM
		{EB94E881-05A2-40E4-9649-DF56FD4B3243}.Ad-Hoc|ARM.Deploy.0 = Release|ARM
		{EB94E881-05A2-40E4-9649-DF56FD4B3243}.Ad-Hoc|iPhone.ActiveCfg = Release|x86
		{EB94E881-05A2-40E4-9649-DF56FD4B3243}.Ad-Hoc|iPhone.Build.0 = Release|x86
		{EB94E881-05A2-40E4-9649-DF56FD4B3243}.Ad-Hoc|iPhone.Deploy.0 = Release|x86
		{EB94E881-05A2-40E4-9649-DF56FD4B3243}.Ad-Hoc|iPhoneSimulator.ActiveCfg = Release|x86
		{EB94E881-05A2-40E4-9649-DF56FD4B3243}.Ad-Hoc|iPhoneSimulator.Build.0 = Release|x86
		{EB94E881-05A2-40E4-9649-DF56FD4B3243}.Ad-Hoc|iPhoneSimulator.Deploy.0 = Release|x86
		{EB94E881-05A2-40E4-9649-DF56FD4B3243}.Ad-Hoc|x64.ActiveCfg = Release|x64
		{EB94E881-05A2-40E4-9649-DF56FD4B3243}.Ad-Hoc|x64.Build.0 = Release|x64
		{EB94E881-05A2-40E4-9649-DF56FD4B3243}.Ad-Hoc|x64.Deploy.0 = Release|x64
		{EB94E881-05A2-40E4-9649-DF56FD4B3243}.Ad-Hoc|x86.ActiveCfg = Release|x86
		{EB94E881-05A2-40E4-9649-DF56FD4B3243}.Ad-Hoc|x86.Build.0 = Release|x86
		{EB94E881-05A2-40E4-9649-DF56FD4B3243}.Ad-Hoc|x86.Deploy.0 = Release|x86
		{EB94E881-05A2-40E4-9649-DF56FD4B3243}.AppStore|Any CPU.ActiveCfg = Release|x86
		{EB94E881-05A2-40E4-9649-DF56FD4B3243}.AppStore|Any CPU.Build.0 = Release|x86
		{EB94E881-05A2-40E4-9649-DF56FD4B3243}.AppStore|Any CPU.Deploy.0 = Release|x86
		{EB94E881-05A2-40E4-9649-DF56FD4B3243}.AppStore|ARM.ActiveCfg = Release|ARM
		{EB94E881-05A2-40E4-9649-DF56FD4B3243}.AppStore|ARM.Build.0 = Release|ARM
		{EB94E881-05A2-40E4-9649-DF56FD4B3243}.AppStore|ARM.Deploy.0 = Release|ARM
		{EB94E881-05A2-40E4-9649-DF56FD4B3243}.AppStore|iPhone.ActiveCfg = Release|x86
		{EB94E881-05A2-40E4-9649-DF56FD4B3243}.AppStore|iPhone.Build.0 = Release|x86
		{EB94E881-05A2-40E4-9649-DF56FD4B3243}.AppStore|iPhone.Deploy.0 = Release|x86
		{EB94E881-05A2-40E4-9649-DF56FD4B3243}.AppStore|iPhoneSimulator.ActiveCfg = Release|x86
		{EB94E881-05A2-40E4-9649-DF56FD4B3243}.AppStore|iPhoneSimulator.Build.0 = Release|x86
		{EB94E881-05A2-40E4-9649-DF56FD4B3243}.AppStore|iPhoneSimulator.Deploy.0 = Release|x86
		{EB94E881-05A2-40E4-9649-DF56FD4B3243}.AppStore|x64.ActiveCfg = Release|x64
		{EB94E881-05A2-40E4-9649-DF56FD4B3243}.AppStore|x64.Build.0 = Release|x64
		{EB94E881-05A2-40E4-9649-DF56FD4B3243}.AppStore|x64.Deploy.0 = Release|x64
		{EB94E881-05A2-40E4-9649-DF56FD4B3243}.AppStore|x86.ActiveCfg = Release|x86
		{EB94E881-05A2-40E4-9649-DF56FD4B3243}.AppStore|x86.Build.0 = Release|x86
		{EB94E881-05A2-40E4-9649-DF56FD4B3243}.AppStore|x86.Deploy.0 = Release|x86
		{EB94E881-05A2-40E4-9649-DF56FD4B3243}.Debug|Any CPU.ActiveCfg = Debug|x86
		{EB94E881-05A2-40E4-9649-DF56FD4B3243}.Debug|Any CPU.Build.0 = Debug|x86
		{EB94E881-05A2-40E4-9649-DF56FD4B3243}.Debug|Any CPU.Deploy.0 = Debug|x86
		{EB94E881-05A2-40E4-9649-DF56FD4B3243}.Debug|ARM.ActiveCfg = Debug|ARM
		{EB94E881-05A2-40E4-9649-DF56FD4B3243}.Debug|ARM.Build.0 = Debug|ARM
		{EB94E881-05A2-40E4-9649-DF56FD4B3243}.Debug|ARM.Deploy.0 = Debug|ARM
		{EB94E881-05A2-40E4-9649-DF56FD4B3243}.Debug|iPhone.ActiveCfg = Debug|x86
		{EB94E881-05A2-40E4-9649-DF56FD4B3243}.Debug|iPhone.Build.0 = Debug|x86
		{EB94E881-05A2-40E4-9649-DF56FD4B3243}.Debug|iPhone.Deploy.0 = Debug|x86
		{EB94E881-05A2-40E4-9649-DF56FD4B3243}.Debug|iPhoneSimulator.ActiveCfg = Debug|x86
		{EB94E881-05A2-40E4-9649-DF56FD4B3243}.Debug|iPhoneSimulator.Build.0 = Debug|x86
		{EB94E881-05A2-40E4-9649-DF56FD4B3243}.Debug|iPhoneSimulator.Deploy.0 = Debug|x86
		{EB94E881-05A2-40E4-9649-DF56FD4B3243}.Debug|x64.ActiveCfg = Debug|x64
		{EB94E881-05A2-40E4-9649-DF56FD4B3243}.Debug|x64.Build.0 = Debug|x64
		{EB94E881-05A2-40E4-9649-DF56FD4B3243}.Debug|x64.Deploy.0 = Debug|x64
		{EB94E881-05A2-40E4-9649-DF56FD4B3243}.Debug|x86.ActiveCfg = Debug|x86
		{EB94E881-05A2-40E4-9649-DF56FD4B3243}.Debug|x86.Build.0 = Debug|x86
		{EB94E881-05A2-40E4-9649-DF56FD4B3243}.Debug|x86.Deploy.0 = Debug|x86
		{EB94E881-05A2-40E4-9649-DF56FD4B3243}.Release|Any CPU.ActiveCfg = Release|x86
		{EB94E881-05A2-40E4-9649-DF56FD4B3243}.Release|Any CPU.Build.0 = Release|x86
		{EB94E881-05A2-40E4-9649-DF56FD4B3243}.Release|Any CPU.Deploy.0 = Release|x86
		{EB94E881-05A2-40E4-9649-DF56FD4B3243}.Release|ARM.ActiveCfg = Release|ARM
		{EB94E881-05A2-40E4-9649-DF56FD4B3243}.Release|ARM.Build.0 = Release|ARM
		{EB94E881-05A2-40E4-9649-DF56FD4B3243}.Release|ARM.Deploy.0 = Release|ARM
		{EB94E881-05A2-40E4-9649-DF56FD4B3243}.Release|iPhone.ActiveCfg = Release|x86
		{EB94E881-05A2-40E4-9649-DF56FD4B3243}.Release|iPhone.Build.0 = Release|x86
		{EB94E881-05A2-40E4-9649-DF56FD4B3243}.Release|iPhone.Deploy.0 = Release|x86
		{EB94E881-05A2-40E4-9649-DF56FD4B3243}.Release|iPhoneSimulator.ActiveCfg = Release|x86
		{EB94E881-05A2-40E4-9649-DF56FD4B3243}.Release|iPhoneSimulator.Build.0 = Release|x86
		{EB94E881-05A2-40E4-9649-DF56FD4B3243}.Release|iPhoneSimulator.Deploy.0 = Release|x86
		{EB94E881-05A2-40E4-9649-DF56FD4B3243}.Release|x64.ActiveCfg = Release|x64
		{EB94E881-05A2-40E4-9649-DF56FD4B3243}.Release|x64.Build.0 = Release|x64
		{EB94E881-05A2-40E4-9649-DF56FD4B3243}.Release|x64.Deploy.0 = Release|x64
		{EB94E881-05A2-40E4-9649-DF56FD4B3243}.Release|x86.ActiveCfg = Release|x86
		{EB94E881-05A2-40E4-9649-DF56FD4B3243}.Release|x86.Build.0 = Release|x86
		{EB94E881-05A2-40E4-9649-DF56FD4B3243}.Release|x86.Deploy.0 = Release|x86
		{D212B090-4818-4C60-B7CB-6F6898095D4A}.Ad-Hoc|Any CPU.ActiveCfg = Debug|Any CPU
		{D212B090-4818-4C60-B7CB-6F6898095D4A}.Ad-Hoc|Any CPU.Build.0 = Debug|Any CPU
		{D212B090-4818-4C60-B7CB-6F6898095D4A}.Ad-Hoc|Any CPU.Deploy.0 = Debug|Any CPU
		{D212B090-4818-4C60-B7CB-6F6898095D4A}.Ad-Hoc|ARM.ActiveCfg = Debug|Any CPU
		{D212B090-4818-4C60-B7CB-6F6898095D4A}.Ad-Hoc|ARM.Build.0 = Debug|Any CPU
		{D212B090-4818-4C60-B7CB-6F6898095D4A}.Ad-Hoc|ARM.Deploy.0 = Debug|Any CPU
		{D212B090-4818-4C60-B7CB-6F6898095D4A}.Ad-Hoc|iPhone.ActiveCfg = Debug|Any CPU
		{D212B090-4818-4C60-B7CB-6F6898095D4A}.Ad-Hoc|iPhone.Build.0 = Debug|Any CPU
		{D212B090-4818-4C60-B7CB-6F6898095D4A}.Ad-Hoc|iPhone.Deploy.0 = Debug|Any CPU
		{D212B090-4818-4C60-B7CB-6F6898095D4A}.Ad-Hoc|iPhoneSimulator.ActiveCfg = Debug|Any CPU
		{D212B090-4818-4C60-B7CB-6F6898095D4A}.Ad-Hoc|iPhoneSimulator.Build.0 = Debug|Any CPU
		{D212B090-4818-4C60-B7CB-6F6898095D4A}.Ad-Hoc|iPhoneSimulator.Deploy.0 = Debug|Any CPU
		{D212B090-4818-4C60-B7CB-6F6898095D4A}.Ad-Hoc|x64.ActiveCfg = Debug|Any CPU
		{D212B090-4818-4C60-B7CB-6F6898095D4A}.Ad-Hoc|x64.Build.0 = Debug|Any CPU
		{D212B090-4818-4C60-B7CB-6F6898095D4A}.Ad-Hoc|x64.Deploy.0 = Debug|Any CPU
		{D212B090-4818-4C60-B7CB-6F6898095D4A}.Ad-Hoc|x86.ActiveCfg = Debug|Any CPU
		{D212B090-4818-4C60-B7CB-6F6898095D4A}.Ad-Hoc|x86.Build.0 = Debug|Any CPU
		{D212B090-4818-4C60-B7CB-6F6898095D4A}.Ad-Hoc|x86.Deploy.0 = Debug|Any CPU
		{D212B090-4818-4C60-B7CB-6F6898095D4A}.AppStore|Any CPU.ActiveCfg = Debug|Any CPU
		{D212B090-4818-4C60-B7CB-6F6898095D4A}.AppStore|Any CPU.Build.0 = Debug|Any CPU
		{D212B090-4818-4C60-B7CB-6F6898095D4A}.AppStore|Any CPU.Deploy.0 = Debug|Any CPU
		{D212B090-4818-4C60-B7CB-6F6898095D4A}.AppStore|ARM.ActiveCfg = Debug|Any CPU
		{D212B090-4818-4C60-B7CB-6F6898095D4A}.AppStore|ARM.Build.0 = Debug|Any CPU
		{D212B090-4818-4C60-B7CB-6F6898095D4A}.AppStore|ARM.Deploy.0 = Debug|Any CPU
		{D212B090-4818-4C60-B7CB-6F6898095D4A}.AppStore|iPhone.ActiveCfg = Debug|Any CPU
		{D212B090-4818-4C60-B7CB-6F6898095D4A}.AppStore|iPhone.Build.0 = Debug|Any CPU
		{D212B090-4818-4C60-B7CB-6F6898095D4A}.AppStore|iPhone.Deploy.0 = Debug|Any CPU
		{D212B090-4818-4C60-B7CB-6F6898095D4A}.AppStore|iPhoneSimulator.ActiveCfg = Debug|Any CPU
		{D212B090-4818-4C60-B7CB-6F6898095D4A}.AppStore|iPhoneSimulator.Build.0 = Debug|Any CPU
		{D212B090-4818-4C60-B7CB-6F6898095D4A}.AppStore|iPhoneSimulator.Deploy.0 = Debug|Any CPU
		{D212B090-4818-4C60-B7CB-6F6898095D4A}.AppStore|x64.ActiveCfg = Debug|Any CPU
		{D212B090-4818-4C60-B7CB-6F6898095D4A}.AppStore|x64.Build.0 = Debug|Any CPU
		{D212B090-4818-4C60-B7CB-6F6898095D4A}.AppStore|x64.Deploy.0 = Debug|Any CPU
		{D212B090-4818-4C60-B7CB-6F6898095D4A}.AppStore|x86.ActiveCfg = Debug|Any CPU
		{D212B090-4818-4C60-B7CB-6F6898095D4A}.AppStore|x86.Build.0 = Debug|Any CPU
		{D212B090-4818-4C60-B7CB-6F6898095D4A}.AppStore|x86.Deploy.0 = Debug|Any CPU
		{D212B090-4818-4C60-B7CB-6F6898095D4A}.Debug|Any CPU.ActiveCfg = Debug|Any CPU
		{D212B090-4818-4C60-B7CB-6F6898095D4A}.Debug|Any CPU.Build.0 = Debug|Any CPU
		{D212B090-4818-4C60-B7CB-6F6898095D4A}.Debug|Any CPU.Deploy.0 = Debug|Any CPU
		{D212B090-4818-4C60-B7CB-6F6898095D4A}.Debug|ARM.ActiveCfg = Debug|Any CPU
		{D212B090-4818-4C60-B7CB-6F6898095D4A}.Debug|ARM.Build.0 = Debug|Any CPU
		{D212B090-4818-4C60-B7CB-6F6898095D4A}.Debug|ARM.Deploy.0 = Debug|Any CPU
		{D212B090-4818-4C60-B7CB-6F6898095D4A}.Debug|iPhone.ActiveCfg = Debug|Any CPU
		{D212B090-4818-4C60-B7CB-6F6898095D4A}.Debug|iPhone.Build.0 = Debug|Any CPU
		{D212B090-4818-4C60-B7CB-6F6898095D4A}.Debug|iPhone.Deploy.0 = Debug|Any CPU
		{D212B090-4818-4C60-B7CB-6F6898095D4A}.Debug|iPhoneSimulator.ActiveCfg = Debug|Any CPU
		{D212B090-4818-4C60-B7CB-6F6898095D4A}.Debug|iPhoneSimulator.Build.0 = Debug|Any CPU
		{D212B090-4818-4C60-B7CB-6F6898095D4A}.Debug|iPhoneSimulator.Deploy.0 = Debug|Any CPU
		{D212B090-4818-4C60-B7CB-6F6898095D4A}.Debug|x64.ActiveCfg = Debug|Any CPU
		{D212B090-4818-4C60-B7CB-6F6898095D4A}.Debug|x64.Build.0 = Debug|Any CPU
		{D212B090-4818-4C60-B7CB-6F6898095D4A}.Debug|x64.Deploy.0 = Debug|Any CPU
		{D212B090-4818-4C60-B7CB-6F6898095D4A}.Debug|x86.ActiveCfg = Debug|Any CPU
		{D212B090-4818-4C60-B7CB-6F6898095D4A}.Debug|x86.Build.0 = Debug|Any CPU
		{D212B090-4818-4C60-B7CB-6F6898095D4A}.Debug|x86.Deploy.0 = Debug|Any CPU
		{D212B090-4818-4C60-B7CB-6F6898095D4A}.Release|Any CPU.ActiveCfg = Release|Any CPU
		{D212B090-4818-4C60-B7CB-6F6898095D4A}.Release|Any CPU.Build.0 = Release|Any CPU
		{D212B090-4818-4C60-B7CB-6F6898095D4A}.Release|Any CPU.Deploy.0 = Release|Any CPU
		{D212B090-4818-4C60-B7CB-6F6898095D4A}.Release|ARM.ActiveCfg = Release|Any CPU
		{D212B090-4818-4C60-B7CB-6F6898095D4A}.Release|ARM.Build.0 = Release|Any CPU
		{D212B090-4818-4C60-B7CB-6F6898095D4A}.Release|ARM.Deploy.0 = Release|Any CPU
		{D212B090-4818-4C60-B7CB-6F6898095D4A}.Release|iPhone.ActiveCfg = Release|Any CPU
		{D212B090-4818-4C60-B7CB-6F6898095D4A}.Release|iPhone.Build.0 = Release|Any CPU
		{D212B090-4818-4C60-B7CB-6F6898095D4A}.Release|iPhone.Deploy.0 = Release|Any CPU
		{D212B090-4818-4C60-B7CB-6F6898095D4A}.Release|iPhoneSimulator.ActiveCfg = Release|Any CPU
		{D212B090-4818-4C60-B7CB-6F6898095D4A}.Release|iPhoneSimulator.Build.0 = Release|Any CPU
		{D212B090-4818-4C60-B7CB-6F6898095D4A}.Release|iPhoneSimulator.Deploy.0 = Release|Any CPU
		{D212B090-4818-4C60-B7CB-6F6898095D4A}.Release|x64.ActiveCfg = Release|Any CPU
		{D212B090-4818-4C60-B7CB-6F6898095D4A}.Release|x64.Build.0 = Release|Any CPU
		{D212B090-4818-4C60-B7CB-6F6898095D4A}.Release|x64.Deploy.0 = Release|Any CPU
		{D212B090-4818-4C60-B7CB-6F6898095D4A}.Release|x86.ActiveCfg = Release|Any CPU
		{D212B090-4818-4C60-B7CB-6F6898095D4A}.Release|x86.Build.0 = Release|Any CPU
		{D212B090-4818-4C60-B7CB-6F6898095D4A}.Release|x86.Deploy.0 = Release|Any CPU
	EndGlobalSection
	GlobalSection(SolutionProperties) = preSolution
		HideSolutionNode = FALSE
	EndGlobalSection
	GlobalSection(ExtensibilityGlobals) = postSolution
		SolutionGuid = {22E13A15-7251-43C6-A31B-EC15636C3201}
	EndGlobalSection
EndGlobal
