
Microsoft Visual Studio Solution File, Format Version 12.00
# Visual Studio 15
VisualStudioVersion = 15.0.27428.2037
MinimumVisualStudioVersion = 10.0.40219.1
Project("{FAE04EC0-301F-11D3-BF4B-00C04F79EFBC}") = "App01_ConsultarCEP.Android", "App01_ConsultarCEP\App01_ConsultarCEP.Android\App01_ConsultarCEP.Android.csproj", "{5A33F1F7-2196-418B-9E02-B82DF2D0FAF3}"
EndProject
Project("{FAE04EC0-301F-11D3-BF4B-00C04F79EFBC}") = "App01_ConsultarCEP.iOS", "App01_ConsultarCEP\App01_ConsultarCEP.iOS\App01_ConsultarCEP.iOS.csproj", "{4B68DD10-D18F-417B-969D-41043CCA5742}"
EndProject
Project("{FAE04EC0-301F-11D3-BF4B-00C04F79EFBC}") = "App01_ConsultarCEP.UWP", "App01_ConsultarCEP\App01_ConsultarCEP.UWP\App01_ConsultarCEP.UWP.csproj", "{99EF81F5-00E2-469C-9B81-E89876241D90}"
EndProject
Project("{FAE04EC0-301F-11D3-BF4B-00C04F79EFBC}") = "App01_ConsultarCEP", "App01_ConsultarCEP\App01_ConsultarCEP\App01_ConsultarCEP.csproj", "{940DB05E-1BBD-47B5-B001-53F6DFAC4A73}"
EndProject
Global
	GlobalSection(SolutionConfigurationPlatforms) = preSolution
		Ad-Hoc|Any CPU = Ad-Hoc|Any CPU
		Ad-Hoc|ARM = Ad-Hoc|ARM
		Ad-Hoc|iPhone = Ad-Hoc|iPhone
		Ad-Hoc|iPhoneSimulator = Ad-Hoc|iPhoneSimulator
		Ad-Hoc|x64 = Ad-Hoc|x64
		Ad-Hoc|x86 = Ad-Hoc|x86
		AppStore|Any CPU = AppStore|Any CPU
		AppStore|ARM = AppStore|ARM
		AppStore|iPhone = AppStore|iPhone
		AppStore|iPhoneSimulator = AppStore|iPhoneSimulator
		AppStore|x64 = AppStore|x64
		AppStore|x86 = AppStore|x86
		Debug|Any CPU = Debug|Any CPU
		Debug|ARM = Debug|ARM
		Debug|iPhone = Debug|iPhone
		Debug|iPhoneSimulator = Debug|iPhoneSimulator
		Debug|x64 = Debug|x64
		Debug|x86 = Debug|x86
		Release|Any CPU = Release|Any CPU
		Release|ARM = Release|ARM
		Release|iPhone = Release|iPhone
		Release|iPhoneSimulator = Release|iPhoneSimulator
		Release|x64 = Release|x64
		Release|x86 = Release|x86
	EndGlobalSection
	GlobalSection(ProjectConfigurationPlatforms) = postSolution
		{5A33F1F7-2196-418B-9E02-B82DF2D0FAF3}.Ad-Hoc|Any CPU.ActiveCfg = Release|Any CPU
		{5A33F1F7-2196-418B-9E02-B82DF2D0FAF3}.Ad-Hoc|Any CPU.Build.0 = Release|Any CPU
		{5A33F1F7-2196-418B-9E02-B82DF2D0FAF3}.Ad-Hoc|Any CPU.Deploy.0 = Release|Any CPU
		{5A33F1F7-2196-418B-9E02-B82DF2D0FAF3}.Ad-Hoc|ARM.ActiveCfg = Release|Any CPU
		{5A33F1F7-2196-418B-9E02-B82DF2D0FAF3}.Ad-Hoc|ARM.Build.0 = Release|Any CPU
		{5A33F1F7-2196-418B-9E02-B82DF2D0FAF3}.Ad-Hoc|ARM.Deploy.0 = Release|Any CPU
		{5A33F1F7-2196-418B-9E02-B82DF2D0FAF3}.Ad-Hoc|iPhone.ActiveCfg = Release|Any CPU
		{5A33F1F7-2196-418B-9E02-B82DF2D0FAF3}.Ad-Hoc|iPhone.Build.0 = Release|Any CPU
		{5A33F1F7-2196-418B-9E02-B82DF2D0FAF3}.Ad-Hoc|iPhone.Deploy.0 = Release|Any CPU
		{5A33F1F7-2196-418B-9E02-B82DF2D0FAF3}.Ad-Hoc|iPhoneSimulator.ActiveCfg = Release|Any CPU
		{5A33F1F7-2196-418B-9E02-B82DF2D0FAF3}.Ad-Hoc|iPhoneSimulator.Build.0 = Release|Any CPU
		{5A33F1F7-2196-418B-9E02-B82DF2D0FAF3}.Ad-Hoc|iPhoneSimulator.Deploy.0 = Release|Any CPU
		{5A33F1F7-2196-418B-9E02-B82DF2D0FAF3}.Ad-Hoc|x64.ActiveCfg = Release|Any CPU
		{5A33F1F7-2196-418B-9E02-B82DF2D0FAF3}.Ad-Hoc|x64.Build.0 = Release|Any CPU
		{5A33F1F7-2196-418B-9E02-B82DF2D0FAF3}.Ad-Hoc|x64.Deploy.0 = Release|Any CPU
		{5A33F1F7-2196-418B-9E02-B82DF2D0FAF3}.Ad-Hoc|x86.ActiveCfg = Release|Any CPU
		{5A33F1F7-2196-418B-9E02-B82DF2D0FAF3}.Ad-Hoc|x86.Build.0 = Release|Any CPU
		{5A33F1F7-2196-418B-9E02-B82DF2D0FAF3}.Ad-Hoc|x86.Deploy.0 = Release|Any CPU
		{5A33F1F7-2196-418B-9E02-B82DF2D0FAF3}.AppStore|Any CPU.ActiveCfg = Release|Any CPU
		{5A33F1F7-2196-418B-9E02-B82DF2D0FAF3}.AppStore|Any CPU.Build.0 = Release|Any CPU
		{5A33F1F7-2196-418B-9E02-B82DF2D0FAF3}.AppStore|Any CPU.Deploy.0 = Release|Any CPU
		{5A33F1F7-2196-418B-9E02-B82DF2D0FAF3}.AppStore|ARM.ActiveCfg = Release|Any CPU
		{5A33F1F7-2196-418B-9E02-B82DF2D0FAF3}.AppStore|ARM.Build.0 = Release|Any CPU
		{5A33F1F7-2196-418B-9E02-B82DF2D0FAF3}.AppStore|ARM.Deploy.0 = Release|Any CPU
		{5A33F1F7-2196-418B-9E02-B82DF2D0FAF3}.AppStore|iPhone.ActiveCfg = Release|Any CPU
		{5A33F1F7-2196-418B-9E02-B82DF2D0FAF3}.AppStore|iPhone.Build.0 = Release|Any CPU
		{5A33F1F7-2196-418B-9E02-B82DF2D0FAF3}.AppStore|iPhone.Deploy.0 = Release|Any CPU
		{5A33F1F7-2196-418B-9E02-B82DF2D0FAF3}.AppStore|iPhoneSimulator.ActiveCfg = Release|Any CPU
		{5A33F1F7-2196-418B-9E02-B82DF2D0FAF3}.AppStore|iPhoneSimulator.Build.0 = Release|Any CPU
		{5A33F1F7-2196-418B-9E02-B82DF2D0FAF3}.AppStore|iPhoneSimulator.Deploy.0 = Release|Any CPU
		{5A33F1F7-2196-418B-9E02-B82DF2D0FAF3}.AppStore|x64.ActiveCfg = Release|Any CPU
		{5A33F1F7-2196-418B-9E02-B82DF2D0FAF3}.AppStore|x64.Build.0 = Release|Any CPU
		{5A33F1F7-2196-418B-9E02-B82DF2D0FAF3}.AppStore|x64.Deploy.0 = Release|Any CPU
		{5A33F1F7-2196-418B-9E02-B82DF2D0FAF3}.AppStore|x86.ActiveCfg = Release|Any CPU
		{5A33F1F7-2196-418B-9E02-B82DF2D0FAF3}.AppStore|x86.Build.0 = Release|Any CPU
		{5A33F1F7-2196-418B-9E02-B82DF2D0FAF3}.AppStore|x86.Deploy.0 = Release|Any CPU
		{5A33F1F7-2196-418B-9E02-B82DF2D0FAF3}.Debug|Any CPU.ActiveCfg = Debug|Any CPU
		{5A33F1F7-2196-418B-9E02-B82DF2D0FAF3}.Debug|Any CPU.Build.0 = Debug|Any CPU
		{5A33F1F7-2196-418B-9E02-B82DF2D0FAF3}.Debug|Any CPU.Deploy.0 = Debug|Any CPU
		{5A33F1F7-2196-418B-9E02-B82DF2D0FAF3}.Debug|ARM.ActiveCfg = Debug|Any CPU
		{5A33F1F7-2196-418B-9E02-B82DF2D0FAF3}.Debug|ARM.Build.0 = Debug|Any CPU
		{5A33F1F7-2196-418B-9E02-B82DF2D0FAF3}.Debug|ARM.Deploy.0 = Debug|Any CPU
		{5A33F1F7-2196-418B-9E02-B82DF2D0FAF3}.Debug|iPhone.ActiveCfg = Debug|Any CPU
		{5A33F1F7-2196-418B-9E02-B82DF2D0FAF3}.Debug|iPhone.Build.0 = Debug|Any CPU
		{5A33F1F7-2196-418B-9E02-B82DF2D0FAF3}.Debug|iPhone.Deploy.0 = Debug|Any CPU
		{5A33F1F7-2196-418B-9E02-B82DF2D0FAF3}.Debug|iPhoneSimulator.ActiveCfg = Debug|Any CPU
		{5A33F1F7-2196-418B-9E02-B82DF2D0FAF3}.Debug|iPhoneSimulator.Build.0 = Debug|Any CPU
		{5A33F1F7-2196-418B-9E02-B82DF2D0FAF3}.Debug|iPhoneSimulator.Deploy.0 = Debug|Any CPU
		{5A33F1F7-2196-418B-9E02-B82DF2D0FAF3}.Debug|x64.ActiveCfg = Debug|Any CPU
		{5A33F1F7-2196-418B-9E02-B82DF2D0FAF3}.Debug|x64.Build.0 = Debug|Any CPU
		{5A33F1F7-2196-418B-9E02-B82DF2D0FAF3}.Debug|x64.Deploy.0 = Debug|Any CPU
		{5A33F1F7-2196-418B-9E02-B82DF2D0FAF3}.Debug|x86.ActiveCfg = Debug|Any CPU
		{5A33F1F7-2196-418B-9E02-B82DF2D0FAF3}.Debug|x86.Build.0 = Debug|Any CPU
		{5A33F1F7-2196-418B-9E02-B82DF2D0FAF3}.Debug|x86.Deploy.0 = Debug|Any CPU
		{5A33F1F7-2196-418B-9E02-B82DF2D0FAF3}.Release|Any CPU.ActiveCfg = Release|Any CPU
		{5A33F1F7-2196-418B-9E02-B82DF2D0FAF3}.Release|Any CPU.Build.0 = Release|Any CPU
		{5A33F1F7-2196-418B-9E02-B82DF2D0FAF3}.Release|Any CPU.Deploy.0 = Release|Any CPU
		{5A33F1F7-2196-418B-9E02-B82DF2D0FAF3}.Release|ARM.ActiveCfg = Release|Any CPU
		{5A33F1F7-2196-418B-9E02-B82DF2D0FAF3}.Release|ARM.Build.0 = Release|Any CPU
		{5A33F1F7-2196-418B-9E02-B82DF2D0FAF3}.Release|ARM.Deploy.0 = Release|Any CPU
		{5A33F1F7-2196-418B-9E02-B82DF2D0FAF3}.Release|iPhone.ActiveCfg = Release|Any CPU
		{5A33F1F7-2196-418B-9E02-B82DF2D0FAF3}.Release|iPhone.Build.0 = Release|Any CPU
		{5A33F1F7-2196-418B-9E02-B82DF2D0FAF3}.Release|iPhone.Deploy.0 = Release|Any CPU
		{5A33F1F7-2196-418B-9E02-B82DF2D0FAF3}.Release|iPhoneSimulator.ActiveCfg = Release|Any CPU
		{5A33F1F7-2196-418B-9E02-B82DF2D0FAF3}.Release|iPhoneSimulator.Build.0 = Release|Any CPU
		{5A33F1F7-2196-418B-9E02-B82DF2D0FAF3}.Release|iPhoneSimulator.Deploy.0 = Release|Any CPU
		{5A33F1F7-2196-418B-9E02-B82DF2D0FAF3}.Release|x64.ActiveCfg = Release|Any CPU
		{5A33F1F7-2196-418B-9E02-B82DF2D0FAF3}.Release|x64.Build.0 = Release|Any CPU
		{5A33F1F7-2196-418B-9E02-B82DF2D0FAF3}.Release|x64.Deploy.0 = Release|Any CPU
		{5A33F1F7-2196-418B-9E02-B82DF2D0FAF3}.Release|x86.ActiveCfg = Release|Any CPU
		{5A33F1F7-2196-418B-9E02-B82DF2D0FAF3}.Release|x86.Build.0 = Release|Any CPU
		{5A33F1F7-2196-418B-9E02-B82DF2D0FAF3}.Release|x86.Deploy.0 = Release|Any CPU
		{4B68DD10-D18F-417B-969D-41043CCA5742}.Ad-Hoc|Any CPU.ActiveCfg = Ad-Hoc|iPhone
		{4B68DD10-D18F-417B-969D-41043CCA5742}.Ad-Hoc|ARM.ActiveCfg = Ad-Hoc|iPhone
		{4B68DD10-D18F-417B-969D-41043CCA5742}.Ad-Hoc|iPhone.ActiveCfg = Ad-Hoc|iPhone
		{4B68DD10-D18F-417B-969D-41043CCA5742}.Ad-Hoc|iPhone.Build.0 = Ad-Hoc|iPhone
		{4B68DD10-D18F-417B-969D-41043CCA5742}.Ad-Hoc|iPhoneSimulator.ActiveCfg = Ad-Hoc|iPhoneSimulator
		{4B68DD10-D18F-417B-969D-41043CCA5742}.Ad-Hoc|iPhoneSimulator.Build.0 = Ad-Hoc|iPhoneSimulator
		{4B68DD10-D18F-417B-969D-41043CCA5742}.Ad-Hoc|x64.ActiveCfg = Ad-Hoc|iPhone
		{4B68DD10-D18F-417B-969D-41043CCA5742}.Ad-Hoc|x86.ActiveCfg = Ad-Hoc|iPhone
		{4B68DD10-D18F-417B-969D-41043CCA5742}.AppStore|Any CPU.ActiveCfg = AppStore|iPhone
		{4B68DD10-D18F-417B-969D-41043CCA5742}.AppStore|ARM.ActiveCfg = AppStore|iPhone
		{4B68DD10-D18F-417B-969D-41043CCA5742}.AppStore|iPhone.ActiveCfg = AppStore|iPhone
		{4B68DD10-D18F-417B-969D-41043CCA5742}.AppStore|iPhone.Build.0 = AppStore|iPhone
		{4B68DD10-D18F-417B-969D-41043CCA5742}.AppStore|iPhoneSimulator.ActiveCfg = AppStore|iPhoneSimulator
		{4B68DD10-D18F-417B-969D-41043CCA5742}.AppStore|iPhoneSimulator.Build.0 = AppStore|iPhoneSimulator
		{4B68DD10-D18F-417B-969D-41043CCA5742}.AppStore|x64.ActiveCfg = AppStore|iPhone
		{4B68DD10-D18F-417B-969D-41043CCA5742}.AppStore|x86.ActiveCfg = AppStore|iPhone
		{4B68DD10-D18F-417B-969D-41043CCA5742}.Debug|Any CPU.ActiveCfg = Debug|iPhone
		{4B68DD10-D18F-417B-969D-41043CCA5742}.Debug|ARM.ActiveCfg = Debug|iPhone
		{4B68DD10-D18F-417B-969D-41043CCA5742}.Debug|iPhone.ActiveCfg = Debug|iPhone
		{4B68DD10-D18F-417B-969D-41043CCA5742}.Debug|iPhone.Build.0 = Debug|iPhone
		{4B68DD10-D18F-417B-969D-41043CCA5742}.Debug|iPhoneSimulator.ActiveCfg = Debug|iPhoneSimulator
		{4B68DD10-D18F-417B-969D-41043CCA5742}.Debug|iPhoneSimulator.Build.0 = Debug|iPhoneSimulator
		{4B68DD10-D18F-417B-969D-41043CCA5742}.Debug|x64.ActiveCfg = Debug|iPhone
		{4B68DD10-D18F-417B-969D-41043CCA5742}.Debug|x86.ActiveCfg = Debug|iPhone
		{4B68DD10-D18F-417B-969D-41043CCA5742}.Release|Any CPU.ActiveCfg = Release|iPhone
		{4B68DD10-D18F-417B-969D-41043CCA5742}.Release|ARM.ActiveCfg = Release|iPhone
		{4B68DD10-D18F-417B-969D-41043CCA5742}.Release|iPhone.ActiveCfg = Release|iPhone
		{4B68DD10-D18F-417B-969D-41043CCA5742}.Release|iPhone.Build.0 = Release|iPhone
		{4B68DD10-D18F-417B-969D-41043CCA5742}.Release|iPhoneSimulator.ActiveCfg = Release|iPhoneSimulator
		{4B68DD10-D18F-417B-969D-41043CCA5742}.Release|iPhoneSimulator.Build.0 = Release|iPhoneSimulator
		{4B68DD10-D18F-417B-969D-41043CCA5742}.Release|x64.ActiveCfg = Release|iPhone
		{4B68DD10-D18F-417B-969D-41043CCA5742}.Release|x86.ActiveCfg = Release|iPhone
		{99EF81F5-00E2-469C-9B81-E89876241D90}.Ad-Hoc|Any CPU.ActiveCfg = Release|x86
		{99EF81F5-00E2-469C-9B81-E89876241D90}.Ad-Hoc|Any CPU.Build.0 = Release|x86
		{99EF81F5-00E2-469C-9B81-E89876241D90}.Ad-Hoc|Any CPU.Deploy.0 = Release|x86
		{99EF81F5-00E2-469C-9B81-E89876241D90}.Ad-Hoc|ARM.ActiveCfg = Release|ARM
		{99EF81F5-00E2-469C-9B81-E89876241D90}.Ad-Hoc|ARM.Build.0 = Release|ARM
		{99EF81F5-00E2-469C-9B81-E89876241D90}.Ad-Hoc|ARM.Deploy.0 = Release|ARM
		{99EF81F5-00E2-469C-9B81-E89876241D90}.Ad-Hoc|iPhone.ActiveCfg = Release|x86
		{99EF81F5-00E2-469C-9B81-E89876241D90}.Ad-Hoc|iPhone.Build.0 = Release|x86
		{99EF81F5-00E2-469C-9B81-E89876241D90}.Ad-Hoc|iPhone.Deploy.0 = Release|x86
		{99EF81F5-00E2-469C-9B81-E89876241D90}.Ad-Hoc|iPhoneSimulator.ActiveCfg = Release|x86
		{99EF81F5-00E2-469C-9B81-E89876241D90}.Ad-Hoc|iPhoneSimulator.Build.0 = Release|x86
		{99EF81F5-00E2-469C-9B81-E89876241D90}.Ad-Hoc|iPhoneSimulator.Deploy.0 = Release|x86
		{99EF81F5-00E2-469C-9B81-E89876241D90}.Ad-Hoc|x64.ActiveCfg = Release|x64
		{99EF81F5-00E2-469C-9B81-E89876241D90}.Ad-Hoc|x64.Build.0 = Release|x64
		{99EF81F5-00E2-469C-9B81-E89876241D90}.Ad-Hoc|x64.Deploy.0 = Release|x64
		{99EF81F5-00E2-469C-9B81-E89876241D90}.Ad-Hoc|x86.ActiveCfg = Release|x86
		{99EF81F5-00E2-469C-9B81-E89876241D90}.Ad-Hoc|x86.Build.0 = Release|x86
		{99EF81F5-00E2-469C-9B81-E89876241D90}.Ad-Hoc|x86.Deploy.0 = Release|x86
		{99EF81F5-00E2-469C-9B81-E89876241D90}.AppStore|Any CPU.ActiveCfg = Release|x86
		{99EF81F5-00E2-469C-9B81-E89876241D90}.AppStore|Any CPU.Build.0 = Release|x86
		{99EF81F5-00E2-469C-9B81-E89876241D90}.AppStore|Any CPU.Deploy.0 = Release|x86
		{99EF81F5-00E2-469C-9B81-E89876241D90}.AppStore|ARM.ActiveCfg = Release|ARM
		{99EF81F5-00E2-469C-9B81-E89876241D90}.AppStore|ARM.Build.0 = Release|ARM
		{99EF81F5-00E2-469C-9B81-E89876241D90}.AppStore|ARM.Deploy.0 = Release|ARM
		{99EF81F5-00E2-469C-9B81-E89876241D90}.AppStore|iPhone.ActiveCfg = Release|x86
		{99EF81F5-00E2-469C-9B81-E89876241D90}.AppStore|iPhone.Build.0 = Release|x86
		{99EF81F5-00E2-469C-9B81-E89876241D90}.AppStore|iPhone.Deploy.0 = Release|x86
		{99EF81F5-00E2-469C-9B81-E89876241D90}.AppStore|iPhoneSimulator.ActiveCfg = Release|x86
		{99EF81F5-00E2-469C-9B81-E89876241D90}.AppStore|iPhoneSimulator.Build.0 = Release|x86
		{99EF81F5-00E2-469C-9B81-E89876241D90}.AppStore|iPhoneSimulator.Deploy.0 = Release|x86
		{99EF81F5-00E2-469C-9B81-E89876241D90}.AppStore|x64.ActiveCfg = Release|x64
		{99EF81F5-00E2-469C-9B81-E89876241D90}.AppStore|x64.Build.0 = Release|x64
		{99EF81F5-00E2-469C-9B81-E89876241D90}.AppStore|x64.Deploy.0 = Release|x64
		{99EF81F5-00E2-469C-9B81-E89876241D90}.AppStore|x86.ActiveCfg = Release|x86
		{99EF81F5-00E2-469C-9B81-E89876241D90}.AppStore|x86.Build.0 = Release|x86
		{99EF81F5-00E2-469C-9B81-E89876241D90}.AppStore|x86.Deploy.0 = Release|x86
		{99EF81F5-00E2-469C-9B81-E89876241D90}.Debug|Any CPU.ActiveCfg = Debug|x86
		{99EF81F5-00E2-469C-9B81-E89876241D90}.Debug|ARM.ActiveCfg = Debug|ARM
		{99EF81F5-00E2-469C-9B81-E89876241D90}.Debug|ARM.Build.0 = Debug|ARM
		{99EF81F5-00E2-469C-9B81-E89876241D90}.Debug|ARM.Deploy.0 = Debug|ARM
		{99EF81F5-00E2-469C-9B81-E89876241D90}.Debug|iPhone.ActiveCfg = Debug|x86
		{99EF81F5-00E2-469C-9B81-E89876241D90}.Debug|iPhoneSimulator.ActiveCfg = Debug|x86
		{99EF81F5-00E2-469C-9B81-E89876241D90}.Debug|x64.ActiveCfg = Debug|x64
		{99EF81F5-00E2-469C-9B81-E89876241D90}.Debug|x64.Build.0 = Debug|x64
		{99EF81F5-00E2-469C-9B81-E89876241D90}.Debug|x64.Deploy.0 = Debug|x64
		{99EF81F5-00E2-469C-9B81-E89876241D90}.Debug|x86.ActiveCfg = Debug|x86
		{99EF81F5-00E2-469C-9B81-E89876241D90}.Debug|x86.Build.0 = Debug|x86
		{99EF81F5-00E2-469C-9B81-E89876241D90}.Debug|x86.Deploy.0 = Debug|x86
		{99EF81F5-00E2-469C-9B81-E89876241D90}.Release|Any CPU.ActiveCfg = Release|x86
		{99EF81F5-00E2-469C-9B81-E89876241D90}.Release|ARM.ActiveCfg = Release|ARM
		{99EF81F5-00E2-469C-9B81-E89876241D90}.Release|ARM.Build.0 = Release|ARM
		{99EF81F5-00E2-469C-9B81-E89876241D90}.Release|ARM.Deploy.0 = Release|ARM
		{99EF81F5-00E2-469C-9B81-E89876241D90}.Release|iPhone.ActiveCfg = Release|x86
		{99EF81F5-00E2-469C-9B81-E89876241D90}.Release|iPhoneSimulator.ActiveCfg = Release|x86
		{99EF81F5-00E2-469C-9B81-E89876241D90}.Release|x64.ActiveCfg = Release|x64
		{99EF81F5-00E2-469C-9B81-E89876241D90}.Release|x64.Build.0 = Release|x64
		{99EF81F5-00E2-469C-9B81-E89876241D90}.Release|x64.Deploy.0 = Release|x64
		{99EF81F5-00E2-469C-9B81-E89876241D90}.Release|x86.ActiveCfg = Release|x86
		{99EF81F5-00E2-469C-9B81-E89876241D90}.Release|x86.Build.0 = Release|x86
		{99EF81F5-00E2-469C-9B81-E89876241D90}.Release|x86.Deploy.0 = Release|x86
		{940DB05E-1BBD-47B5-B001-53F6DFAC4A73}.Ad-Hoc|Any CPU.ActiveCfg = Debug|Any CPU
		{940DB05E-1BBD-47B5-B001-53F6DFAC4A73}.Ad-Hoc|Any CPU.Build.0 = Debug|Any CPU
		{940DB05E-1BBD-47B5-B001-53F6DFAC4A73}.Ad-Hoc|ARM.ActiveCfg = Debug|Any CPU
		{940DB05E-1BBD-47B5-B001-53F6DFAC4A73}.Ad-Hoc|ARM.Build.0 = Debug|Any CPU
		{940DB05E-1BBD-47B5-B001-53F6DFAC4A73}.Ad-Hoc|iPhone.ActiveCfg = Debug|Any CPU
		{940DB05E-1BBD-47B5-B001-53F6DFAC4A73}.Ad-Hoc|iPhone.Build.0 = Debug|Any CPU
		{940DB05E-1BBD-47B5-B001-53F6DFAC4A73}.Ad-Hoc|iPhoneSimulator.ActiveCfg = Debug|Any CPU
		{940DB05E-1BBD-47B5-B001-53F6DFAC4A73}.Ad-Hoc|iPhoneSimulator.Build.0 = Debug|Any CPU
		{940DB05E-1BBD-47B5-B001-53F6DFAC4A73}.Ad-Hoc|x64.ActiveCfg = Debug|Any CPU
		{940DB05E-1BBD-47B5-B001-53F6DFAC4A73}.Ad-Hoc|x64.Build.0 = Debug|Any CPU
		{940DB05E-1BBD-47B5-B001-53F6DFAC4A73}.Ad-Hoc|x86.ActiveCfg = Debug|Any CPU
		{940DB05E-1BBD-47B5-B001-53F6DFAC4A73}.Ad-Hoc|x86.Build.0 = Debug|Any CPU
		{940DB05E-1BBD-47B5-B001-53F6DFAC4A73}.AppStore|Any CPU.ActiveCfg = Debug|Any CPU
		{940DB05E-1BBD-47B5-B001-53F6DFAC4A73}.AppStore|Any CPU.Build.0 = Debug|Any CPU
		{940DB05E-1BBD-47B5-B001-53F6DFAC4A73}.AppStore|ARM.ActiveCfg = Debug|Any CPU
		{940DB05E-1BBD-47B5-B001-53F6DFAC4A73}.AppStore|ARM.Build.0 = Debug|Any CPU
		{940DB05E-1BBD-47B5-B001-53F6DFAC4A73}.AppStore|iPhone.ActiveCfg = Debug|Any CPU
		{940DB05E-1BBD-47B5-B001-53F6DFAC4A73}.AppStore|iPhone.Build.0 = Debug|Any CPU
		{940DB05E-1BBD-47B5-B001-53F6DFAC4A73}.AppStore|iPhoneSimulator.ActiveCfg = Debug|Any CPU
		{940DB05E-1BBD-47B5-B001-53F6DFAC4A73}.AppStore|iPhoneSimulator.Build.0 = Debug|Any CPU
		{940DB05E-1BBD-47B5-B001-53F6DFAC4A73}.AppStore|x64.ActiveCfg = Debug|Any CPU
		{940DB05E-1BBD-47B5-B001-53F6DFAC4A73}.AppStore|x64.Build.0 = Debug|Any CPU
		{940DB05E-1BBD-47B5-B001-53F6DFAC4A73}.AppStore|x86.ActiveCfg = Debug|Any CPU
		{940DB05E-1BBD-47B5-B001-53F6DFAC4A73}.AppStore|x86.Build.0 = Debug|Any CPU
		{940DB05E-1BBD-47B5-B001-53F6DFAC4A73}.Debug|Any CPU.ActiveCfg = Debug|Any CPU
		{940DB05E-1BBD-47B5-B001-53F6DFAC4A73}.Debug|Any CPU.Build.0 = Debug|Any CPU
		{940DB05E-1BBD-47B5-B001-53F6DFAC4A73}.Debug|ARM.ActiveCfg = Debug|Any CPU
		{940DB05E-1BBD-47B5-B001-53F6DFAC4A73}.Debug|ARM.Build.0 = Debug|Any CPU
		{940DB05E-1BBD-47B5-B001-53F6DFAC4A73}.Debug|iPhone.ActiveCfg = Debug|Any CPU
		{940DB05E-1BBD-47B5-B001-53F6DFAC4A73}.Debug|iPhone.Build.0 = Debug|Any CPU
		{940DB05E-1BBD-47B5-B001-53F6DFAC4A73}.Debug|iPhoneSimulator.ActiveCfg = Debug|Any CPU
		{940DB05E-1BBD-47B5-B001-53F6DFAC4A73}.Debug|iPhoneSimulator.Build.0 = Debug|Any CPU
		{940DB05E-1BBD-47B5-B001-53F6DFAC4A73}.Debug|x64.ActiveCfg = Debug|Any CPU
		{940DB05E-1BBD-47B5-B001-53F6DFAC4A73}.Debug|x64.Build.0 = Debug|Any CPU
		{940DB05E-1BBD-47B5-B001-53F6DFAC4A73}.Debug|x86.ActiveCfg = Debug|Any CPU
		{940DB05E-1BBD-47B5-B001-53F6DFAC4A73}.Debug|x86.Build.0 = Debug|Any CPU
		{940DB05E-1BBD-47B5-B001-53F6DFAC4A73}.Release|Any CPU.ActiveCfg = Release|Any CPU
		{940DB05E-1BBD-47B5-B001-53F6DFAC4A73}.Release|Any CPU.Build.0 = Release|Any CPU
		{940DB05E-1BBD-47B5-B001-53F6DFAC4A73}.Release|ARM.ActiveCfg = Release|Any CPU
		{940DB05E-1BBD-47B5-B001-53F6DFAC4A73}.Release|ARM.Build.0 = Release|Any CPU
		{940DB05E-1BBD-47B5-B001-53F6DFAC4A73}.Release|iPhone.ActiveCfg = Release|Any CPU
		{940DB05E-1BBD-47B5-B001-53F6DFAC4A73}.Release|iPhone.Build.0 = Release|Any CPU
		{940DB05E-1BBD-47B5-B001-53F6DFAC4A73}.Release|iPhoneSimulator.ActiveCfg = Release|Any CPU
		{940DB05E-1BBD-47B5-B001-53F6DFAC4A73}.Release|iPhoneSimulator.Build.0 = Release|Any CPU
		{940DB05E-1BBD-47B5-B001-53F6DFAC4A73}.Release|x64.ActiveCfg = Release|Any CPU
		{940DB05E-1BBD-47B5-B001-53F6DFAC4A73}.Release|x64.Build.0 = Release|Any CPU
		{940DB05E-1BBD-47B5-B001-53F6DFAC4A73}.Release|x86.ActiveCfg = Release|Any CPU
		{940DB05E-1BBD-47B5-B001-53F6DFAC4A73}.Release|x86.Build.0 = Release|Any CPU
	EndGlobalSection
	GlobalSection(SolutionProperties) = preSolution
		HideSolutionNode = FALSE
	EndGlobalSection
	GlobalSection(ExtensibilityGlobals) = postSolution
		SolutionGuid = {4AC7EC25-4D8F-4934-8D7C-146C8558D6C4}
	EndGlobalSection
EndGlobal
